{"SurveyEntry":{"SurveyID":"SV_3gdjpSO0DoJ9LNj","SurveyName":"Overreaction Experiment 3 - Daniel","SurveyDescription":null,"SurveyOwnerID":"UR_0NEA50PNgPCnUWx","SurveyBrandID":"rutgers","DivisionID":"DV_6o1ZZaGGJccqalD","SurveyLanguage":"EN","SurveyActiveResponseSet":"RS_ebKNzfDxflXkFM1","SurveyStatus":"Active","SurveyStartDate":"0000-00-00 00:00:00","SurveyExpirationDate":"0000-00-00 00:00:00","SurveyCreationDate":"2020-11-24 09:58:52","CreatorID":"UR_0NEA50PNgPCnUWx","LastModified":"2021-01-14 12:15:14","LastAccessed":"0000-00-00 00:00:00","LastActivated":"2020-12-01 09:19:43","Deleted":null},"SurveyElements":[{"SurveyID":"SV_3gdjpSO0DoJ9LNj","Element":"BL","PrimaryAttribute":"Survey Blocks","SecondaryAttribute":null,"TertiaryAttribute":null,"Payload":[{"Type":"Default","Description":"Consent","ID":"BL_06cbpRDL4pLvLIV","BlockElements":[{"Type":"Question","QuestionID":"QID1"}]},{"Type":"Trash","Description":"Trash \/ Unused Questions","ID":"BL_bKM8B50pbCrFSlv","BlockElements":[{"Type":"Question","QuestionID":"QID10"},{"Type":"Question","QuestionID":"QID12"},{"Type":"Question","QuestionID":"QID14"}]},{"Type":"Standard","SubType":"","Description":"Instructions","ID":"BL_7TL6t4FHr6a9prL","BlockElements":[{"Type":"Question","QuestionID":"QID2"}]},{"Type":"Standard","SubType":"","Description":"Dam part 1","ID":"BL_3mTHwp4GP88Bfrn","BlockElements":[{"Type":"Question","QuestionID":"QID31"},{"Type":"Question","QuestionID":"QID32"},{"Type":"Question","QuestionID":"QID3"},{"Type":"Question","QuestionID":"QID4"},{"Type":"Question","QuestionID":"QID5"}]},{"Type":"Standard","SubType":"","Description":"Dam part 2","ID":"BL_4NhC1wjAGYeDuwl","BlockElements":[{"Type":"Question","QuestionID":"QID6"},{"Type":"Question","QuestionID":"QID8"},{"Type":"Question","QuestionID":"QID7"},{"Type":"Question","QuestionID":"QID9"},{"Type":"Question","QuestionID":"QID11"}]},{"Type":"Standard","SubType":"","Description":"DamCompCheck","ID":"BL_e4KhmRsiy4F2DMV","BlockElements":[{"Type":"Question","QuestionID":"QID13"},{"Type":"Question","QuestionID":"QID15"},{"Type":"Question","QuestionID":"QID33"}]},{"Type":"Standard","SubType":"","Description":"FirePre","ID":"BL_3ypzoFEqlx0JkZD","BlockElements":[{"Type":"Question","QuestionID":"QID16"},{"Type":"Question","QuestionID":"QID17"},{"Type":"Question","QuestionID":"QID34"},{"Type":"Question","QuestionID":"QID35"},{"Type":"Question","QuestionID":"QID18"}]},{"Type":"Standard","SubType":"","Description":"FirePost","ID":"BL_3qPC1QfSe2NZT6Z","BlockElements":[{"Type":"Question","QuestionID":"QID20"},{"Type":"Question","QuestionID":"QID22"},{"Type":"Question","QuestionID":"QID21"},{"Type":"Question","QuestionID":"QID23"},{"Type":"Question","QuestionID":"QID19"}]},{"Type":"Standard","SubType":"","Description":"FireCheck","ID":"BL_8BN08FjfdIHSJ49","BlockElements":[{"Type":"Question","QuestionID":"QID24"},{"Type":"Question","QuestionID":"QID25"},{"Type":"Question","QuestionID":"QID26"}]},{"Type":"Standard","SubType":"","Description":"Demographics","ID":"BL_6MB0q59NWgN64ct","BlockElements":[{"Type":"Question","QuestionID":"QID29"},{"Type":"Question","QuestionID":"QID28"},{"Type":"Question","QuestionID":"QID30"},{"Type":"Question","QuestionID":"QID27"}]}]},{"SurveyID":"SV_3gdjpSO0DoJ9LNj","Element":"FL","PrimaryAttribute":"Survey Flow","SecondaryAttribute":null,"TertiaryAttribute":null,"Payload":{"Type":"Root","FlowID":"FL_1","Flow":[{"Type":"Block","ID":"BL_06cbpRDL4pLvLIV","FlowID":"FL_2","Autofill":[]},{"Type":"Branch","FlowID":"FL_26","Description":"New Branch","BranchLogic":{"0":{"0":{"LogicType":"Question","QuestionID":"QID1","QuestionIsInLoop":"no","ChoiceLocator":"q:\/\/QID1\/SelectableChoice\/1","Operator":"NotSelected","QuestionIDFromLocator":"QID1","LeftOperand":"q:\/\/QID1\/SelectableChoice\/1","Type":"Expression","Description":"<span class=\"ConjDesc\">If<\/span> <span class=\"QuestionDesc\">TITLE OF STUDY: Learning, Perception, and Belief Revision in Infants, Children, and AdultsPrincip...<\/span> <span class=\"LeftOpDesc\">&lt;strong&gt;I consent to participate in this study&lt;\/strong&gt;<\/span> <span class=\"OpDesc\">Is Not Selected<\/span> "},"Type":"If"},"Type":"BooleanExpression"},"Flow":[{"Type":"EndSurvey","FlowID":"FL_27","EndingType":"Advanced","Options":{"Advanced":"true","CountQuotas":"No"}}]},{"Type":"Standard","ID":"BL_7TL6t4FHr6a9prL","FlowID":"FL_3","Autofill":[]},{"Type":"EmbeddedData","FlowID":"FL_25","EmbeddedData":[{"Description":"PROLIFIC_PID","Type":"Recipient","Field":"PROLIFIC_PID","VariableType":"String","DataVisibility":[],"AnalyzeText":false},{"Description":"SESSION_ID","Type":"Recipient","Field":"SESSION_ID","VariableType":"String","DataVisibility":[],"AnalyzeText":false}]},{"Type":"BlockRandomizer","FlowID":"FL_7","SubSet":"1","EvenPresentation":true,"Flow":[{"Type":"EmbeddedData","FlowID":"FL_11","EmbeddedData":[{"Description":"Cond","Type":"Custom","Field":"Cond","VariableType":"String","DataVisibility":[],"AnalyzeText":false,"Value":"LGP"}]},{"Type":"EmbeddedData","FlowID":"FL_28","EmbeddedData":[{"Description":"Cond","Type":"Custom","Field":"Cond","VariableType":"String","DataVisibility":[],"AnalyzeText":false,"Value":"LBP"}]},{"Type":"EmbeddedData","FlowID":"FL_29","EmbeddedData":[{"Description":"Cond","Type":"Custom","Field":"Cond","VariableType":"String","DataVisibility":[],"AnalyzeText":false,"Value":"HGP"}]},{"Type":"EmbeddedData","FlowID":"FL_30","EmbeddedData":[{"Description":"Cond","Type":"Custom","Field":"Cond","VariableType":"String","DataVisibility":[],"AnalyzeText":false,"Value":"HBP"}]},{"Type":"EmbeddedData","FlowID":"FL_31","EmbeddedData":[{"Description":"Cond","Type":"Custom","Field":"Cond","VariableType":"String","DataVisibility":[],"AnalyzeText":false,"Value":"LGM"}]},{"Type":"EmbeddedData","FlowID":"FL_32","EmbeddedData":[{"Description":"Cond","Type":"Custom","Field":"Cond","VariableType":"String","DataVisibility":[],"AnalyzeText":false,"Value":"LBM"}]},{"Type":"EmbeddedData","FlowID":"FL_33","EmbeddedData":[{"Description":"Cond","Type":"Custom","Field":"Cond","VariableType":"String","DataVisibility":[],"AnalyzeText":false,"Value":"HGM"}]},{"Type":"EmbeddedData","FlowID":"FL_34","EmbeddedData":[{"Description":"Cond","Type":"Custom","Field":"Cond","VariableType":"String","DataVisibility":[],"AnalyzeText":false,"Value":"HBM"}]}]},{"Type":"BlockRandomizer","FlowID":"FL_16","SubSet":2,"Flow":[{"Type":"Group","FlowID":"FL_17","Description":"Dam","Flow":[{"Type":"Standard","ID":"BL_3mTHwp4GP88Bfrn","FlowID":"FL_4","Autofill":[]},{"Type":"Standard","ID":"BL_4NhC1wjAGYeDuwl","FlowID":"FL_5","Autofill":[]},{"Type":"Standard","ID":"BL_e4KhmRsiy4F2DMV","FlowID":"FL_18","Autofill":[]}]},{"Type":"Group","FlowID":"FL_23","Description":"Fire","Flow":[{"Type":"Standard","ID":"BL_3ypzoFEqlx0JkZD","FlowID":"FL_19","Autofill":[]},{"Type":"Standard","ID":"BL_3qPC1QfSe2NZT6Z","FlowID":"FL_20","Autofill":[]},{"Type":"Standard","ID":"BL_8BN08FjfdIHSJ49","FlowID":"FL_21","Autofill":[]}]}]},{"Type":"Standard","ID":"BL_6MB0q59NWgN64ct","FlowID":"FL_22","Autofill":[]}],"Properties":{"Count":34,"RemovedFieldsets":[]}}},{"SurveyID":"SV_3gdjpSO0DoJ9LNj","Element":"RS","PrimaryAttribute":"RS_ebKNzfDxflXkFM1","SecondaryAttribute":null,"TertiaryAttribute":null,"Payload":null},{"SurveyID":"SV_3gdjpSO0DoJ9LNj","Element":"SO","PrimaryAttribute":"Survey Options","SecondaryAttribute":null,"TertiaryAttribute":null,"Payload":{"BackButton":"false","SaveAndContinue":"false","SurveyProtection":"PublicSurvey","BallotBoxStuffingPrevention":"false","NoIndex":"Yes","SecureResponseFiles":"true","SurveyExpiration":null,"SurveyTermination":"Redirect","Header":"","Footer":"","ProgressBarDisplay":"None","PartialData":"+1 week","ValidationMessage":null,"PreviousButton":" \u2190 ","NextButton":" \u2192 ","SurveyTitle":"Online Survey Software | Qualtrics Survey Solutions","SkinLibrary":"rutgers","SkinType":"MQ","Skin":"rutgers4","NewScoring":1,"ProtectSelectionIds":true,"EOSMessage":"","ShowExportTags":"false","CollectGeoLocation":"false","SurveyMetaDescription":"The most powerful, simple and trusted way to gather experience data. Start your journey to experience management and try a free account today.","PasswordProtection":"No","AnonymizeResponse":"No","Password":"","RefererCheck":"No","RefererURL":"http:\/\/","BallotBoxStuffingPreventionBehavior":null,"BallotBoxStuffingPreventionMessage":null,"BallotBoxStuffingPreventionMessageLibrary":null,"BallotBoxStuffingPreventionURL":null,"RecaptchaV3":"false","ConfirmStart":false,"AutoConfirmStart":false,"UseCustomSurveyLinkCompletedMessage":null,"SurveyLinkCompletedMessage":"","SurveyLinkCompletedMessageLibrary":"","ResponseSummary":"No","EOSMessageLibrary":"","EOSRedirectURL":"https:\/\/app.prolific.co\/submissions\/complete?cc=302C852B","EmailThankYou":"false","ThankYouEmailMessageLibrary":null,"ThankYouEmailMessage":null,"ValidateMessage":"false","ValidationMessageLibrary":null,"InactiveSurvey":"DefaultMessage","PartialDataCloseAfter":"LastActivity","ActiveResponseSet":null,"InactiveMessageLibrary":"","InactiveMessage":"","AvailableLanguages":{"EN":[]},"SurveyName":"Overreaction Experiment 3 - Daniel","PartialDeletion":null}},{"SurveyID":"SV_3gdjpSO0DoJ9LNj","Element":"SCO","PrimaryAttribute":"Scoring","SecondaryAttribute":null,"TertiaryAttribute":null,"Payload":{"ScoringCategories":[],"ScoringCategoryGroups":[],"ScoringSummaryCategory":null,"ScoringSummaryAfterQuestions":0,"ScoringSummaryAfterSurvey":0,"DefaultScoringCategory":null,"AutoScoringCategory":null}},{"SurveyID":"SV_3gdjpSO0DoJ9LNj","Element":"PROJ","PrimaryAttribute":"CORE","SecondaryAttribute":null,"TertiaryAttribute":"1.1.0","Payload":{"ProjectCategory":"CORE","SchemaVersion":"1.1.0"}},{"SurveyID":"SV_3gdjpSO0DoJ9LNj","Element":"STAT","PrimaryAttribute":"Survey Statistics","SecondaryAttribute":null,"TertiaryAttribute":null,"Payload":{"MobileCompatible":true,"ID":"Survey Statistics"}},{"SurveyID":"SV_3gdjpSO0DoJ9LNj","Element":"QC","PrimaryAttribute":"Survey Question Count","SecondaryAttribute":"35","TertiaryAttribute":null,"Payload":null},{"SurveyID":"SV_3gdjpSO0DoJ9LNj","Element":"SQ","PrimaryAttribute":"QID28","SecondaryAttribute":"Age","TertiaryAttribute":null,"Payload":{"QuestionText":"Age","DefaultChoices":false,"DataExportTag":"age","QuestionType":"TE","Selector":"SL","Configuration":{"QuestionDescriptionOption":"UseText"},"QuestionDescription":"Age","Validation":{"Settings":{"ForceResponse":"OFF","ForceResponseType":"ON","Type":"None"}},"GradingData":[],"Language":[],"NextChoiceId":4,"NextAnswerId":1,"SearchSource":{"AllowFreeResponse":"false"},"QuestionID":"QID28"}},{"SurveyID":"SV_3gdjpSO0DoJ9LNj","Element":"SQ","PrimaryAttribute":"QID10","SecondaryAttribute":"Click to write the question text","TertiaryAttribute":null,"Payload":{"QuestionText":"Click to write the question text","DataExportTag":"Q10","QuestionType":"MC","Selector":"SAVR","SubSelector":"TX","Configuration":{"QuestionDescriptionOption":"UseText"},"QuestionDescription":"Click to write the question text","Choices":{"1":{"Display":"Click to write Choice 1"},"2":{"Display":"Click to write Choice 2"},"3":{"Display":"Click to write Choice 3"}},"ChoiceOrder":["1","2","3"],"Validation":{"Settings":{"ForceResponse":"OFF","ForceResponseType":"ON","Type":"None"}},"Language":[],"NextChoiceId":4,"NextAnswerId":1,"QuestionID":"QID10"}},{"SurveyID":"SV_3gdjpSO0DoJ9LNj","Element":"SQ","PrimaryAttribute":"QID30","SecondaryAttribute":"Gender identity","TertiaryAttribute":null,"Payload":{"QuestionText":"Gender identity","DataExportTag":"gender","QuestionType":"MC","Selector":"SAVR","SubSelector":"TX","Configuration":{"QuestionDescriptionOption":"UseText","Autoscale":{"YScale":{"Name":"maleFemale","Type":"likert","Reverse":false}}},"QuestionDescription":"Gender identity","Choices":{"1":{"Display":"Male"},"2":{"Display":"Female"},"3":{"Display":"Nonbinary"},"4":{"Display":"Self-identified\/other"}},"ChoiceOrder":[1,2,3,4],"Validation":{"Settings":{"ForceResponse":"OFF","ForceResponseType":"ON","Type":"None"}},"Language":[],"NextChoiceId":5,"NextAnswerId":1,"QuestionID":"QID30"}},{"SurveyID":"SV_3gdjpSO0DoJ9LNj","Element":"SQ","PrimaryAttribute":"QID27","SecondaryAttribute":"I would identify my race\/ ethnicity as (check all that apply):","TertiaryAttribute":null,"Payload":{"QuestionText":"I would identify my race\/ ethnicity as (check all that apply):","DataExportTag":"race\/eth","QuestionType":"MC","Selector":"MAVR","SubSelector":"TX","DataVisibility":{"Private":false,"Hidden":false},"Configuration":{"QuestionDescriptionOption":"UseText"},"QuestionDescription":"I would identify my race\/ ethnicity as (check all that apply):","Choices":{"1":{"Display":"American Indian\/ Alaska Native"},"2":{"Display":"Asian\/ Pacific Islander"},"3":{"Display":"Black\/ African American"},"4":{"Display":"South Asian\/ Indian"},"5":{"Display":"White, not of Hispanic origin"},"6":{"Display":"Hispanic"},"7":{"Display":"Other (please specify)","TextEntry":"true"}},"ChoiceOrder":[1,2,3,4,5,6,7],"Validation":{"Settings":{"ForceResponse":"OFF","ForceResponseType":"ON","Type":"None"}},"Language":[],"NextChoiceId":8,"NextAnswerId":1,"QuestionID":"QID27"}},{"SurveyID":"SV_3gdjpSO0DoJ9LNj","Element":"SQ","PrimaryAttribute":"QID7","SecondaryAttribute":"Not long after the earthworks project finished, there was a historic rainstorm, which filled the...","TertiaryAttribute":null,"Payload":{"QuestionText":"<p>Not long after the earthworks project finished, there was a historic rainstorm, which filled the reservoir to its absolute brim. The dam failed, but the water was redirected away from the town and while there was a little damage to the town, nobody died.<\/p>","DefaultChoices":false,"DataExportTag":"DGM","QuestionType":"DB","Selector":"TB","Configuration":{"QuestionDescriptionOption":"UseText"},"QuestionDescription":"Not long after the earthworks project finished, there was a historic rainstorm, which filled the...","ChoiceOrder":[],"Validation":{"Settings":{"Type":"None"}},"GradingData":[],"Language":[],"NextChoiceId":4,"NextAnswerId":1,"QuestionID":"QID7","DataVisibility":{"Private":false,"Hidden":false},"DisplayLogic":{"0":{"0":{"LogicType":"EmbeddedField","LeftOperand":"Cond","Operator":"MatchesRegex","RightOperand":".GM","Type":"Expression","Description":"<span class=\"ConjDesc\">If<\/span>  <span class=\"LeftOpDesc\">Cond<\/span> <span class=\"OpDesc\">Matches Regex<\/span> <span class=\"RightOpDesc\"> .GM <\/span>"},"Type":"If"},"Type":"BooleanExpression","inPage":false}}},{"SurveyID":"SV_3gdjpSO0DoJ9LNj","Element":"SQ","PrimaryAttribute":"QID9","SecondaryAttribute":"Not long after the earthworks project finished, there was a historic rainstorm, which filled the...","TertiaryAttribute":null,"Payload":{"QuestionText":"<p>Not long after the earthworks project finished, there was a historic rainstorm, which filled the reservoir to its absolute brim. The dam failed, and the earthworks failed to redirect most of the water, so the flood killed dozens and wiped out most of the town.<\/p>","DefaultChoices":false,"DataExportTag":"DBM","QuestionType":"DB","Selector":"TB","Configuration":{"QuestionDescriptionOption":"UseText"},"QuestionDescription":"Not long after the earthworks project finished, there was a historic rainstorm, which filled the...","ChoiceOrder":[],"Validation":{"Settings":{"Type":"None"}},"GradingData":[],"Language":[],"NextChoiceId":4,"NextAnswerId":1,"QuestionID":"QID9","DataVisibility":{"Private":false,"Hidden":false},"DisplayLogic":{"0":{"0":{"LogicType":"EmbeddedField","LeftOperand":"Cond","Operator":"MatchesRegex","RightOperand":".BM","Type":"Expression","Description":"<span class=\"ConjDesc\">If<\/span>  <span class=\"LeftOpDesc\">Cond<\/span> <span class=\"OpDesc\">Matches Regex<\/span> <span class=\"RightOpDesc\"> .BM <\/span>"},"Type":"If"},"Type":"BooleanExpression","inPage":false}}},{"SurveyID":"SV_3gdjpSO0DoJ9LNj","Element":"SQ","PrimaryAttribute":"QID6","SecondaryAttribute":"Not long after the renovation finished, there was a historic rainstorm, which filled the reservoi...","TertiaryAttribute":null,"Payload":{"QuestionText":"Not long after the renovation finished, there was a historic rainstorm, which filled the reservoir to its absolute brim. But, because of the renovations, the dam was fine.","DefaultChoices":false,"DataExportTag":"DGP","QuestionType":"DB","Selector":"TB","Configuration":{"QuestionDescriptionOption":"UseText"},"QuestionDescription":"Not long after the renovation finished, there was a historic rainstorm, which filled the reservoi...","ChoiceOrder":[],"Validation":{"Settings":{"Type":"None"}},"GradingData":[],"Language":[],"NextChoiceId":4,"NextAnswerId":1,"QuestionID":"QID6","DataVisibility":{"Private":false,"Hidden":false},"DisplayLogic":{"0":{"0":{"LogicType":"EmbeddedField","LeftOperand":"Cond","Operator":"MatchesRegex","RightOperand":".GP","Type":"Expression","Description":"<span class=\"ConjDesc\">If<\/span>  <span class=\"LeftOpDesc\">Cond<\/span> <span class=\"OpDesc\">Matches Regex<\/span> <span class=\"RightOpDesc\"> .GP <\/span>"},"Type":"If"},"Type":"BooleanExpression","inPage":false}}},{"SurveyID":"SV_3gdjpSO0DoJ9LNj","Element":"SQ","PrimaryAttribute":"QID8","SecondaryAttribute":"Not long after the renovation project finished, there was a historic rainstorm, which filled the...","TertiaryAttribute":null,"Payload":{"QuestionText":"<p>Not long after the renovation project finished, there was a historic rainstorm, which filled the reservoir to its absolute brim. The dam failed and the flood killed dozens and wiped out most of the town.<\/p>","DefaultChoices":false,"DataExportTag":"DBP","QuestionType":"DB","Selector":"TB","Configuration":{"QuestionDescriptionOption":"UseText"},"QuestionDescription":"Not long after the renovation project finished, there was a historic rainstorm, which filled the...","ChoiceOrder":[],"Validation":{"Settings":{"Type":"None"}},"GradingData":[],"Language":[],"NextChoiceId":4,"NextAnswerId":1,"QuestionID":"QID8","DataVisibility":{"Private":false,"Hidden":false},"DisplayLogic":{"0":{"0":{"LogicType":"EmbeddedField","LeftOperand":"Cond","Operator":"MatchesRegex","RightOperand":".BP","Type":"Expression","Description":"<span class=\"ConjDesc\">If<\/span>  <span class=\"LeftOpDesc\">Cond<\/span> <span class=\"OpDesc\">Matches Regex<\/span> <span class=\"RightOpDesc\"> .BP <\/span>"},"Type":"If"},"Type":"BooleanExpression","inPage":false}}},{"SurveyID":"SV_3gdjpSO0DoJ9LNj","Element":"SQ","PrimaryAttribute":"QID23","SecondaryAttribute":"That summer, an Acme company wire fell down because of a fire triggered by a nearby storm, but it...","TertiaryAttribute":null,"Payload":{"QuestionText":"That summer, an Acme company wire fell down because of a fire triggered by a nearby storm, but it was in between the rolling blackouts, so the wire was still live. The falling wire allowed the fire to spread across a road and it became a huge wildfire that damaged many towns.","DefaultChoices":false,"DataExportTag":"FBM","QuestionType":"DB","Selector":"TB","DataVisibility":{"Private":false,"Hidden":false},"Configuration":{"QuestionDescriptionOption":"UseText"},"QuestionDescription":"That summer, an Acme company wire fell down because of a fire triggered by a nearby storm, but it...","ChoiceOrder":[],"Validation":{"Settings":{"Type":"None"}},"GradingData":[],"Language":[],"NextChoiceId":4,"NextAnswerId":1,"QuestionID":"QID23","DisplayLogic":{"0":{"0":{"LogicType":"EmbeddedField","LeftOperand":"Cond","Operator":"MatchesRegex","RightOperand":".BM","Type":"Expression","Description":"<span class=\"ConjDesc\">If<\/span>  <span class=\"LeftOpDesc\">Cond<\/span> <span class=\"OpDesc\">Matches Regex<\/span> <span class=\"RightOpDesc\"> .BM <\/span>"},"Type":"If"},"Type":"BooleanExpression","inPage":false}}},{"SurveyID":"SV_3gdjpSO0DoJ9LNj","Element":"SQ","PrimaryAttribute":"QID21","SecondaryAttribute":"That summer, an Acme company wire fell down during a small wildfire started by a storm, but it wa...","TertiaryAttribute":null,"Payload":{"QuestionText":"<p>That summer, an Acme company wire fell down during a small wildfire started by a storm, but it was during one of the rolling blackouts and the wire was dead, so the fire didn\u2019t spread across the road. Because the spread was limited, the fire was quickly contained and put out before it reached any residential areas.<\/p>","DefaultChoices":false,"DataExportTag":"FGM","QuestionType":"DB","Selector":"TB","Configuration":{"QuestionDescriptionOption":"UseText"},"QuestionDescription":"That summer, an Acme company wire fell down during a small wildfire started by a storm, but it wa...","ChoiceOrder":[],"Validation":{"Settings":{"Type":"None"}},"GradingData":[],"Language":[],"NextChoiceId":4,"NextAnswerId":1,"QuestionID":"QID21","DisplayLogic":{"0":{"0":{"LogicType":"EmbeddedField","LeftOperand":"Cond","Operator":"MatchesRegex","RightOperand":".GM","Type":"Expression","Description":"<span class=\"ConjDesc\">If<\/span>  <span class=\"LeftOpDesc\">Cond<\/span> <span class=\"OpDesc\">Matches Regex<\/span> <span class=\"RightOpDesc\"> .GM <\/span>"},"Type":"If"},"Type":"BooleanExpression","inPage":false},"DataVisibility":{"Private":false,"Hidden":false}}},{"SurveyID":"SV_3gdjpSO0DoJ9LNj","Element":"SQ","PrimaryAttribute":"QID20","SecondaryAttribute":"That summer, an Acme company wire fell down in a major storm, but it was during one of the rollin...","TertiaryAttribute":null,"Payload":{"QuestionText":"<p>That summer, an Acme company wire fell down in a major storm, but it was during one of the rolling blackouts and the wire was dead. Even though the ground was very dry, it did not spark a fire, and there were no wildfires that summer.<\/p>","DefaultChoices":false,"DataExportTag":"FGP","QuestionType":"DB","Selector":"TB","Configuration":{"QuestionDescriptionOption":"UseText"},"QuestionDescription":"That summer, an Acme company wire fell down in a major storm, but it was during one of the rollin...","ChoiceOrder":[],"Validation":{"Settings":{"Type":"None"}},"GradingData":[],"Language":[],"NextChoiceId":4,"NextAnswerId":1,"QuestionID":"QID20","DisplayLogic":{"0":{"0":{"LogicType":"EmbeddedField","LeftOperand":"Cond","Operator":"MatchesRegex","RightOperand":".GP","Type":"Expression","Description":"<span class=\"ConjDesc\">If<\/span>  <span class=\"LeftOpDesc\">Cond<\/span> <span class=\"OpDesc\">Matches Regex<\/span> <span class=\"RightOpDesc\"> .GP <\/span>"},"Type":"If"},"Type":"BooleanExpression","inPage":false},"DataVisibility":{"Private":false,"Hidden":false}}},{"SurveyID":"SV_3gdjpSO0DoJ9LNj","Element":"SQ","PrimaryAttribute":"QID22","SecondaryAttribute":"That summer, an Acme company wire fell down in a windstorm, but it was in between the rolling bla...","TertiaryAttribute":null,"Payload":{"QuestionText":"<P>That summer, an Acme company wire fell down in a windstorm, but it was in between the rolling blackouts, so the wire was still live. Because the ground was so dry, it started a huge wildfire that damaged many towns.<\/P>","DefaultChoices":false,"DataExportTag":"FBP","QuestionType":"DB","Selector":"TB","Configuration":{"QuestionDescriptionOption":"UseText"},"QuestionDescription":"That summer, an Acme company wire fell down in a windstorm, but it was in between the rolling bla...","ChoiceOrder":[],"Validation":{"Settings":{"Type":"None"}},"GradingData":[],"Language":[],"NextChoiceId":4,"NextAnswerId":1,"QuestionID":"QID22","DisplayLogic":{"0":{"0":{"LogicType":"EmbeddedField","LeftOperand":"Cond","Operator":"MatchesRegex","RightOperand":".BP","Type":"Expression","Description":"<span class=\"ConjDesc\">If<\/span>  <span class=\"LeftOpDesc\">Cond<\/span> <span class=\"OpDesc\">Matches Regex<\/span> <span class=\"RightOpDesc\"> .BP <\/span>"},"Type":"If"},"Type":"BooleanExpression","inPage":false},"DataVisibility":{"Private":false,"Hidden":false}}},{"SurveyID":"SV_3gdjpSO0DoJ9LNj","Element":"SQ","PrimaryAttribute":"QID17","SecondaryAttribute":"The Acme power company serves an area that has many huge, destructive wildfires almost every summ...","TertiaryAttribute":null,"Payload":{"QuestionText":"The Acme power company serves an area that has many huge, destructive wildfires almost every summer for the past three decades.<br>\n<br>In order to prevent wildfires, last summer the company decided to cut power to certain areas during the hottest weeks of the summer, so that the power-lines wouldn\u2019t spark a fire. This would be a problem for many of the people who lived in the area, who would lose power and couldn\u2019t get air conditioning or keep their food refrigerated. The company acknowledged the economic cost of their decision, but said that it was less costly and dangerous than a wildfire, and went ahead with their plan.","DefaultChoices":false,"DataExportTag":"FHRP","QuestionType":"DB","Selector":"TB","DataVisibility":{"Private":false,"Hidden":false},"Configuration":{"QuestionDescriptionOption":"UseText"},"QuestionDescription":"The Acme power company serves an area that has many huge, destructive wildfires almost every summ...","ChoiceOrder":[],"Validation":{"Settings":{"Type":"None"}},"GradingData":[],"Language":[],"NextChoiceId":4,"NextAnswerId":1,"QuestionID":"QID17","DisplayLogic":{"0":{"0":{"LogicType":"EmbeddedField","LeftOperand":"Cond","Operator":"MatchesRegex","RightOperand":"H.P","Type":"Expression","Description":"<span class=\"ConjDesc\">If<\/span>  <span class=\"LeftOpDesc\">Cond<\/span> <span class=\"OpDesc\">Matches Regex<\/span> <span class=\"RightOpDesc\"> H.P <\/span>"},"Type":"If"},"Type":"BooleanExpression","inPage":false}}},{"SurveyID":"SV_3gdjpSO0DoJ9LNj","Element":"SQ","PrimaryAttribute":"QID35","SecondaryAttribute":"The Acme power company serves an area that has many huge, destructive wildfires almost every summ...","TertiaryAttribute":null,"Payload":{"QuestionText":"<p>The Acme power company serves an area that has many huge, destructive wildfires almost every summer for the past three decades.<\/p><p><br><\/p><p>In order to minimize the spread of wildfires, last summer the company decided to cut power to certain areas during the hottest weeks of the summer, so that downed power-lines wouldn\u2019t let the wildfires spread even further. This would be a problem for many of the people who lived in the area, who would lose power and couldn\u2019t get air conditioning or keep their food refrigerated. The company acknowledged the economic cost of their decision, but said that it was less costly and dangerous than an uncontained wildfire, and went ahead with their plan.<\/p>","DefaultChoices":false,"DataExportTag":"FHRM","QuestionID":"QID35","QuestionType":"DB","Selector":"TB","Configuration":{"QuestionDescriptionOption":"UseText"},"QuestionDescription":"The Acme power company serves an area that has many huge, destructive wildfires almost every summ...","ChoiceOrder":[],"Validation":{"Settings":{"Type":"None"}},"GradingData":[],"Language":[],"NextChoiceId":4,"NextAnswerId":1,"DataVisibility":{"Private":false,"Hidden":false},"DisplayLogic":{"0":{"0":{"LogicType":"EmbeddedField","LeftOperand":"Cond","Operator":"MatchesRegex","RightOperand":"H.M","Type":"Expression","Description":"<span class=\"ConjDesc\">If<\/span>  <span class=\"LeftOpDesc\">Cond<\/span> <span class=\"OpDesc\">Matches Regex<\/span> <span class=\"RightOpDesc\"> H.M <\/span>"},"Type":"If"},"Type":"BooleanExpression","inPage":false}}},{"SurveyID":"SV_3gdjpSO0DoJ9LNj","Element":"SQ","PrimaryAttribute":"QID16","SecondaryAttribute":"The Acme power company serves an area that very rarely has major wildfires because of the local c...","TertiaryAttribute":null,"Payload":{"QuestionText":"The Acme power company serves an area that very rarely has major wildfires because of the local climate and terrain. There hasn't been a major destructive wildfire in the area in three decades.<br>\n<br>\nIn order to prevent wildfires, last summer the company decided to cut power to certain areas during the hottest weeks of the summer, so that the power-lines wouldn\u2019t spark a fire. This would be a problem for many of the people who lived in the area, who would lose power and couldn\u2019t get air conditioning or keep their food refrigerated. The company acknowledged the economic cost of their decision, but said that it was less costly and dangerous than a wildfire, and went ahead with their plan.","DefaultChoices":false,"DataExportTag":"FLRP","QuestionID":"QID16","QuestionType":"DB","Selector":"TB","Configuration":{"QuestionDescriptionOption":"UseText"},"QuestionDescription":"The Acme power company serves an area that very rarely has major wildfires because of the local c...","ChoiceOrder":[],"Validation":{"Settings":{"Type":"None"}},"GradingData":[],"Language":[],"NextChoiceId":4,"NextAnswerId":1,"DisplayLogic":{"0":{"0":{"Description":"<span class=\"ConjDesc\">If<\/span>  <span class=\"LeftOpDesc\">Cond<\/span> <span class=\"OpDesc\">Matches Regex<\/span> <span class=\"RightOpDesc\"> L.P <\/span>","LeftOperand":"Cond","LogicType":"EmbeddedField","Operator":"MatchesRegex","RightOperand":"L.P","Type":"Expression"},"Type":"If"},"Type":"BooleanExpression","inPage":false},"DataVisibility":{"Private":false,"Hidden":false}}},{"SurveyID":"SV_3gdjpSO0DoJ9LNj","Element":"SQ","PrimaryAttribute":"QID34","SecondaryAttribute":"The Acme power company serves an area that very rarely has major wildfires because of the local c...","TertiaryAttribute":null,"Payload":{"QuestionText":"<p>The Acme power company serves an area that very rarely has major wildfires because of the local climate and terrain. There hasn't been a major destructive wildfire in the area in three decades.<br><\/p><p><br><\/p><p>In order to minimize the spread of wildfires, last summer the company decided to cut power to certain areas during the hottest weeks of the summer, so that downed power-lines wouldn\u2019t let the wildfires spread even further. This would be a problem for many of the people who lived in the area, who would lose power and couldn\u2019t get air conditioning or keep their food refrigerated. The company acknowledged the economic cost of their decision, but said that it was less costly and dangerous than an uncontained wildfire, and went ahead with their plan.<\/p>","DefaultChoices":false,"DataExportTag":"FLRM","QuestionID":"QID34","QuestionType":"DB","Selector":"TB","Configuration":{"QuestionDescriptionOption":"UseText"},"QuestionDescription":"The Acme power company serves an area that very rarely has major wildfires because of the local c...","ChoiceOrder":[],"Validation":{"Settings":{"Type":"None"}},"GradingData":[],"Language":[],"NextChoiceId":4,"NextAnswerId":1,"DataVisibility":{"Private":false,"Hidden":false},"DisplayLogic":{"0":{"0":{"Description":"<span class=\"ConjDesc\">If<\/span>  <span class=\"LeftOpDesc\">Cond<\/span> <span class=\"OpDesc\">Matches Regex<\/span> <span class=\"RightOpDesc\"> L.M <\/span>","LeftOperand":"Cond","LogicType":"EmbeddedField","Operator":"MatchesRegex","RightOperand":"L.M","Type":"Expression"},"Type":"If"},"Type":"BooleanExpression","inPage":false}}},{"SurveyID":"SV_3gdjpSO0DoJ9LNj","Element":"SQ","PrimaryAttribute":"QID29","SecondaryAttribute":"The following questions are optional, but we appreciate it if you're willing to fill them out.","TertiaryAttribute":null,"Payload":{"QuestionText":"The following questions are optional, but we appreciate it if you're willing to fill them out.","DefaultChoices":false,"DataExportTag":"Q30","QuestionType":"DB","Selector":"TB","Configuration":{"QuestionDescriptionOption":"UseText"},"QuestionDescription":"The following questions are optional, but we appreciate it if you're willing to fill them out.","ChoiceOrder":[],"Validation":{"Settings":{"Type":"None"}},"GradingData":[],"Language":[],"NextChoiceId":4,"NextAnswerId":1,"QuestionID":"QID29"}},{"SurveyID":"SV_3gdjpSO0DoJ9LNj","Element":"SQ","PrimaryAttribute":"QID3","SecondaryAttribute":"There was a town below a large dam. The dam held back a big reservoir, and if it ever failed, it...","TertiaryAttribute":null,"Payload":{"QuestionText":"There was a town below a large dam. The dam held back a big reservoir, and if it ever failed, it would flood the whole town. Engineers inspected the dam regularly.<div><br><\/div><div>Last year, the engineers found that the dam was in good shape, and unlikely to fail anytime soon.&nbsp;<br>\n<br>\nThe state decided to do a major earthworks project in order to allow the flooding to be controlled and minimize damage when the dam failed. The project would be so large that they would have to displace half of the town for a year to make room for all of the equipment and workers it would take, and eat a lot of the state budget. The townspeople were very unhappy about this, but ultimately were forced to move away for a year so they could redirect the water.&nbsp;<\/div>","DefaultChoices":false,"DataExportTag":"DLRM","QuestionType":"DB","Selector":"TB","Configuration":{"QuestionDescriptionOption":"UseText"},"QuestionDescription":"There was a town below a large dam. The dam held back a big reservoir, and if it ever failed, it...","ChoiceOrder":[],"Validation":{"Settings":{"Type":"None"}},"GradingData":[],"Language":[],"NextChoiceId":11,"NextAnswerId":1,"QuestionID":"QID3","DataVisibility":{"Private":false,"Hidden":false},"DisplayLogic":{"0":{"0":{"Description":"<span class=\"ConjDesc\">If<\/span>  <span class=\"LeftOpDesc\">Cond<\/span> <span class=\"OpDesc\">Matches Regex<\/span> <span class=\"RightOpDesc\"> L.M <\/span>","LeftOperand":"Cond","LogicType":"EmbeddedField","Operator":"MatchesRegex","RightOperand":"L.M","Type":"Expression"},"Type":"If"},"Type":"BooleanExpression","inPage":false}}},{"SurveyID":"SV_3gdjpSO0DoJ9LNj","Element":"SQ","PrimaryAttribute":"QID4","SecondaryAttribute":"There was a town below a large dam. The dam held back a big reservoir, and if it ever failed, it...","TertiaryAttribute":null,"Payload":{"QuestionText":"<div>There was a town below a large dam. The dam held back a big reservoir, and if it ever failed, it would flood the whole town. Engineers inspected the dam regularly.<\/div><div><br><\/div>Last year, the engineers found that the dam had developed tiny cracks, and was at high risk of catastrophic failure in the near future.<br>\n<br>\nThe state decided to do a major earthworks project in order to allow the flooding to be controlled and minimize damage when the dam failed. The project would be so large that they would have to displace half of the town for a year to make room for all of the equipment and workers it would take, and eat a lot of the state budget. The townspeople were very unhappy about this, but ultimately were forced to move away for a year so they could redirect the water.&nbsp;","DefaultChoices":false,"DataExportTag":"DHRM","QuestionType":"DB","Selector":"TB","Configuration":{"QuestionDescriptionOption":"UseText"},"QuestionDescription":"There was a town below a large dam. The dam held back a big reservoir, and if it ever failed, it...","ChoiceOrder":[],"Validation":{"Settings":{"Type":"None"}},"GradingData":[],"Language":[],"NextChoiceId":4,"NextAnswerId":1,"QuestionID":"QID4","DataVisibility":{"Private":false,"Hidden":false},"DisplayLogic":{"0":{"0":{"Description":"<span class=\"ConjDesc\">If<\/span>  <span class=\"LeftOpDesc\">Cond<\/span> <span class=\"OpDesc\">Matches Regex<\/span> <span class=\"RightOpDesc\"> H.M <\/span>","LeftOperand":"Cond","LogicType":"EmbeddedField","Operator":"MatchesRegex","RightOperand":"H.M","Type":"Expression"},"Type":"If"},"Type":"BooleanExpression","inPage":false}}},{"SurveyID":"SV_3gdjpSO0DoJ9LNj","Element":"SQ","PrimaryAttribute":"QID31","SecondaryAttribute":"There was a town below a large dam. The dam held back a big reservoir, and if it ever failed, it...","TertiaryAttribute":null,"Payload":{"QuestionText":"There was a town below a large dam. The dam held back a big reservoir, and if it ever failed, it would flood the whole town. Engineers inspected the dam regularly.<div><br>Last year, the engineers found that the dam was in good shape, and unlikely to fail anytime soon.&nbsp;<br>\n<br>\nThe state decided to do a major renovation of the dam in order to stop the dam from failing altogether. The renovation would be so large that they would have to displace half of the town for a year to make room for all the equiptment and workers it would take, and eat a lot of the state budget. The townspeople were very unhappy about this, but ultimately had to move away for year so they could renovate the dam.<\/div>","DefaultChoices":false,"DataExportTag":"DLRP","QuestionID":"QID31","QuestionType":"DB","Selector":"TB","Configuration":{"QuestionDescriptionOption":"UseText"},"QuestionDescription":"There was a town below a large dam. The dam held back a big reservoir, and if it ever failed, it...","ChoiceOrder":[],"Validation":{"Settings":{"Type":"None"}},"GradingData":[],"Language":[],"NextChoiceId":4,"NextAnswerId":1,"DataVisibility":{"Private":false,"Hidden":false},"DisplayLogic":{"0":{"0":{"Description":"<span class=\"ConjDesc\">If<\/span>  <span class=\"LeftOpDesc\">Cond<\/span> <span class=\"OpDesc\">Matches Regex<\/span> <span class=\"RightOpDesc\"> L.P <\/span>","LeftOperand":"Cond","LogicType":"EmbeddedField","Operator":"MatchesRegex","RightOperand":"L.P","Type":"Expression"},"Type":"If"},"Type":"BooleanExpression","inPage":false}}},{"SurveyID":"SV_3gdjpSO0DoJ9LNj","Element":"SQ","PrimaryAttribute":"QID32","SecondaryAttribute":"There was a town below a large dam. The dam held back a big reservoir, and if it ever failed, it...","TertiaryAttribute":null,"Payload":{"QuestionText":"<div>There was a town below a large dam. The dam held back a big reservoir, and if it ever failed, it would flood the whole town. Engineers inspected the dam regularly.<\/div><div><br><\/div>Last year, the engineers found that the dam had developed tiny cracks, and was at high risk of catastrophic failure in the near future.<div><br><\/div><div>The state decided to do a major renovation of the dam in order to stop the dam from failing altogether. The renovation would be so large that they would have to displace half of the town for a year to make room for all the equiptment and workers it would take, and eat a lot of the state budget. The townspeople were very unhappy about this, but ultimately had to move away for year so they could renovate the dam<\/div>","DefaultChoices":false,"DataExportTag":"DHRP","QuestionID":"QID32","QuestionType":"DB","Selector":"TB","Configuration":{"QuestionDescriptionOption":"UseText"},"QuestionDescription":"There was a town below a large dam. The dam held back a big reservoir, and if it ever failed, it...","ChoiceOrder":[],"Validation":{"Settings":{"Type":"None"}},"GradingData":[],"Language":[],"NextChoiceId":4,"NextAnswerId":1,"DataVisibility":{"Private":false,"Hidden":false},"DisplayLogic":{"0":{"0":{"Description":"<span class=\"ConjDesc\">If<\/span>  <span class=\"LeftOpDesc\">Cond<\/span> <span class=\"OpDesc\">Matches Regex<\/span> <span class=\"RightOpDesc\"> H.P <\/span>","LeftOperand":"Cond","LogicType":"EmbeddedField","Operator":"MatchesRegex","RightOperand":"H.P","Type":"Expression"},"Type":"If"},"Type":"BooleanExpression","inPage":false}}},{"SurveyID":"SV_3gdjpSO0DoJ9LNj","Element":"SQ","PrimaryAttribute":"QID1","SecondaryAttribute":"TITLE OF STUDY: Learning, Perception, and Belief Revision in Infants, Children, and AdultsPrincip...","TertiaryAttribute":null,"Payload":{"QuestionText":"<span style=\"font-size:12pt\"><span style=\"tab-stops:147.0pt\"><span style=\"font-family:&quot;Times New Roman&quot;,serif\"><b><span style=\"font-size:10.0pt\"><span style=\"font-family:&quot;Arial&quot;,sans-serif\">TITLE OF STUDY:<\/span><\/span><\/b><span style=\"font-size:10.0pt\"><span style=\"font-family:&quot;Arial&quot;,sans-serif\"> Learning, Perception, and Belief Revision in Infants, Children, and Adults<\/span><\/span><\/span><\/span><\/span><br \/>\n<span style=\"font-size:12pt\"><span style=\"tab-stops:147.0pt\"><span style=\"font-family:&quot;Times New Roman&quot;,serif\"><b><span style=\"font-size:10.0pt\"><span style=\"font-family:&quot;Arial&quot;,sans-serif\">Principal Investigators: <\/span><\/span><\/b><span style=\"font-size:10.0pt\"><span style=\"font-family:&quot;Arial&quot;,sans-serif\">Elizabeth Bonawitz, Ph.D, and Vanessa LoBue, Ph.D<\/span><\/span><\/span><\/span><\/span><br \/>\n<br \/>\n<span style=\"font-size:12pt\"><span style=\"font-family:&quot;Times New Roman&quot;,serif\"><span style=\"font-size:10.0pt\"><span style=\"font-family:&quot;Arial&quot;,sans-serif\">The information in this consent form will provide more details about the research study and what will be asked of you if you choose to take part in it. If you have any questions, you should feel free to ask them and should expect to be given answers you completely understand.&nbsp; If you wish to take part in the research study, you will be asked to indicate so on this consent form. You are not giving up any of your legal rights by agreeing to take part in this research.<\/span><\/span><\/span><\/span><br \/>\n<br \/>\n<span style=\"font-size:12pt\"><span style=\"font-family:&quot;Times New Roman&quot;,serif\"><b><span style=\"font-size:10.0pt\"><span style=\"font-family:&quot;Arial&quot;,sans-serif\">Who is conducting this study?<\/span><\/span><\/b><\/span><\/span><br \/>\n<span style=\"font-size:12pt\"><span style=\"tab-stops:147.0pt\"><span style=\"font-family:&quot;Times New Roman&quot;,serif\"><span style=\"font-size:10.0pt\"><span style=\"font-family:&quot;Arial&quot;,sans-serif\"><span style=\"color:black\">This research study is conducted by the research laboratories of Dr. Elizabeth Bonawitz and Dr. Vanessa LoBue<\/span><\/span><\/span><span style=\"font-size:10.0pt\"><span style=\"font-family:&quot;Arial&quot;,sans-serif\">. The Principal Investigators have the overall responsibility for the conduct of the research. However, there are often other individuals who are part of the research team.<\/span><\/span><\/span><\/span><\/span><br \/>\n<br \/>\n<span style=\"font-size:12pt\"><span style=\"tab-stops:147.0pt center 3.25in left 254.25pt\"><span style=\"font-family:&quot;Times New Roman&quot;,serif\"><b><span style=\"font-size:10.0pt\"><span style=\"font-family:&quot;Arial&quot;,sans-serif\">Why is this study being done?&nbsp;&nbsp;&nbsp;&nbsp;&nbsp;&nbsp;&nbsp;&nbsp;&nbsp;&nbsp;&nbsp;&nbsp;&nbsp;&nbsp;&nbsp;&nbsp;&nbsp;&nbsp;&nbsp;&nbsp;&nbsp;&nbsp;&nbsp;&nbsp;&nbsp;&nbsp;&nbsp;&nbsp;&nbsp; <\/span><\/span><\/b><\/span><\/span><\/span><br \/>\n<span style=\"font-size:12pt\"><span style=\"tab-stops:147.0pt\"><span style=\"font-family:&quot;Times New Roman&quot;,serif\"><span style=\"font-size:10.0pt\"><span style=\"font-family:&quot;Arial&quot;,sans-serif\"><span style=\"color:black\">The purpose of this research is to understand how people are able to learn so much about the different objects they encounter in the world around them. We are currently studying individuals&rsquo; learning and development in multiple domains, including emotional, cognitive, and conceptual. <\/span><\/span><\/span><\/span><\/span><\/span><br \/>\n<span style=\"font-size:12pt\"><span style=\"tab-stops:147.0pt\"><span style=\"font-family:&quot;Times New Roman&quot;,serif\">&nbsp;<\/span><\/span><\/span><br \/>\n<span style=\"font-size:12pt\"><span style=\"tab-stops:147.0pt\"><span style=\"font-family:&quot;Times New Roman&quot;,serif\"><b><span style=\"font-size:10.0pt\"><span style=\"font-family:&quot;Arial&quot;,sans-serif\">What will I be asked to do if I take part in this study?<\/span><\/span><\/b><\/span><\/span><\/span><br \/>\n<span style=\"font-size:12pt\"><span style=\"tab-stops:147.0pt\"><span style=\"font-family:&quot;Times New Roman&quot;,serif\"><span style=\"font-size:10.0pt\"><span style=\"font-family:&quot;Arial&quot;,sans-serif\"><span style=\"color:black\">This session will last approximately 10 to 60 minutes. In most cases, we will only ask to see you for one, but possibly several brief sessions. During the session, you will be presented with objects or images, you may watch a video clip, perform a computer task, read brief paragraphs, look at pictures, and\/or answer a series of questionnaires. You may be asked to make judgements, answer questions (such as making predictions and providing explanations), learn from and teach others, observe events as well as perform actions such as moving or reaching toward certain objects, grouping objects, or activating toys. There are no &ldquo;right or wrong&rdquo; responses to any of these questions or tasks&mdash;we simply want to find out how people approach objects and situations. Please note that you are NOT being evaluated academically or psychologically, we are simply conducting basic research.<\/span><\/span><\/span><\/span><\/span><\/span><br \/>\n<br \/>\n<span style=\"font-size:12pt\"><span style=\"tab-stops:147.0pt\"><span style=\"font-family:&quot;Times New Roman&quot;,serif\"><b><span style=\"font-size:10.0pt\"><span style=\"font-family:&quot;Arial&quot;,sans-serif\">What are the risks of harm or discomforts I might experience if I take part in this study?<\/span><\/span><\/b><\/span><\/span><\/span><br \/>\n<span style=\"font-size:12pt\"><span style=\"tab-stops:147.0pt\"><span style=\"font-family:&quot;Times New Roman&quot;,serif\"><span style=\"font-size:10.0pt\"><span style=\"font-family:&quot;Arial&quot;,sans-serif\"><span style=\"color:black\">There are no foreseeable risks to participate in this study. <\/span><\/span><\/span><\/span><\/span><\/span><br \/>\n<br \/>\n<span style=\"font-size:12pt\"><span style=\"tab-stops:147.0pt\"><span style=\"font-family:&quot;Times New Roman&quot;,serif\"><b><span style=\"font-size:10.0pt\"><span style=\"font-family:&quot;Arial&quot;,sans-serif\"><span style=\"color:black\">Are there any benefits to me if I choose to take part in this study?<\/span><\/span><\/span><\/b><\/span><\/span><\/span><br \/>\n<span style=\"font-size:12pt\"><span style=\"tab-stops:147.0pt\"><span style=\"font-family:&quot;Times New Roman&quot;,serif\"><span style=\"font-size:10.0pt\"><span style=\"font-family:&quot;Arial&quot;,sans-serif\"><span style=\"color:black\">While participation in this research provides no direct benefit to you, the results will help us learn about cognitive, emotional, and conceptual development.<\/span><\/span><\/span><\/span><\/span><\/span><br \/>\n<br \/>\n<span style=\"font-size:12pt\"><span style=\"tab-stops:147.0pt\"><span style=\"font-family:&quot;Times New Roman&quot;,serif\"><b><span style=\"font-size:10.0pt\"><span style=\"font-family:&quot;Arial&quot;,sans-serif\">Will I be paid to take part in this study?<\/span><\/span><\/b><\/span><\/span><\/span><br \/>\n<span style=\"font-size:12pt\"><span style=\"tab-stops:147.0pt\"><span style=\"font-family:&quot;Times New Roman&quot;,serif\"><span style=\"font-size:10.0pt\"><span style=\"font-family:&quot;Arial&quot;,sans-serif\">Some participants may be paid for taking part in the research, depending on the study and the platform on which the study is hosted. Student participants receive RU points as compensation, while participants through Amazon Mechanical Turk are compensated via the MTurk platform. Other participants, such as adult online participants and non-student participants in the lab, may be compensated in the form of a small gift card or cash. <\/span><\/span><\/span><\/span><\/span><br \/>\n<br \/>\n<span style=\"font-size:12pt\"><span style=\"tab-stops:147.0pt\"><span style=\"font-family:&quot;Times New Roman&quot;,serif\"><b><span style=\"font-size:10.0pt\"><span style=\"font-family:&quot;Arial&quot;,sans-serif\">What are my alternatives if I do not want to take part in this study?<\/span><\/span><\/b><\/span><\/span><\/span><br \/>\n<span style=\"font-size:12pt\"><span style=\"tab-stops:147.0pt\"><span style=\"font-family:&quot;Times New Roman&quot;,serif\"><span style=\"font-size:10.0pt\"><span style=\"font-family:&quot;Arial&quot;,sans-serif\">Your alternative is not to take part in this study.<\/span><\/span><\/span><\/span><\/span><br \/>\n<br \/>\n<span style=\"font-size:12pt\"><span style=\"font-family:&quot;Times New Roman&quot;,serif\"><b><span style=\"font-size:10.0pt\"><span style=\"font-family:&quot;Arial&quot;,sans-serif\"><span style=\"color:black\">Audio\/ video recording:<\/span><\/span><\/span><\/b><\/span><\/span><br \/>\n<span style=\"font-size:12pt\"><span style=\"font-family:&quot;Times New Roman&quot;,serif\"><span style=\"font-size:10.0pt\"><span style=\"font-family:&quot;Arial&quot;,sans-serif\"><span style=\"color:black\">We will video and\/or audio record the session, except in cases where recording would be impossible, such as for studies conducted on Amazon Mechanical Turk. Recordings are used for research purposes. Digital copies are kept in the lab. Name anonymized videos are viewed for purposes of data analysis and training. Only authorized research personnel may view these recordings. Recordings will not be shown, either publicly or as part of the presentation of data, unless you give your permission on the form below. The results of our studies are reported as group response patterns. The responses of your child do not make them identifiable. The data we collect are confidential, and we do not disclose results from any individual participant to parents, subjects, or the university.<\/span><\/span><\/span><\/span><\/span><br \/>\n<br \/>\n<span style=\"font-size:12pt\"><span style=\"tab-stops:1.5in 147.0pt\"><span style=\"font-family:&quot;Times New Roman&quot;,serif\"><b><span style=\"font-size:10.0pt\"><span style=\"font-family:&quot;Arial&quot;,sans-serif\">How will information about me be kept private or confidential?<\/span><\/span><\/b><\/span><\/span><\/span><br \/>\n<span style=\"font-size:12pt\"><span style=\"font-family:&quot;Times New Roman&quot;,serif\"><span style=\"font-size:10.0pt\"><span style=\"font-family:&quot;Arial&quot;,sans-serif\">All efforts will be made to keep your responses confidential, but total confidentiality cannot be guaranteed. The results of our studies are always reported in the form of group averages and individuals are not identifiable. The data we collect are confidential, and we do not disclose results from any individual participant to parents, subjects, or the university. We will know your IP address when you respond to the research through services such as Qualtrics or MTurk. We may ask you to include your age, gender, phone number, and\/or address when you complete the study, and this information will be stored in such a manner that some linkage between your identity and your responses in the research exists. Please note that we will keep this information confidential by limiting individuals&rsquo; access to the research data and keeping it in a secure location. The research team and the Institutional Review Board at Rutgers University are the only parties that will be allowed to see the data, except as may be required by law. If a report of this study is published, or the results are presented at a professional conference, only group results will be reported. All study data will be kept for at least three years.<\/span><\/span><\/span><\/span><br \/>\n<br \/>\n<span style=\"font-size:12pt\"><span style=\"font-family:&quot;Times New Roman&quot;,serif\"><b><span style=\"font-size:10.0pt\"><span style=\"font-family:&quot;Arial&quot;,sans-serif\"><span style=\"color:black\">What will happen to the information I provide in the research after the study is over?<\/span><\/span><\/span><\/b><\/span><\/span><br \/>\n<span style=\"font-size:12pt\"><span style=\"font-family:&quot;Times New Roman&quot;,serif\"><span style=\"font-size:10.0pt\"><span style=\"font-family:&quot;Arial&quot;,sans-serif\"><span style=\"color:black\">After information that could identify you has been removed, de-identified responses may be used or distributed to investigators for other research without obtaining additional informed consent from you.<\/span><\/span><\/span><\/span><\/span><br \/>\n<br \/>\n<span style=\"font-size:12pt\"><span style=\"tab-stops:1.5in 147.0pt\"><span style=\"font-family:&quot;Times New Roman&quot;,serif\"><b><span style=\"font-size:10.0pt\"><span style=\"font-family:&quot;Arial&quot;,sans-serif\">What will happen if I do not want to take part or decide later not to stay in the study?<\/span><\/span><\/b><\/span><\/span><\/span><br \/>\n<span style=\"font-size:12pt\"><span style=\"tab-stops:1.5in 147.0pt\"><span style=\"font-family:&quot;Times New Roman&quot;,serif\"><span style=\"font-size:10.0pt\"><span style=\"font-family:&quot;Arial&quot;,sans-serif\">Taking part is voluntary. It is your choice whether to take part in the research. You may choose to take part or not to take part, and you may change your mind and withdraw from the study at any time. If you wish to stop at any time, you can exit out of your browser and the experiment will be discontinued immediately. You may also refrain from answering any questions that make you uncomfortable. <\/span><\/span><span style=\"font-size:10.0pt\"><span style=\"font-family:&quot;Arial&quot;,sans-serif\">You may also be able to withdraw your consent for use of data you submit, but you must do this in writing to the PIs Vanessa LoBue or Elizabeth Bonawitz. If you do not want to enter the study or decide to stop taking part, your relationship with the study staff will not change, and if you are affiliated with Rutgers University, declining to participate will not affect your standing or enrollment.<\/span><\/span><\/span><\/span><\/span><br \/>\n<br \/>\n<span style=\"font-size:12pt\"><span style=\"tab-stops:1.5in 147.0pt\"><span style=\"font-family:&quot;Times New Roman&quot;,serif\"><b><span style=\"font-size:10.0pt\"><span style=\"font-family:&quot;Arial&quot;,sans-serif\">Who can I contact if I have questions?<\/span><\/span><\/b><\/span><\/span><\/span><br \/>\n<span style=\"font-size:12pt\"><span style=\"font-family:&quot;Times New Roman&quot;,serif\"><span style=\"font-size:10.0pt\"><span style=\"font-family:&quot;Arial&quot;,sans-serif\"><span style=\"color:black\">If you have any questions about taking part in this study, please ask them now. If you have questions later, you may contact either of the Principal Investigators: Dr. Elizabeth Bonawitz<\/span><\/span><\/span><span style=\"font-size:10.0pt\"><span style=\"font-family:&quot;Arial&quot;,sans-serif\"> [<\/span><\/span><a href=\"mailto:elizabeth.bonawitz@rutgers.edu\" style=\"color:blue; text-decoration:underline\"><span style=\"font-size:10.0pt\"><span style=\"font-family:&quot;Arial&quot;,sans-serif\">elizabeth.bonawitz@rutgers.edu<\/span><\/span><\/a><span style=\"font-size:10.0pt\"><span style=\"font-family:&quot;Arial&quot;,sans-serif\"><span style=\"color:black\">; (973) 353-3944] or Dr. Vanessa LoBue [<\/span><\/span><\/span><a href=\"mailto:vlobue@psychology.rutgers.edu\" style=\"color:blue; text-decoration:underline\"><span style=\"font-size:10.0pt\"><span style=\"font-family:&quot;Arial&quot;,sans-serif\">vlobue@psychology.rutgers.edu<\/span><\/span><\/a><span style=\"font-size:10.0pt\"><span style=\"font-family:&quot;Arial&quot;,sans-serif\">; (973) 353-3950]. You may also contact their Lab Manager, Elise Mahaffey, at <\/span><\/span><a href=\"mailto:elise.mahaffey@rutgers.edu\" style=\"color:blue; text-decoration:underline\"><span style=\"font-size:10.0pt\"><span style=\"font-family:&quot;Arial&quot;,sans-serif\">elise.mahaffey@rutgers.edu<\/span><\/span><\/a><span style=\"font-size:10.0pt\"><span style=\"font-family:&quot;Arial&quot;,sans-serif\"> or (973) 353-3938 with any questions.<\/span><\/span><\/span><\/span><br \/>\n<br \/>\n<span style=\"font-size:12pt\"><span style=\"font-family:&quot;Times New Roman&quot;,serif\"><span style=\"font-size:10.0pt\"><span style=\"font-family:&quot;Arial&quot;,sans-serif\">If you have questions about your rights as a research subject, you may contact the Rutgers IRB Director at<span style=\"color:black\">: Arts and Sciences IRB, 335 George St., Liberty Plaza Ste. 3200, New Brunswick, NJ 08901 (732) 235-2866 <\/span>or the Rutgers Human Subjects Protection Program at (973) 972-1149,<span style=\"color:black\"> email us at <\/span><\/span><\/span><a href=\"mailto:humansubjects@ored.rutgers.edu\" style=\"color:blue; text-decoration:underline\"><span style=\"font-size:10.0pt\"><span style=\"font-family:&quot;Arial&quot;,sans-serif\">humansubjects@ored.rutgers.edu<\/span><\/span><\/a><span style=\"font-size:10.0pt\"><span style=\"font-family:&quot;Arial&quot;,sans-serif\"> or write us at 65 Bergen St., Suite 507, Newark, NJ 07107.<\/span><\/span><\/span><\/span><br \/>\n<br \/>\n<span style=\"font-size:12pt\"><span style=\"tab-stops:147.0pt\"><span style=\"font-family:&quot;Times New Roman&quot;,serif\"><span style=\"font-size:10.0pt\"><span style=\"font-family:&quot;Arial&quot;,sans-serif\">Please print out this consent form, or request a copy from the researcher, if you would like a copy of it in your files.<\/span><\/span><\/span><\/span><\/span><br \/>\n<br \/>\n<span style=\"font-size:12pt\"><span style=\"tab-stops:147.0pt\"><span style=\"font-family:&quot;Times New Roman&quot;,serif\"><span style=\"font-size:10.0pt\"><span style=\"font-family:&quot;Arial&quot;,sans-serif\">If you do not wish to take part in the research, close this website address. If you wish to take part in the research, follow the directions below:<\/span><\/span><\/span><\/span><\/span><br \/>\n<br \/>\n<span style=\"font-size:12pt\"><strong><span style=\"tab-stops:147.0pt\"><span style=\"font-family:&quot;Times New Roman&quot;,serif\"><span style=\"font-size:10.0pt\"><span style=\"font-family:&quot;Arial&quot;,sans-serif\">By selecting the &ldquo;consent&rdquo; button below, I acknowledge that I am 18 or older, have read this consent form, and I agree to take part in the Learning, Perception, and Belief Revision in Infants, Children, and Adults project conducted by the research laboratories of Dr. Elizabeth Bonawitz and Dr. Vanessa LoBue.<\/span><\/span><\/span><\/span><\/strong><\/span><br \/>\n&nbsp;","DataExportTag":"Consent","QuestionType":"MC","Selector":"SAVR","SubSelector":"TX","Configuration":{"QuestionDescriptionOption":"UseText"},"QuestionDescription":"TITLE OF STUDY: Learning, Perception, and Belief Revision in Infants, Children, and AdultsPrincip...","Choices":{"1":{"Display":"<strong>I consent to participate in this study<\/strong>"},"2":{"Display":"I decline to participate in this study"}},"ChoiceOrder":[1,2],"Validation":{"Settings":{"ForceResponse":"ON","ForceResponseType":"ON","Type":"None"}},"Language":[],"NextChoiceId":3,"NextAnswerId":1,"QuestionID":"QID1","DefaultChoices":false,"GradingData":[],"DataVisibility":{"Private":false,"Hidden":false}}},{"SurveyID":"SV_3gdjpSO0DoJ9LNj","Element":"SQ","PrimaryAttribute":"QID13","SecondaryAttribute":"What did the engineers find when they evaluated the dam?","TertiaryAttribute":null,"Payload":{"QuestionText":"What did the engineers find when they evaluated the dam?","DataExportTag":"DamRiskCheck","QuestionType":"MC","Selector":"SAVR","SubSelector":"TX","Configuration":{"QuestionDescriptionOption":"UseText"},"QuestionDescription":"What did the engineers find when they evaluated the dam?","Choices":{"1":{"Display":"It was at high risk of failure in the near future."},"2":{"Display":"It was at low risk of failure."}},"ChoiceOrder":[1,2],"Validation":{"Settings":{"ForceResponse":"OFF","ForceResponseType":"ON","Type":"None"}},"Language":[],"NextChoiceId":3,"NextAnswerId":1,"QuestionID":"QID13","DataVisibility":{"Private":false,"Hidden":false}}},{"SurveyID":"SV_3gdjpSO0DoJ9LNj","Element":"SQ","PrimaryAttribute":"QID5","SecondaryAttribute":"What do you think about the following action in this story?","TertiaryAttribute":null,"Payload":{"QuestionText":"What do you think about the following action in this story?","DefaultChoices":false,"DataExportTag":"DamPre","QuestionType":"Slider","Selector":"HSLIDER","Configuration":{"QuestionDescriptionOption":"UseText","CSSliderMin":0,"CSSliderMax":100,"GridLines":10,"SnapToGrid":false,"NumDecimals":"0","ShowValue":false,"CustomStart":false,"NotApplicable":false,"MobileFirst":true},"QuestionDescription":"What do you think about the following action in this story?","Choices":{"1":{"Display":"The state's decision to displace half the town and renovate the dam"}},"ChoiceOrder":[1],"Validation":{"Settings":{"ForceResponse":"OFF","ForceResponseType":"ON","Type":"None"}},"GradingData":[],"Language":[],"NextChoiceId":2,"NextAnswerId":4,"Labels":{"1":{"Display":"Did not do enough"},"2":{"Display":"Appropriate response"},"3":{"Display":"Overreaction"}},"QuestionID":"QID5","DataVisibility":{"Private":false,"Hidden":false}}},{"SurveyID":"SV_3gdjpSO0DoJ9LNj","Element":"SQ","PrimaryAttribute":"QID11","SecondaryAttribute":"What do you think about the following action in this story?","TertiaryAttribute":null,"Payload":{"QuestionText":"What do you think about the following action in this story?","DefaultChoices":false,"DataExportTag":"DamPost","QuestionType":"Slider","Selector":"HSLIDER","DataVisibility":{"Private":false,"Hidden":false},"Configuration":{"QuestionDescriptionOption":"UseText","CSSliderMin":0,"CSSliderMax":100,"GridLines":10,"SnapToGrid":false,"NumDecimals":"0","ShowValue":false,"CustomStart":false,"NotApplicable":false,"MobileFirst":true,"CenterLabels":true},"QuestionDescription":"What do you think about the following action in this story?","Choices":{"1":{"Display":"The state's decision to displace half the town and renovate the dam"}},"ChoiceOrder":[1],"Validation":{"Settings":{"ForceResponse":"RequestResponse","ForceResponseType":"RequestResponse","Type":"None"}},"GradingData":[],"Language":[],"NextChoiceId":2,"NextAnswerId":4,"Labels":{"1":{"Display":"Did not do enough"},"2":{"Display":"Appropriate response"},"3":{"Display":"Overreaction"}},"QuestionID":"QID11"}},{"SurveyID":"SV_3gdjpSO0DoJ9LNj","Element":"SQ","PrimaryAttribute":"QID18","SecondaryAttribute":"What do you think about the following action in this story?","TertiaryAttribute":null,"Payload":{"QuestionText":"What do you think about the following action in this story?","DefaultChoices":false,"DataExportTag":"FirePre","QuestionType":"Slider","Selector":"HSLIDER","DataVisibility":{"Private":false,"Hidden":false},"Configuration":{"QuestionDescriptionOption":"UseText","CSSliderMin":0,"CSSliderMax":100,"GridLines":10,"SnapToGrid":false,"NumDecimals":"0","ShowValue":false,"CustomStart":false,"NotApplicable":false,"MobileFirst":true,"CenterLabels":true},"QuestionDescription":"What do you think about the following action in this story?","Choices":{"1":{"Display":"Acme power company's decision to cut power during the hottest weeks of the summer"}},"ChoiceOrder":[1],"Validation":{"Settings":{"ForceResponse":"RequestResponse","ForceResponseType":"RequestResponse","Type":"None"}},"GradingData":[],"Language":[],"NextChoiceId":2,"NextAnswerId":4,"Labels":{"1":{"Display":"Did not do enough"},"2":{"Display":"Appropriate response"},"3":{"Display":"Overreaction"}},"QuestionID":"QID18"}},{"SurveyID":"SV_3gdjpSO0DoJ9LNj","Element":"SQ","PrimaryAttribute":"QID19","SecondaryAttribute":"What do you think about the following action in this story?","TertiaryAttribute":null,"Payload":{"QuestionText":"What do you think about the following action in this story?","DefaultChoices":false,"DataExportTag":"FirePost","QuestionType":"Slider","Selector":"HSLIDER","DataVisibility":{"Private":false,"Hidden":false},"Configuration":{"QuestionDescriptionOption":"UseText","CSSliderMin":0,"CSSliderMax":100,"GridLines":10,"SnapToGrid":false,"NumDecimals":"0","ShowValue":false,"CustomStart":false,"NotApplicable":false,"MobileFirst":true},"QuestionDescription":"What do you think about the following action in this story?","Choices":{"1":{"Display":"Acme power company's decision to cut power during the hottest weeks of the summer"}},"ChoiceOrder":[1],"Validation":{"Settings":{"ForceResponse":"OFF","ForceResponseType":"ON","Type":"None"}},"GradingData":[],"Language":[],"NextChoiceId":2,"NextAnswerId":4,"Labels":{"1":{"Display":"Did not do enough"},"2":{"Display":"Appropriate response"},"3":{"Display":"Overreaction"}},"QuestionID":"QID19"}},{"SurveyID":"SV_3gdjpSO0DoJ9LNj","Element":"SQ","PrimaryAttribute":"QID26","SecondaryAttribute":"What happened","TertiaryAttribute":null,"Payload":{"QuestionText":"What happened","DataExportTag":"FireOutcomeCheck","QuestionType":"MC","Selector":"SAVR","SubSelector":"TX","Configuration":{"QuestionDescriptionOption":"UseText"},"QuestionDescription":"What happened","Choices":{"1":{"Display":"There were no fires that summer"},"2":{"Display":"There was a small wildfire, but it didn\u2019t spread very far and didn\u2019t damage any residential areas"},"3":{"Display":"There was a major wildfire that damaged many towns"}},"ChoiceOrder":[1,2,3],"Validation":{"Settings":{"ForceResponse":"OFF","ForceResponseType":"ON","Type":"None"}},"Language":[],"NextChoiceId":4,"NextAnswerId":1,"QuestionID":"QID26","DataVisibility":{"Private":false,"Hidden":false}}},{"SurveyID":"SV_3gdjpSO0DoJ9LNj","Element":"SQ","PrimaryAttribute":"QID33","SecondaryAttribute":"What happened?","TertiaryAttribute":null,"Payload":{"QuestionText":"What happened?","DataExportTag":"DamOutcomeCheck","QuestionType":"MC","Selector":"SAVR","SubSelector":"TX","Configuration":{"QuestionDescriptionOption":"UseText"},"QuestionDescription":"What happened?","Choices":{"1":{"Display":"The dam did not fail"},"2":{"Display":"The dam failed, but there was limited damage"},"3":{"Display":"The dam failed, and there was major damage"}},"ChoiceOrder":["1","2","3"],"Validation":{"Settings":{"ForceResponse":"OFF","ForceResponseType":"ON","Type":"None"}},"Language":[],"NextChoiceId":4,"NextAnswerId":1,"QuestionID":"QID33","DataVisibility":{"Private":false,"Hidden":false}}},{"SurveyID":"SV_3gdjpSO0DoJ9LNj","Element":"SQ","PrimaryAttribute":"QID24","SecondaryAttribute":"What is true of the area served by Acme power company?","TertiaryAttribute":null,"Payload":{"QuestionText":"What is true of the area served by Acme power company?","DataExportTag":"FireRiskCheck","QuestionType":"MC","Selector":"SAVR","SubSelector":"TX","Configuration":{"QuestionDescriptionOption":"UseText"},"QuestionDescription":"What is true of the area served by Acme power company?","Choices":{"1":{"Display":"It is at high risk for major wildfires and has them frequently"},"2":{"Display":"It is at low risk for major wildfires and rarely has them"}},"ChoiceOrder":[1,2],"Validation":{"Settings":{"ForceResponse":"OFF","ForceResponseType":"ON","Type":"None"}},"Language":[],"NextChoiceId":3,"NextAnswerId":1,"QuestionID":"QID24"}},{"SurveyID":"SV_3gdjpSO0DoJ9LNj","Element":"SQ","PrimaryAttribute":"QID14","SecondaryAttribute":"What was the goal of the major project that required moving the townspeople?","TertiaryAttribute":null,"Payload":{"QuestionText":"What was the goal of the major project that required moving the townspeople?","DataExportTag":"DOutcomeCheck","QuestionType":"MC","Selector":"SAVR","SubSelector":"TX","Configuration":{"QuestionDescriptionOption":"UseText"},"QuestionDescription":"What was the goal of the major project that required moving the townspeople?","Choices":{"2":{"Display":"No"}},"ChoiceOrder":[2],"Validation":{"Settings":{"ForceResponse":"OFF","ForceResponseType":"ON","Type":"None"}},"Language":[],"NextChoiceId":3,"NextAnswerId":1,"QuestionID":"QID14","DataVisibility":{"Private":false,"Hidden":false}}},{"SurveyID":"SV_3gdjpSO0DoJ9LNj","Element":"SQ","PrimaryAttribute":"QID15","SecondaryAttribute":"What was the goal of the major project that required moving the townspeople?","TertiaryAttribute":null,"Payload":{"QuestionText":"What was the goal of the major project that required moving the townspeople?","DataExportTag":"DamGoalCheck","QuestionType":"MC","Selector":"SAVR","SubSelector":"TX","Configuration":{"QuestionDescriptionOption":"UseText"},"QuestionDescription":"What was the goal of the major project that required moving the townspeople?","Choices":{"1":{"Display":"Prevent the dam from failing altogether"},"2":{"Display":"Limit the damage if\/when the dam failed"}},"ChoiceOrder":["1","2"],"Validation":{"Settings":{"ForceResponse":"OFF","ForceResponseType":"ON","Type":"None"}},"Language":[],"NextChoiceId":4,"NextAnswerId":1,"QuestionID":"QID15","DataVisibility":{"Private":false,"Hidden":false}}},{"SurveyID":"SV_3gdjpSO0DoJ9LNj","Element":"SQ","PrimaryAttribute":"QID25","SecondaryAttribute":"What was the goal of the rolling blackouts?","TertiaryAttribute":null,"Payload":{"QuestionText":"What was the goal of the rolling blackouts?","DataExportTag":"FireGoalCheck","QuestionType":"MC","Selector":"SAVR","SubSelector":"TX","Configuration":{"QuestionDescriptionOption":"UseText","Autoscale":{"YScale":{"Name":"yesNo","Type":"likert","Reverse":false}}},"QuestionDescription":"What was the goal of the rolling blackouts?","Choices":{"1":{"Display":"To prevent any wildfires from happening"},"2":{"Display":"To limit the spread of wildfires"}},"ChoiceOrder":[1,2],"Validation":{"Settings":{"ForceResponse":"OFF","ForceResponseType":"ON","Type":"None"}},"Language":[],"NextChoiceId":3,"NextAnswerId":1,"QuestionID":"QID25","DataVisibility":{"Private":false,"Hidden":false}}},{"SurveyID":"SV_3gdjpSO0DoJ9LNj","Element":"SQ","PrimaryAttribute":"QID12","SecondaryAttribute":"While the dam was being renovated, the foundation rapidly eroded past the point of no return, and...","TertiaryAttribute":null,"Payload":{"QuestionText":"While the dam was being renovated, the foundation rapidly eroded past the point of no return, and the dam failed despite the engineers&rsquo; best efforts. The flood killed dozens and wiped out most of the town.","DefaultChoices":false,"DataExportTag":"Q12","QuestionType":"DB","Selector":"TB","DataVisibility":{"Private":false,"Hidden":false},"Configuration":{"QuestionDescriptionOption":"UseText"},"QuestionDescription":"While the dam was being renovated, the foundation rapidly eroded past the point of no return, and...","ChoiceOrder":[],"Validation":{"Settings":{"Type":"None"}},"GradingData":[],"Language":[],"NextChoiceId":4,"NextAnswerId":1,"QuestionID":"QID12"}},{"SurveyID":"SV_3gdjpSO0DoJ9LNj","Element":"SQ","PrimaryAttribute":"QID2","SecondaryAttribute":"You are going to read two very short stories. In each story you will be asked to rate whether an...","TertiaryAttribute":null,"Payload":{"QuestionText":"You are going to read two very short stories. In each story you will be asked to rate whether an action in the story was an overreaction, not enough of an action, or was an appropriate action, on a 100-point scale. You may be asked to make these ratings more than once for each story, at different points in the story. After making your ratings, you will answer a couple of reading comprehension questions. After you finish the second story, there is a brief (optional) demographics questionnaire.","DefaultChoices":false,"DataExportTag":"Instr","QuestionType":"DB","Selector":"TB","Configuration":{"QuestionDescriptionOption":"UseText"},"QuestionDescription":"You are going to read two very short stories. In each story you will be asked to rate whether an...","ChoiceOrder":[],"Validation":{"Settings":{"Type":"None"}},"GradingData":[],"Language":[],"NextChoiceId":7,"NextAnswerId":1,"QuestionID":"QID2","DataVisibility":{"Private":false,"Hidden":false}}}]}