{"SurveyEntry":{"SurveyID":"SV_7aiH5OUBqcSooyV","SurveyName":"Overreaction Part 4 - COVID","SurveyDescription":null,"SurveyOwnerID":"UR_1RmrBvbqYlfJm73","SurveyBrandID":"rutgers","DivisionID":"DV_9o8JnBKhRvyjy8R","SurveyLanguage":"EN","SurveyActiveResponseSet":"RS_1U0lC94TVmen5fn","SurveyStatus":"Active","SurveyStartDate":"0000-00-00 00:00:00","SurveyExpirationDate":"0000-00-00 00:00:00","SurveyCreationDate":"2020-12-19 20:30:59","CreatorID":"UR_1RmrBvbqYlfJm73","LastModified":"2021-01-14 12:56:25","LastAccessed":"0000-00-00 00:00:00","LastActivated":"2021-01-12 12:33:59","Deleted":null},"SurveyElements":[{"SurveyID":"SV_7aiH5OUBqcSooyV","Element":"BL","PrimaryAttribute":"Survey Blocks","SecondaryAttribute":null,"TertiaryAttribute":null,"Payload":[{"Type":"Default","Description":"Consent","ID":"BL_4ZXleMXxUe19TaB","BlockElements":[{"Type":"Question","QuestionID":"QID2"}]},{"Type":"Trash","Description":"Trash \/ Unused Questions","ID":"BL_6gMKgUjQzrUneDz","BlockElements":[{"Type":"Question","QuestionID":"QID23"},{"Type":"Question","QuestionID":"QID1"},{"Type":"Question","QuestionID":"QID5"},{"Type":"Question","QuestionID":"QID7"},{"Type":"Question","QuestionID":"QID8"},{"Type":"Question","QuestionID":"QID16"},{"Type":"Question","QuestionID":"QID17"},{"Type":"Question","QuestionID":"QID21"},{"Type":"Question","QuestionID":"QID28"}]},{"Type":"Standard","SubType":"","Description":"Instructions","ID":"BL_egtDLk9ORgnax0h","BlockElements":[{"Type":"Question","QuestionID":"QID3"}]},{"Type":"Standard","SubType":"","Description":"Aggregate Ratings","ID":"BL_cUVevwlakqAnDxj","BlockElements":[{"Type":"Question","QuestionID":"QID19"},{"Type":"Page Break"},{"Type":"Question","QuestionID":"QID4"},{"Type":"Question","QuestionID":"QID22"},{"Type":"Question","QuestionID":"QID9"},{"Type":"Question","QuestionID":"QID10"},{"Type":"Question","QuestionID":"QID6"},{"Type":"Question","QuestionID":"QID18"}],"Options":{"BlockLocking":"false","RandomizeQuestions":"false"}},{"Type":"Standard","SubType":"","Description":"Intervention Ratings","ID":"BL_6xtSUrv9dzl8cCx","BlockElements":[{"Type":"Question","QuestionID":"QID11"}]},{"Type":"Standard","SubType":"","Description":"Demographics","ID":"BL_1N7T0tWYW5M72OF","BlockElements":[{"Type":"Question","QuestionID":"QID12"},{"Type":"Question","QuestionID":"QID13"},{"Type":"Question","QuestionID":"QID14"},{"Type":"Question","QuestionID":"QID15"}]},{"Type":"Standard","SubType":"","Description":"Block 5","ID":"BL_3xeeXvBcIVjJvIF","BlockElements":[{"Type":"Question","QuestionID":"QID20"}]},{"Type":"Standard","SubType":"","Description":"Compliance","ID":"BL_bpfFlHI0Ln660st","BlockElements":[{"Type":"Question","QuestionID":"QID24"}]},{"Type":"Standard","SubType":"","Description":"Covid experience","ID":"BL_0pPwovkBCWPVTgy","BlockElements":[{"Type":"Question","QuestionID":"QID29"},{"Type":"Question","QuestionID":"QID27"},{"Type":"Question","QuestionID":"QID25"},{"Type":"Question","QuestionID":"QID26"}]}]},{"SurveyID":"SV_7aiH5OUBqcSooyV","Element":"FL","PrimaryAttribute":"Survey Flow","SecondaryAttribute":null,"TertiaryAttribute":null,"Payload":{"Type":"Root","FlowID":"FL_1","Flow":[{"Type":"Block","ID":"BL_4ZXleMXxUe19TaB","FlowID":"FL_2","Autofill":[]},{"Type":"Branch","FlowID":"FL_13","Description":"New Branch","BranchLogic":{"0":{"0":{"LogicType":"Question","QuestionID":"QID2","QuestionIsInLoop":"no","ChoiceLocator":"q:\/\/QID2\/SelectableChoice\/2","Operator":"Selected","QuestionIDFromLocator":"QID2","LeftOperand":"q:\/\/QID2\/SelectableChoice\/2","Type":"Expression","Description":"<span class=\"ConjDesc\">If<\/span> <span class=\"QuestionDesc\">TITLE OF STUDY: Learning, Perception, and Belief Revision in Infants, Children, and AdultsPrincip...<\/span> <span class=\"LeftOpDesc\">I decline to participate in this study<\/span> <span class=\"OpDesc\">Is Selected<\/span> "},"Type":"If"},"Type":"BooleanExpression"},"Flow":[{"Type":"EndSurvey","FlowID":"FL_14","EndingType":"Advanced","Options":{"Advanced":"true","SurveyTermination":"DefaultMessage","CountQuotas":"No"}}]},{"Type":"Standard","ID":"BL_egtDLk9ORgnax0h","FlowID":"FL_3","Autofill":[]},{"Type":"EmbeddedData","FlowID":"FL_16","EmbeddedData":[{"Description":"PROLIFIC_PID","Type":"Recipient","Field":"PROLIFIC_PID","VariableType":"String","DataVisibility":[],"AnalyzeText":false},{"Description":"SESSION_ID","Type":"Recipient","Field":"SESSION_ID","VariableType":"String","DataVisibility":[],"AnalyzeText":false}]},{"Type":"Standard","ID":"BL_cUVevwlakqAnDxj","FlowID":"FL_4","Autofill":[]},{"Type":"Standard","ID":"BL_6xtSUrv9dzl8cCx","FlowID":"FL_5","Autofill":[]},{"Type":"Standard","ID":"BL_bpfFlHI0Ln660st","FlowID":"FL_10","Autofill":[]},{"Type":"Standard","ID":"BL_0pPwovkBCWPVTgy","FlowID":"FL_11","Autofill":[]},{"Type":"Standard","ID":"BL_1N7T0tWYW5M72OF","FlowID":"FL_6","Autofill":[]},{"Type":"Standard","ID":"BL_3xeeXvBcIVjJvIF","FlowID":"FL_8","Autofill":[]},{"Type":"EndSurvey","FlowID":"FL_15","EndingType":"Advanced","Options":{"Advanced":"true","SurveyTermination":"Redirect","EOSRedirectURL":"https:\/\/app.prolific.co\/submissions\/complete?cc=59613244"}}],"Properties":{"Count":16,"RemovedFieldsets":[]}}},{"SurveyID":"SV_7aiH5OUBqcSooyV","Element":"SO","PrimaryAttribute":"Survey Options","SecondaryAttribute":null,"TertiaryAttribute":null,"Payload":{"BackButton":"false","SaveAndContinue":"true","SurveyProtection":"PublicSurvey","BallotBoxStuffingPrevention":"false","NoIndex":"Yes","SecureResponseFiles":"true","SurveyExpiration":"None","SurveyTermination":"DefaultMessage","Header":"","Footer":"","ProgressBarDisplay":"None","PartialData":"+1 week","ValidationMessage":"","PreviousButton":" \u2190 ","NextButton":" \u2192 ","SurveyTitle":"Online Survey Software | Qualtrics Survey Solutions","SkinLibrary":"rutgers","SkinType":"MQ","Skin":"rutgers4","NewScoring":1,"SurveyName":"Overreaction Part 4 - COVID","ProtectSelectionIds":true}},{"SurveyID":"SV_7aiH5OUBqcSooyV","Element":"SCO","PrimaryAttribute":"Scoring","SecondaryAttribute":null,"TertiaryAttribute":null,"Payload":{"ScoringCategories":[],"ScoringCategoryGroups":[],"ScoringSummaryCategory":null,"ScoringSummaryAfterQuestions":0,"ScoringSummaryAfterSurvey":0,"DefaultScoringCategory":null,"AutoScoringCategory":null}},{"SurveyID":"SV_7aiH5OUBqcSooyV","Element":"PROJ","PrimaryAttribute":"CORE","SecondaryAttribute":null,"TertiaryAttribute":"1.1.0","Payload":{"ProjectCategory":"CORE","SchemaVersion":"1.1.0"}},{"SurveyID":"SV_7aiH5OUBqcSooyV","Element":"STAT","PrimaryAttribute":"Survey Statistics","SecondaryAttribute":null,"TertiaryAttribute":null,"Payload":{"MobileCompatible":true,"ID":"Survey Statistics"}},{"SurveyID":"SV_7aiH5OUBqcSooyV","Element":"QC","PrimaryAttribute":"Survey Question Count","SecondaryAttribute":"29","TertiaryAttribute":null,"Payload":null},{"SurveyID":"SV_7aiH5OUBqcSooyV","Element":"SQ","PrimaryAttribute":"QID13","SecondaryAttribute":"Age","TertiaryAttribute":null,"Payload":{"QuestionText":"Age","DefaultChoices":false,"DataExportTag":"Q16","QuestionType":"TE","Selector":"SL","DataVisibility":{"Private":false,"Hidden":false},"Configuration":{"QuestionDescriptionOption":"UseText"},"QuestionDescription":"Age","Validation":{"Settings":{"ForceResponse":"OFF","ForceResponseType":"ON","Type":"None"}},"GradingData":[],"Language":[],"NextChoiceId":4,"NextAnswerId":1,"SearchSource":{"AllowFreeResponse":"false"},"QuestionID":"QID13"}},{"SurveyID":"SV_7aiH5OUBqcSooyV","Element":"SQ","PrimaryAttribute":"QID1","SecondaryAttribute":"Click to write the question text","TertiaryAttribute":null,"Payload":{"QuestionText":"Click to write the question text","DataExportTag":"Q1","QuestionType":"MC","Selector":"SAVR","SubSelector":"TX","Configuration":{"QuestionDescriptionOption":"UseText"},"QuestionDescription":"Click to write the question text","Choices":{"1":{"Display":"Click to write Choice 1"},"2":{"Display":"Click to write Choice 2"},"3":{"Display":"Click to write Choice 3"}},"ChoiceOrder":["1","2","3"],"Validation":{"Settings":{"ForceResponse":"OFF","ForceResponseType":"ON","Type":"None"}},"Language":[],"NextChoiceId":4,"NextAnswerId":1,"QuestionID":"QID1"}},{"SurveyID":"SV_7aiH5OUBqcSooyV","Element":"SQ","PrimaryAttribute":"QID5","SecondaryAttribute":"Click to write the question text","TertiaryAttribute":null,"Payload":{"QuestionText":"Click to write the question text","DataExportTag":"Q6","QuestionType":"MC","Selector":"SAVR","SubSelector":"TX","Configuration":{"QuestionDescriptionOption":"UseText"},"QuestionDescription":"Click to write the question text","Choices":{"1":{"Display":"Click to write Choice 1"},"2":{"Display":"Click to write Choice 2"},"3":{"Display":"Click to write Choice 3"}},"ChoiceOrder":["1","2","3"],"Validation":{"Settings":{"ForceResponse":"OFF","ForceResponseType":"ON","Type":"None"}},"Language":[],"NextChoiceId":4,"NextAnswerId":1,"QuestionID":"QID5"}},{"SurveyID":"SV_7aiH5OUBqcSooyV","Element":"SQ","PrimaryAttribute":"QID7","SecondaryAttribute":"Click to write the question text","TertiaryAttribute":null,"Payload":{"QuestionText":"Click to write the question text","DataExportTag":"Q8","QuestionType":"MC","Selector":"SAVR","SubSelector":"TX","Configuration":{"QuestionDescriptionOption":"UseText"},"QuestionDescription":"Click to write the question text","Choices":{"1":{"Display":"Click to write Choice 1"},"2":{"Display":"Click to write Choice 2"},"3":{"Display":"Click to write Choice 3"}},"ChoiceOrder":["1","2","3"],"Validation":{"Settings":{"ForceResponse":"OFF","ForceResponseType":"ON","Type":"None"}},"Language":[],"NextChoiceId":4,"NextAnswerId":1,"QuestionID":"QID7"}},{"SurveyID":"SV_7aiH5OUBqcSooyV","Element":"SQ","PrimaryAttribute":"QID8","SecondaryAttribute":"Click to write the question text","TertiaryAttribute":null,"Payload":{"QuestionText":"Click to write the question text","DataExportTag":"Q9","QuestionType":"MC","Selector":"SAVR","SubSelector":"TX","Configuration":{"QuestionDescriptionOption":"UseText"},"QuestionDescription":"Click to write the question text","Choices":{"1":{"Display":"Click to write Choice 1"},"2":{"Display":"Click to write Choice 2"},"3":{"Display":"Click to write Choice 3"}},"ChoiceOrder":["1","2","3"],"Validation":{"Settings":{"ForceResponse":"OFF","ForceResponseType":"ON","Type":"None"}},"Language":[],"NextChoiceId":4,"NextAnswerId":1,"QuestionID":"QID8"}},{"SurveyID":"SV_7aiH5OUBqcSooyV","Element":"SQ","PrimaryAttribute":"QID16","SecondaryAttribute":"Click to write the question text","TertiaryAttribute":null,"Payload":{"QuestionText":"Click to write the question text","DataExportTag":"Q16","QuestionType":"MC","Selector":"SAVR","SubSelector":"TX","Configuration":{"QuestionDescriptionOption":"UseText"},"QuestionDescription":"Click to write the question text","Choices":{"1":{"Display":"Click to write Choice 1"},"2":{"Display":"Click to write Choice 2"},"3":{"Display":"Click to write Choice 3"}},"ChoiceOrder":["1","2","3"],"Validation":{"Settings":{"ForceResponse":"OFF","ForceResponseType":"ON","Type":"None"}},"Language":[],"NextChoiceId":4,"NextAnswerId":1,"QuestionID":"QID16"}},{"SurveyID":"SV_7aiH5OUBqcSooyV","Element":"SQ","PrimaryAttribute":"QID17","SecondaryAttribute":"Click to write the question text","TertiaryAttribute":null,"Payload":{"QuestionText":"Click to write the question text","DefaultChoices":false,"DataExportTag":"Q17","QuestionType":"Slider","Selector":"HSLIDER","Configuration":{"QuestionDescriptionOption":"UseText","CSSliderMin":0,"CSSliderMax":100,"GridLines":10,"SnapToGrid":false,"NumDecimals":"0","ShowValue":true,"CustomStart":false,"NotApplicable":false,"MobileFirst":true},"QuestionDescription":"Click to write the question text","Choices":{"1":{"Display":"Click to write Choice 1"},"2":{"Display":"Click to write Choice 2"},"3":{"Display":"Click to write Choice 3"}},"ChoiceOrder":["1","2","3"],"Validation":{"Settings":{"ForceResponse":"OFF","ForceResponseType":"ON","Type":"None"}},"GradingData":[],"Language":[],"NextChoiceId":4,"NextAnswerId":1,"Labels":[],"QuestionID":"QID17"}},{"SurveyID":"SV_7aiH5OUBqcSooyV","Element":"SQ","PrimaryAttribute":"QID21","SecondaryAttribute":"Click to write the question text","TertiaryAttribute":null,"Payload":{"QuestionText":"Click to write the question text","DataExportTag":"Q21","QuestionType":"MC","Selector":"SAVR","SubSelector":"TX","Configuration":{"QuestionDescriptionOption":"UseText"},"QuestionDescription":"Click to write the question text","Choices":{"1":{"Display":"Click to write Choice 1"},"2":{"Display":"Click to write Choice 2"},"3":{"Display":"Click to write Choice 3"}},"ChoiceOrder":["1","2","3"],"Validation":{"Settings":{"ForceResponse":"OFF","ForceResponseType":"ON","Type":"None"}},"Language":[],"NextChoiceId":4,"NextAnswerId":1,"QuestionID":"QID21"}},{"SurveyID":"SV_7aiH5OUBqcSooyV","Element":"RS","PrimaryAttribute":"RS_1U0lC94TVmen5fn","SecondaryAttribute":"Default Response Set","TertiaryAttribute":null,"Payload":null},{"SurveyID":"SV_7aiH5OUBqcSooyV","Element":"SQ","PrimaryAttribute":"QID18","SecondaryAttribute":"Do you live in the USA?","TertiaryAttribute":null,"Payload":{"QuestionText":"Do you live in the USA?","DataExportTag":"AC","QuestionType":"MC","Selector":"SAVR","SubSelector":"TX","Configuration":{"QuestionDescriptionOption":"UseText","Autoscale":{"YScale":{"Name":"yesNo","Type":"likert","Reverse":false}}},"QuestionDescription":"Do you live in the USA?","Choices":{"1":{"Display":"Yes"},"2":{"Display":"No"}},"ChoiceOrder":[1,2],"Validation":{"Settings":{"ForceResponse":"RequestResponse","ForceResponseType":"RequestResponse","Type":"None"}},"Language":[],"NextChoiceId":3,"NextAnswerId":1,"QuestionID":"QID18","DataVisibility":{"Private":false,"Hidden":false}}},{"SurveyID":"SV_7aiH5OUBqcSooyV","Element":"SQ","PrimaryAttribute":"QID6","SecondaryAttribute":"Do you think the regulations created during the COVID-19 pandemic were aimed at preventing the di...","TertiaryAttribute":null,"Payload":{"QuestionText":"Do you think the regulations created during the COVID-19 pandemic were aimed at preventing the disease from spreading altogether or were aimed at limiting its spread?","DataExportTag":"PM","QuestionType":"MC","Selector":"SAVR","SubSelector":"TX","Configuration":{"QuestionDescriptionOption":"UseText"},"QuestionDescription":"Do you think the regulations created during the COVID-19 pandemic were aimed at preventing the di...","Choices":{"1":{"Display":"Prevent"},"2":{"Display":"Limit"}},"ChoiceOrder":[1,2],"Validation":{"Settings":{"ForceResponse":"RequestResponse","ForceResponseType":"RequestResponse","Type":"None"}},"Language":[],"NextChoiceId":3,"NextAnswerId":1,"QuestionID":"QID6","DataVisibility":{"Private":false,"Hidden":false}}},{"SurveyID":"SV_7aiH5OUBqcSooyV","Element":"SQ","PrimaryAttribute":"QID11","SecondaryAttribute":"For each of the individual COVID-19 regulations below, please rate your opinion of whether each o...","TertiaryAttribute":null,"Payload":{"QuestionText":"For each of the individual COVID-19 regulations below, please rate your opinion of whether each one is not enough, appropriate, or an overreaction if it were mandated by your state government.","DefaultChoices":false,"DataExportTag":"OvrRxn2","QuestionType":"Slider","Selector":"HSLIDER","Configuration":{"QuestionDescriptionOption":"UseText","CSSliderMin":0,"CSSliderMax":100,"GridLines":10,"SnapToGrid":false,"NumDecimals":"0","ShowValue":true,"CustomStart":false,"NotApplicable":false,"MobileFirst":true,"SliderStartPositions":{"1":0,"2":0,"3":0,"4":0,"5":0,"6":0,"7":0,"8":0,"9":0,"10":0},"CenterLabels":true},"QuestionDescription":"For each of the individual COVID-19 regulations below, please rate your opinion of whether each o...","Choices":{"1":{"Display":"Closure of all non-essential businesses. This includes but is not limited to restaurants, gyms, local shops, casinos etc."},"2":{"Display":"A curfew mandating that all businesses close by a certain time of day"},"3":{"Display":"Schools and workplaces move to remote operations"},"4":{"Display":"A mandate that all people over the age of 6 must wear a mask"},"5":{"Display":"A recommendation to social distance and remain 6 feet away from the people around you"},"6":{"Display":"A mandatory quarantine people for traveling between states and internationally"},"7":{"Display":"Interstate and international travel halted\/slowed down. Closing of airlines & cruise lines"},"8":{"Display":"Business that reopen can only hold certain a certain percentage of their maximum capacity"},"9":{"Display":"Disinfecting of heavily used equipment (i.e. shopping carts\/gym weights) between each use by a patron"},"10":{"Display":"Move this slider as close to 50 as you can"}},"ChoiceOrder":[1,2,3,4,5,6,7,8,9,10],"Validation":{"Settings":{"ForceResponse":"RequestResponse","ForceResponseType":"RequestResponse","Type":"None"}},"GradingData":[],"Language":[],"NextChoiceId":13,"NextAnswerId":4,"Labels":{"1":{"Display":"Did Not Do Enough"},"2":{"Display":"Appropriate Response"},"3":{"Display":"Overreaction"}},"QuestionID":"QID11","DataVisibility":{"Private":false,"Hidden":false},"Randomization":{"Advanced":{"FixedOrder":["{~Randomized~}","{~Randomized~}","{~Randomized~}","{~Randomized~}","{~Randomized~}","{~Randomized~}","{~Randomized~}","{~Randomized~}","{~Randomized~}","{~Randomized~}"],"RandomSubSet":[],"RandomizeAll":["10","9","8","7","6","5","4","3","2","1"],"ScaleReversal":[],"TotalRandSubset":0,"Undisplayed":[]},"ConsistentScaleReversal":true,"EvenPresentation":false,"TotalRandSubset":"","Type":"Advanced"}}},{"SurveyID":"SV_7aiH5OUBqcSooyV","Element":"SQ","PrimaryAttribute":"QID14","SecondaryAttribute":"Gender identity","TertiaryAttribute":null,"Payload":{"QuestionText":"Gender identity","DataExportTag":"Q18","QuestionType":"MC","Selector":"SAVR","SubSelector":"TX","DataVisibility":{"Private":false,"Hidden":false},"Configuration":{"QuestionDescriptionOption":"UseText","Autoscale":{"YScale":{"Name":"maleFemale","Type":"likert","Reverse":false}}},"QuestionDescription":"Gender identity","Choices":{"1":{"Display":"Male"},"2":{"Display":"Female"},"3":{"Display":"Nonbinary"},"4":{"Display":"Self-identified\/other"},"5":{"Display":"Prefer not to answer"}},"ChoiceOrder":[1,2,3,4,"5"],"Validation":{"Settings":{"ForceResponse":"OFF","ForceResponseType":"ON","Type":"None"}},"Language":[],"NextChoiceId":6,"NextAnswerId":1,"QuestionID":"QID14"}},{"SurveyID":"SV_7aiH5OUBqcSooyV","Element":"SQ","PrimaryAttribute":"QID27","SecondaryAttribute":"Has someone close to you gotten seriously ill or died from COVID-19?","TertiaryAttribute":null,"Payload":{"QuestionText":"Has someone close to you gotten seriously ill or died from COVID-19?","DataExportTag":"KnowSomeone","QuestionType":"MC","Selector":"SAVR","SubSelector":"TX","Configuration":{"QuestionDescriptionOption":"UseText","Autoscale":{"YScale":{"Name":"yesNo","Type":"likert","Reverse":false}}},"QuestionDescription":"Has someone close to you gotten seriously ill or died from COVID-19?","Choices":{"4":{"Display":"Yes"},"5":{"Display":"No"}},"ChoiceOrder":["4","5"],"Validation":{"Settings":{"ForceResponse":"RequestResponse","ForceResponseType":"RequestResponse","Type":"None"}},"Language":[],"NextChoiceId":6,"NextAnswerId":1,"QuestionID":"QID27","DataVisibility":{"Private":false,"Hidden":false}}},{"SurveyID":"SV_7aiH5OUBqcSooyV","Element":"SQ","PrimaryAttribute":"QID25","SecondaryAttribute":"Have you contracted COVID-19 at any point during the pandemic?","TertiaryAttribute":null,"Payload":{"QuestionText":"Have you contracted COVID-19 at any point during the pandemic?","DataExportTag":"HadCovid","QuestionType":"MC","Selector":"SAVR","SubSelector":"TX","Configuration":{"QuestionDescriptionOption":"UseText"},"QuestionDescription":"Have you contracted COVID-19 at any point during the pandemic?","Choices":{"1":{"Display":"Yes"},"2":{"Display":"No"}},"ChoiceOrder":["1","2"],"Validation":{"Settings":{"ForceResponse":"RequestResponse","ForceResponseType":"RequestResponse","Type":"None"}},"Language":[],"NextChoiceId":4,"NextAnswerId":1,"QuestionID":"QID25"}},{"SurveyID":"SV_7aiH5OUBqcSooyV","Element":"SQ","PrimaryAttribute":"QID15","SecondaryAttribute":"I would identify my race\/ ethnicity as (check all that apply):","TertiaryAttribute":null,"Payload":{"QuestionText":"I would identify my race\/ ethnicity as (check all that apply):","DataExportTag":"Q20","QuestionType":"MC","Selector":"MAVR","SubSelector":"TX","DataVisibility":{"Private":false,"Hidden":false},"Configuration":{"QuestionDescriptionOption":"UseText"},"QuestionDescription":"I would identify my race\/ ethnicity as (check all that apply):","Choices":{"1":{"Display":"American Indian\/ Alaska Native"},"2":{"Display":"Asian\/ Pacific Islander"},"3":{"Display":"Black\/ African American"},"4":{"Display":"South Asian\/ Indian"},"5":{"Display":"White, not of Hispanic origin"},"6":{"Display":"Hispanic"},"7":{"Display":"Other (please specify)","TextEntry":"true"},"8":{"Display":"Prefer not to answer"}},"ChoiceOrder":[1,2,3,4,5,6,7,"8"],"Validation":{"Settings":{"ForceResponse":"OFF","ForceResponseType":"ON","Type":"None"}},"Language":[],"NextChoiceId":9,"NextAnswerId":1,"QuestionID":"QID15"}},{"SurveyID":"SV_7aiH5OUBqcSooyV","Element":"SQ","PrimaryAttribute":"QID23","SecondaryAttribute":"Please indicate ","TertiaryAttribute":null,"Payload":{"QuestionText":"Please indicate&nbsp;","DefaultChoices":false,"QuestionType":"Slider","Selector":"HSLIDER","Configuration":{"QuestionDescriptionOption":"UseText","CSSliderMin":0,"CSSliderMax":100,"GridLines":10,"SnapToGrid":false,"NumDecimals":"0","ShowValue":true,"CustomStart":false,"NotApplicable":false,"MobileFirst":true,"SliderStartPositions":{"1":0,"2":0,"3":0,"4":0,"5":0,"6":0,"7":0,"8":0,"9":0,"10":0},"CenterLabels":true},"QuestionDescription":"Please indicate ","Choices":{"1":{"Display":"Closure of all non-essential businesses. This includes but is not limited to restaurants, gyms, local shops, casinos etc."},"2":{"Display":"A curfew mandating that all businesses close by a certain time of day"},"3":{"Display":"Schools and workplaces move to remote operations"},"4":{"Display":"A mandate that all people over the age of 6 must wear a mask"},"5":{"Display":"A recommendation to social distance and remain 6 feet away from the people around you"},"6":{"Display":"A mandatory quarantine people for traveling between states and internationally"},"7":{"Display":"Interstate and international travel halted\/slowed down. Closing of airlines & cruise lines"},"8":{"Display":"Business that reopen can only hold certain a certain percentage of their maximum capacity"},"9":{"Display":"Disinfecting of heavily used equipment (i.e. shopping carts\/gym weights) between each use by a patron"},"10":{"Display":"Move this slider as close to 50 as you can"}},"ChoiceOrder":[1,2,3,4,5,6,7,8,9,10],"Validation":{"Settings":{"ForceResponse":"OFF","ForceResponseType":"ON","Type":"None"}},"GradingData":[],"Language":[],"NextChoiceId":13,"NextAnswerId":4,"Labels":{"1":{"Display":"Did Not Do Enough"},"2":{"Display":"Appropriate Response"},"3":{"Display":"Overreaction"}},"DataVisibility":{"Private":false,"Hidden":false},"Randomization":{"Advanced":{"FixedOrder":["{~Randomized~}","{~Randomized~}","{~Randomized~}","{~Randomized~}","{~Randomized~}","{~Randomized~}","{~Randomized~}","{~Randomized~}","{~Randomized~}","{~Randomized~}"],"RandomSubSet":[],"RandomizeAll":["10","9","8","7","6","5","4","3","2","1"],"ScaleReversal":[],"TotalRandSubset":0,"Undisplayed":[]},"ConsistentScaleReversal":true,"EvenPresentation":false,"TotalRandSubset":"","Type":"Advanced"},"QuestionText_Unsafe":"Please rate each of these individual COVID-19 regulations on the scale below","DataExportTag":"Q23","QuestionID":"QID23"}},{"SurveyID":"SV_7aiH5OUBqcSooyV","Element":"SQ","PrimaryAttribute":"QID24","SecondaryAttribute":"Please indicate how often you have engaged in each of the following activities during the last th...","TertiaryAttribute":null,"Payload":{"QuestionText":"Please indicate how often you have engaged in each of the following activities during the last three months","DefaultChoices":false,"DataExportTag":"Activities","QuestionType":"Matrix","Selector":"Likert","SubSelector":"SingleAnswer","Configuration":{"QuestionDescriptionOption":"UseText","TextPosition":"inline","ChoiceColumnWidth":25,"RepeatHeaders":"none","WhiteSpace":"OFF","MobileFirst":true},"QuestionDescription":"Please indicate how often you have engaged in each of the following activities during the last th...","Choices":{"1":{"Display":"Gone to indoor gyms, casinos, or eat-in restaurants."},"2":{"Display":"Traveled between states"},"3":{"Display":"Traveled between countries"},"4":{"Display":"Ordered food for delivery"},"5":{"Display":"Gone into a public indoor space WITHOUT a mask."},"6":{"Display":"Worn a mask in a public space."},"7":{"Display":"Left your house or property for reasons other than work or essential shopping (food and medication)"}},"ChoiceOrder":[1,2,3,4,5,6,7],"Validation":{"Settings":{"ForceResponse":"RequestResponse","ForceResponseType":"RequestResponse","Type":"None"}},"GradingData":[],"Language":[],"NextChoiceId":8,"NextAnswerId":6,"Answers":{"1":{"Display":"Not once in the last 3 months"},"2":{"Display":"Once or twice"},"3":{"Display":"3-5 times (about once a month)"},"4":{"Display":"6-12 times (about once a week)"},"5":{"Display":"More than 12 times"}},"AnswerOrder":[1,2,3,4,5],"ChoiceDataExportTags":false,"QuestionID":"QID24","Randomization":{"Advanced":null,"TotalRandSubset":"","Type":"All"},"DataVisibility":{"Private":false,"Hidden":false}}},{"SurveyID":"SV_7aiH5OUBqcSooyV","Element":"SQ","PrimaryAttribute":"QID20","SecondaryAttribute":"Please let us know if you have any questions or comments about this survey (optional)","TertiaryAttribute":null,"Payload":{"QuestionText":"Please let us know if you have any questions or comments about this survey (optional)","DefaultChoices":false,"DataExportTag":"comments","QuestionType":"TE","Selector":"ML","Configuration":{"QuestionDescriptionOption":"UseText"},"QuestionDescription":"Please let us know if you have any questions or comments about this survey (optional)","Validation":{"Settings":{"ForceResponse":"OFF","ForceResponseType":"ON","Type":"None"}},"GradingData":[],"Language":[],"NextChoiceId":4,"NextAnswerId":1,"SearchSource":{"AllowFreeResponse":"false"},"QuestionID":"QID20"}},{"SurveyID":"SV_7aiH5OUBqcSooyV","Element":"SQ","PrimaryAttribute":"QID9","SecondaryAttribute":"Please tell us how bad you think the COVID-19 pandemic has been in terms of the number of illness...","TertiaryAttribute":null,"Payload":{"QuestionText":"Please tell us how bad you think the COVID-19 pandemic has been in terms of the number of illnesses and deaths.","DefaultChoices":false,"DataExportTag":"OC","QuestionType":"Slider","Selector":"HSLIDER","Configuration":{"QuestionDescriptionOption":"UseText","CSSliderMin":0,"CSSliderMax":100,"GridLines":10,"SnapToGrid":false,"NumDecimals":"0","ShowValue":true,"CustomStart":false,"NotApplicable":false,"MobileFirst":true,"CenterLabels":true},"QuestionDescription":"Please tell us how bad you think the COVID-19 pandemic has been in terms of the number of illness...","Choices":{"1":{"Display":"How bad has the COVID-19 pandemic been in terms of illness\/deaths?"}},"ChoiceOrder":[1],"Validation":{"Settings":{"ForceResponse":"RequestResponse","ForceResponseType":"RequestResponse","Type":"None"}},"GradingData":[],"Language":[],"NextChoiceId":2,"NextAnswerId":4,"Labels":{"1":{"Display":"Not Bad At All"},"2":{"Display":"Somewhat Bad"},"3":{"Display":"Very Bad"}},"QuestionID":"QID9","DataVisibility":{"Private":false,"Hidden":false}}},{"SurveyID":"SV_7aiH5OUBqcSooyV","Element":"SQ","PrimaryAttribute":"QID4","SecondaryAttribute":"Please tell us how much of a threat you think COVID-19 is to the health and well-being of the gen...","TertiaryAttribute":null,"Payload":{"QuestionText":"Please tell us how much of a threat you think COVID-19 is to the health and well-being of the general public","DefaultChoices":false,"DataExportTag":"R","QuestionType":"Slider","Selector":"HSLIDER","Configuration":{"QuestionDescriptionOption":"UseText","CSSliderMin":0,"CSSliderMax":100,"GridLines":10,"SnapToGrid":false,"NumDecimals":"0","ShowValue":true,"CustomStart":false,"NotApplicable":false,"MobileFirst":true,"CenterLabels":true},"QuestionDescription":"Please tell us how much of a threat you think COVID-19 is to the health and well-being of the gen...","Choices":{"1":{"Display":"How much of a threat is COVID-19 to the general public?"}},"ChoiceOrder":[1],"Validation":{"Settings":{"ForceResponse":"RequestResponse","ForceResponseType":"RequestResponse","Type":"None"}},"GradingData":[],"Language":[],"NextChoiceId":2,"NextAnswerId":4,"Labels":{"1":{"Display":"Not a Threat"},"2":{"Display":"Somewhat of a Threat"},"3":{"Display":"Large Threat"}},"QuestionID":"QID4","DataVisibility":{"Private":false,"Hidden":false}}},{"SurveyID":"SV_7aiH5OUBqcSooyV","Element":"SQ","PrimaryAttribute":"QID22","SecondaryAttribute":"Please tell us how much of a threat you think COVID-19 is to your personal health and well being","TertiaryAttribute":null,"Payload":{"QuestionText":"Please tell us how much of a threat you think COVID-19 is to your personal health and well being","DefaultChoices":false,"DataExportTag":"Rself","QuestionType":"Slider","Selector":"HSLIDER","DataVisibility":{"Private":false,"Hidden":false},"Configuration":{"QuestionDescriptionOption":"UseText","CSSliderMin":0,"CSSliderMax":100,"GridLines":10,"SnapToGrid":false,"NumDecimals":"0","ShowValue":true,"CustomStart":false,"NotApplicable":false,"CenterLabels":true,"MobileFirst":true},"QuestionDescription":"Please tell us how much of a threat you think COVID-19 is to your personal health and well being","Choices":{"1":{"Display":"How much of a threat is COVID-19 to your personal health and well-being?"}},"ChoiceOrder":[1],"Validation":{"Settings":{"ForceResponse":"OFF","ForceResponseType":"ON","Type":"None"}},"GradingData":[],"Language":[],"NextChoiceId":2,"NextAnswerId":4,"Labels":{"1":{"Display":"Not a Threat"},"2":{"Display":"Somewhat of a Threat"},"3":{"Display":"Large Threat"}},"QuestionID":"QID22"}},{"SurveyID":"SV_7aiH5OUBqcSooyV","Element":"SQ","PrimaryAttribute":"QID10","SecondaryAttribute":"Please tell us whether you think the pandemic would be better, worse, or the same without COVID-1...","TertiaryAttribute":null,"Payload":{"DefaultChoices":false,"DataExportTag":"CF","QuestionID":"QID10","QuestionType":"Slider","Selector":"HSLIDER","Configuration":{"QuestionDescriptionOption":"UseText","CSSliderMin":0,"CSSliderMax":100,"GridLines":10,"SnapToGrid":false,"NumDecimals":"0","ShowValue":true,"CustomStart":true,"NotApplicable":false,"MobileFirst":true,"CenterLabels":true,"SliderStartPositions":{"1":0.496503496503496510872111002754536457359790802001953125}},"Choices":{"1":{"Display":"What do you think would have happened without COVID-19 regulations"}},"ChoiceOrder":[1],"Validation":{"Settings":{"ForceResponse":"RequestResponse","ForceResponseType":"RequestResponse","Type":"None"}},"GradingData":[],"Language":[],"NextChoiceId":2,"NextAnswerId":4,"Labels":{"1":{"Display":"Much Worse"},"2":{"Display":"The Same"},"3":{"Display":"Much Better"}},"QuestionText":"Please tell us whether you think the pandemic would be better, worse, or the same without COVID-19 regulations.","QuestionDescription":"Please tell us whether you think the pandemic would be better, worse, or the same without COVID-1...","DataVisibility":{"Private":false,"Hidden":false}}},{"SurveyID":"SV_7aiH5OUBqcSooyV","Element":"SQ","PrimaryAttribute":"QID19","SecondaryAttribute":"Please tell us your opinion of COVID-19 regulations\u00a0as a whole\u00a0using the scale below.","TertiaryAttribute":null,"Payload":{"QuestionText":"Please tell us your opinion of COVID-19 regulations&nbsp;<strong>as a whole<\/strong>&nbsp;using the scale below.","DefaultChoices":false,"DataExportTag":"OvrRxn1","QuestionID":"QID19","QuestionType":"Slider","Selector":"HSLIDER","Configuration":{"QuestionDescriptionOption":"UseText","CSSliderMin":0,"CSSliderMax":100,"GridLines":10,"SnapToGrid":false,"NumDecimals":"0","ShowValue":true,"CustomStart":false,"NotApplicable":false,"MobileFirst":true,"CenterLabels":true},"QuestionDescription":"Please tell us your opinion of COVID-19 regulations\u00a0as a whole\u00a0using the scale below.","Choices":{"1":{"Display":"How do you feel about the regulations and interventions that have been employed against the COVID-19 pandemic?"}},"ChoiceOrder":[1],"Validation":{"Settings":{"ForceResponse":"RequestResponse","ForceResponseType":"RequestResponse","Type":"None"}},"GradingData":[],"Language":[],"NextChoiceId":2,"NextAnswerId":4,"Labels":{"1":{"Display":"Did Not Do Enough"},"2":{"Display":"Appropriate response"},"3":{"Display":"Overreaction"}},"DataVisibility":{"Private":false,"Hidden":false}}},{"SurveyID":"SV_7aiH5OUBqcSooyV","Element":"SQ","PrimaryAttribute":"QID3","SecondaryAttribute":"The COVID-19 pandemic has effectively changed the lives of people around the globe. From the begi...","TertiaryAttribute":null,"Payload":{"QuestionText":"The COVID-19 pandemic has effectively changed the lives of people around the globe. From the beginning of the outbreak, health organizations have tried to implement countless regulations to try and slow or stop the spread of the virus. COVID-19 regulations are rules or directives used by authorities to prevent people from getting COVID and prevent the spread of the disease. Some examples of these regulations are wearing masks, social distancing, and mandatory quarantine time for those exposed to the virus.&nbsp;\n<div>&nbsp;<\/div>\n\n<div>In this survey, we will ask you some questions about the pandemic and some questions about these regulations.&nbsp;In the first set of questions in this survey, you will first be asked to rate these COVID-19 regulations&nbsp;<em><strong>as a whole<\/strong>,<\/em> and answer some general questions about the pandemic. In a second block of questions, you will provide ratings for a series of specific regulations put in place during the pandemic one at a time.&nbsp;<\/div>","DefaultChoices":false,"DataExportTag":"Q4","QuestionType":"DB","Selector":"TB","Configuration":{"QuestionDescriptionOption":"UseText"},"QuestionDescription":"The COVID-19 pandemic has effectively changed the lives of people around the globe. From the begi...","ChoiceOrder":[],"Validation":{"Settings":{"Type":"None"}},"GradingData":[],"Language":[],"NextChoiceId":4,"NextAnswerId":1,"QuestionID":"QID3","DataVisibility":{"Private":false,"Hidden":false}}},{"SurveyID":"SV_7aiH5OUBqcSooyV","Element":"SQ","PrimaryAttribute":"QID12","SecondaryAttribute":"The following questions are optional, but we appreciate it if you're willing to fill them out.","TertiaryAttribute":null,"Payload":{"QuestionText":"The following questions are optional, but we appreciate it if you're willing to fill them out.","DefaultChoices":false,"DataExportTag":"Q14","QuestionType":"DB","Selector":"TB","DataVisibility":{"Private":false,"Hidden":false},"Configuration":{"QuestionDescriptionOption":"UseText"},"QuestionDescription":"The following questions are optional, but we appreciate it if you're willing to fill them out.","ChoiceOrder":[],"Validation":{"Settings":{"Type":"None"}},"GradingData":[],"Language":[],"NextChoiceId":4,"NextAnswerId":1,"QuestionID":"QID12"}},{"SurveyID":"SV_7aiH5OUBqcSooyV","Element":"SQ","PrimaryAttribute":"QID2","SecondaryAttribute":"TITLE OF STUDY: Learning, Perception, and Belief Revision in Infants, Children, and AdultsPrincip...","TertiaryAttribute":null,"Payload":{"QuestionText":"<span style=\"font-size:12pt\"><span style=\"tab-stops:147.0pt\"><span style=\"font-family:&quot;Times New Roman&quot;,serif\"><b><span style=\"font-size:10.0pt\"><span style=\"font-family:&quot;Arial&quot;,sans-serif\">TITLE OF STUDY:<\/span><\/span><\/b><span style=\"font-size:10.0pt\"><span style=\"font-family:&quot;Arial&quot;,sans-serif\"> Learning, Perception, and Belief Revision in Infants, Children, and Adults<\/span><\/span><\/span><\/span><\/span><br>\n<span style=\"font-size:12pt\"><span style=\"tab-stops:147.0pt\"><span style=\"font-family:&quot;Times New Roman&quot;,serif\"><b><span style=\"font-size:10.0pt\"><span style=\"font-family:&quot;Arial&quot;,sans-serif\">Principal Investigators: <\/span><\/span><\/b><span style=\"font-size:10.0pt\"><span style=\"font-family:&quot;Arial&quot;,sans-serif\">Elizabeth Bonawitz, Ph.D, and Vanessa LoBue, Ph.D<\/span><\/span><\/span><\/span><\/span><br>\n<br>\n<span style=\"font-size:12pt\"><span style=\"font-family:&quot;Times New Roman&quot;,serif\"><span style=\"font-size:10.0pt\"><span style=\"font-family:&quot;Arial&quot;,sans-serif\">The information in this consent form will provide more details about the research study and what will be asked of you if you choose to take part in it. If you have any questions, you should feel free to ask them and should expect to be given answers you completely understand.&nbsp; If you wish to take part in the research study, you will be asked to indicate so on this consent form. You are not giving up any of your legal rights by agreeing to take part in this research.<\/span><\/span><\/span><\/span><br>\n<br>\n<span style=\"font-size:12pt\"><span style=\"font-family:&quot;Times New Roman&quot;,serif\"><b><span style=\"font-size:10.0pt\"><span style=\"font-family:&quot;Arial&quot;,sans-serif\">Who is conducting this study?<\/span><\/span><\/b><\/span><\/span><br>\n<span style=\"font-size:12pt\"><span style=\"tab-stops:147.0pt\"><span style=\"font-family:&quot;Times New Roman&quot;,serif\"><span style=\"font-size:10.0pt\"><span style=\"font-family:&quot;Arial&quot;,sans-serif\"><span style=\"color:black\">This research study is conducted by the research laboratories of Dr. Elizabeth Bonawitz and Dr. Vanessa LoBue<\/span><\/span><\/span><span style=\"font-size:10.0pt\"><span style=\"font-family:&quot;Arial&quot;,sans-serif\">. The Principal Investigators have the overall responsibility for the conduct of the research. However, there are often other individuals who are part of the research team.<\/span><\/span><\/span><\/span><\/span><br>\n<br>\n<span style=\"font-size:12pt\"><span style=\"tab-stops:147.0pt center 3.25in left 254.25pt\"><span style=\"font-family:&quot;Times New Roman&quot;,serif\"><b><span style=\"font-size:10.0pt\"><span style=\"font-family:&quot;Arial&quot;,sans-serif\">Why is this study being done?&nbsp;&nbsp;&nbsp;&nbsp;&nbsp;&nbsp;&nbsp;&nbsp;&nbsp;&nbsp;&nbsp;&nbsp;&nbsp;&nbsp;&nbsp;&nbsp;&nbsp;&nbsp;&nbsp;&nbsp;&nbsp;&nbsp;&nbsp;&nbsp;&nbsp;&nbsp;&nbsp;&nbsp;&nbsp; <\/span><\/span><\/b><\/span><\/span><\/span><br>\n<span style=\"font-size:12pt\"><span style=\"tab-stops:147.0pt\"><span style=\"font-family:&quot;Times New Roman&quot;,serif\"><span style=\"font-size:10.0pt\"><span style=\"font-family:&quot;Arial&quot;,sans-serif\"><span style=\"color:black\">The purpose of this research is to understand how people are able to learn so much about the different objects they encounter in the world around them. We are currently studying individuals\u2019 learning and development in multiple domains, including emotional, cognitive, and conceptual. <\/span><\/span><\/span><\/span><\/span><\/span><br>\n<span style=\"font-size:12pt\"><span style=\"tab-stops:147.0pt\"><span style=\"font-family:&quot;Times New Roman&quot;,serif\">&nbsp;<\/span><\/span><\/span><br>\n<span style=\"font-size:12pt\"><span style=\"tab-stops:147.0pt\"><span style=\"font-family:&quot;Times New Roman&quot;,serif\"><b><span style=\"font-size:10.0pt\"><span style=\"font-family:&quot;Arial&quot;,sans-serif\">What will I be asked to do if I take part in this study?<\/span><\/span><\/b><\/span><\/span><\/span><br>\n<span style=\"font-size:12pt\"><span style=\"tab-stops:147.0pt\"><span style=\"font-family:&quot;Times New Roman&quot;,serif\"><span style=\"font-size:10.0pt\"><span style=\"font-family:&quot;Arial&quot;,sans-serif\"><span style=\"color:black\">This session will last approximately 10 to 60 minutes. In most cases, we will only ask to see you for one, but possibly several brief sessions. During the session, you will be presented with objects or images, you may watch a video clip, perform a computer task, read brief paragraphs, look at pictures, and\/or answer a series of questionnaires. You may be asked to make judgements, answer questions (such as making predictions and providing explanations), learn from and teach others, observe events as well as perform actions such as moving or reaching toward certain objects, grouping objects, or activating toys. There are no \u201cright or wrong\u201d responses to any of these questions or tasks\u2014we simply want to find out how people approach objects and situations. Please note that you are NOT being evaluated academically or psychologically, we are simply conducting basic research.<\/span><\/span><\/span><\/span><\/span><\/span><br>\n<br>\n<span style=\"font-size:12pt\"><span style=\"tab-stops:147.0pt\"><span style=\"font-family:&quot;Times New Roman&quot;,serif\"><b><span style=\"font-size:10.0pt\"><span style=\"font-family:&quot;Arial&quot;,sans-serif\">What are the risks of harm or discomforts I might experience if I take part in this study?<\/span><\/span><\/b><\/span><\/span><\/span><br>\n<span style=\"font-size:12pt\"><span style=\"tab-stops:147.0pt\"><span style=\"font-family:&quot;Times New Roman&quot;,serif\"><span style=\"font-size:10.0pt\"><span style=\"font-family:&quot;Arial&quot;,sans-serif\"><span style=\"color:black\">There are no foreseeable risks to participate in this study. While participation in this research provides no direct benefit to you, the results will help us learn about cognitive, emotional, and conceptual development.<\/span><\/span><\/span><\/span><\/span><\/span><br>\n<br>\n<span style=\"font-size:12pt\"><span style=\"tab-stops:147.0pt\"><span style=\"font-family:&quot;Times New Roman&quot;,serif\"><b><span style=\"font-size:10.0pt\"><span style=\"font-family:&quot;Arial&quot;,sans-serif\">What are my alternatives if I do not want to take part in this study?<\/span><\/span><\/b><\/span><\/span><\/span><br>\n<span style=\"font-size:12pt\"><span style=\"tab-stops:147.0pt\"><span style=\"font-family:&quot;Times New Roman&quot;,serif\"><span style=\"font-size:10.0pt\"><span style=\"font-family:&quot;Arial&quot;,sans-serif\">Your alternative is not to take part in this study.<\/span><\/span><\/span><\/span><\/span><br>\n<br>\n<span style=\"font-size:12pt\"><span style=\"tab-stops:1.5in 147.0pt\"><span style=\"font-family:&quot;Times New Roman&quot;,serif\"><b><span style=\"font-size:10.0pt\"><span style=\"font-family:&quot;Arial&quot;,sans-serif\">How will information about me be kept private or confidential?<\/span><\/span><\/b><\/span><\/span><\/span><br>\n<span style=\"font-size:12pt\"><span style=\"font-family:&quot;Times New Roman&quot;,serif\"><span style=\"font-size:10.0pt\"><span style=\"font-family:&quot;Arial&quot;,sans-serif\">The results of our studies are always reported in the form of group averages and individuals are not identifiable. The data we collect are confidential, and we do not disclose results from any individual participant to parents, subjects, or the university. The research records will include some information about you (including age, gender, phone number, and address) and this information will be stored in such a manner that some linkage between your identity and your responses in the research exists. Please note that we will keep this information confidential by limiting individuals\u2019 access to the research data and keeping it in a secure location. The research team and the Institutional Review Board at Rutgers University are the only parties that will be allowed to see the data, except as may be required by law. If a report of this study is published, or the results are presented at a professional conference, only group results will be reported. All study data will be kept for at least three years.<\/span><\/span><\/span><\/span><br>\n<br>\n<span style=\"font-size:12pt\"><span style=\"tab-stops:1.5in 147.0pt\"><span style=\"font-family:&quot;Times New Roman&quot;,serif\"><b><span style=\"font-size:10.0pt\"><span style=\"font-family:&quot;Arial&quot;,sans-serif\">Taking part is voluntary:<\/span><\/span><\/b><\/span><\/span><\/span><br>\n<span style=\"font-size:12pt\"><span style=\"tab-stops:1.5in 147.0pt\"><span style=\"font-family:&quot;Times New Roman&quot;,serif\"><span style=\"font-size:10.0pt\"><span style=\"font-family:&quot;Arial&quot;,sans-serif\">It is your choice whether to take part in the research. You may choose to take part or not to take part, and you may change your mind and withdraw from the study at any time. If you wish to stop at any time, you can exit out of your browser and the experiment will be discontinued immediately. You may also refrain from answering any questions that make you uncomfortable. <\/span><\/span><\/span><\/span><\/span><br>\n<br>\n<span style=\"font-size:12pt\"><span style=\"tab-stops:1.5in 147.0pt\"><span style=\"font-family:&quot;Times New Roman&quot;,serif\"><span style=\"font-size:10.0pt\"><span style=\"font-family:&quot;Arial&quot;,sans-serif\">If you do not want to enter the study or decide to stop taking part, your relationship with the study staff will not change, and if you are affiliated with Rutgers University, declining to participate will not affect your standing or enrollment.<\/span><\/span><\/span><\/span><\/span><br>\n<br>\n<span style=\"font-size:12pt\"><span style=\"tab-stops:1.5in 147.0pt\"><span style=\"font-family:&quot;Times New Roman&quot;,serif\"><b><span style=\"font-size:10.0pt\"><span style=\"font-family:&quot;Arial&quot;,sans-serif\">Who can I contact if I have questions?<\/span><\/span><\/b><\/span><\/span><\/span><br>\n<span style=\"font-size:12pt\"><span style=\"font-family:&quot;Times New Roman&quot;,serif\"><span style=\"font-size:10.0pt\"><span style=\"font-family:&quot;Arial&quot;,sans-serif\"><span style=\"color:black\">If you have any questions about taking part in this study, please ask them now. If you have questions later, you may contact either of the Principal Investigators: Dr. Elizabeth Bonawitz<\/span><\/span><\/span><span style=\"font-size:10.0pt\"><span style=\"font-family:&quot;Arial&quot;,sans-serif\"> [<\/span><\/span><a href=\"mailto:elizabeth.bonawitz@rutgers.edu\" style=\"color:blue; text-decoration:underline\"><span style=\"font-size:10.0pt\"><span style=\"font-family:&quot;Arial&quot;,sans-serif\">elizabeth.bonawitz@rutgers.edu<\/span><\/span><\/a><span style=\"font-size:10.0pt\"><span style=\"font-family:&quot;Arial&quot;,sans-serif\"><span style=\"color:black\">; (973) 353-3944] or Dr. Vanessa LoBue [<\/span><\/span><\/span><a href=\"mailto:vlobue@psychology.rutgers.edu\" style=\"color:blue; text-decoration:underline\"><span style=\"font-size:10.0pt\"><span style=\"font-family:&quot;Arial&quot;,sans-serif\">vlobue@psychology.rutgers.edu<\/span><\/span><\/a><span style=\"font-size:10.0pt\"><span style=\"font-family:&quot;Arial&quot;,sans-serif\">; (973) 353-3950]. You may also contact their Lab Manager, Elise Mahaffey, at <\/span><\/span><a href=\"mailto:elise.mahaffey@rutgers.edu\" style=\"color:blue; text-decoration:underline\"><span style=\"font-size:10.0pt\"><span style=\"font-family:&quot;Arial&quot;,sans-serif\">elise.mahaffey@rutgers.edu<\/span><\/span><\/a><span style=\"font-size:10.0pt\"><span style=\"font-family:&quot;Arial&quot;,sans-serif\"> or (973) 353-3938 with any questions.<\/span><\/span><\/span><\/span><br>\n<br>\n<span style=\"font-size:12pt\"><span style=\"font-family:&quot;Times New Roman&quot;,serif\"><span style=\"font-size:10.0pt\"><span style=\"font-family:&quot;Arial&quot;,sans-serif\">If you have questions about your rights as a research subject, you may contact the Rutgers IRB Director at<span style=\"color:black\">: Arts and Sciences IRB, 335 George St., Liberty Plaza Ste. 3200, New Brunswick, NJ 08901 (732) 235-2866 <\/span>or the Rutgers Human Subjects Protection Program at (973) 972-1149,<span style=\"color:black\"> email us at <\/span><\/span><\/span><a href=\"mailto:humansubjects@ored.rutgers.edu\" style=\"color:blue; text-decoration:underline\"><span style=\"font-size:10.0pt\"><span style=\"font-family:&quot;Arial&quot;,sans-serif\">humansubjects@ored.rutgers.edu<\/span><\/span><\/a><span style=\"font-size:10.0pt\"><span style=\"font-family:&quot;Arial&quot;,sans-serif\"> or write us at 65 Bergen St., Suite 507, Newark, NJ 07107.<\/span><\/span><\/span><br>\n<br>\n<br>\n<strong><span style=\"tab-stops:147.0pt\"><span style=\"font-family:&quot;Times New Roman&quot;,serif\"><span style=\"font-size:10.0pt\"><span style=\"font-family:&quot;Arial&quot;,sans-serif\">By selecting the \u201cconsent\u201d button below, I acknowledge that I am 18 or older, have read this consent form, and I agree to take part in the Learning, Perception, and Belief Revision in Infants, Children, and Adults project conducted by the research laboratories of Dr. Elizabeth Bonawitz and Dr. Vanessa LoBue.<\/span><\/span><\/span><\/span><\/strong><\/span><br>\n&nbsp;","DefaultChoices":false,"DataExportTag":"Q3","QuestionType":"MC","Selector":"SAVR","SubSelector":"TX","DataVisibility":{"Private":false,"Hidden":false},"Configuration":{"QuestionDescriptionOption":"UseText"},"QuestionDescription":"TITLE OF STUDY: Learning, Perception, and Belief Revision in Infants, Children, and AdultsPrincip...","Choices":{"1":{"Display":"<strong>I consent to participate in this study<\/strong>"},"2":{"Display":"I decline to participate in this study"}},"ChoiceOrder":[1,2],"Validation":{"Settings":{"ForceResponse":"ON","ForceResponseType":"ON","Type":"None"}},"GradingData":[],"Language":[],"NextChoiceId":3,"NextAnswerId":1,"QuestionID":"QID2"}},{"SurveyID":"SV_7aiH5OUBqcSooyV","Element":"SQ","PrimaryAttribute":"QID28","SecondaryAttribute":"What state do you live in?","TertiaryAttribute":null,"Payload":{"QuestionText":"What state do you live in?","DefaultChoices":false,"DataExportTag":"Q28","QuestionType":"MC","Selector":"DL","Configuration":{"QuestionDescriptionOption":"UseText"},"QuestionDescription":"What state do you live in?","Choices":{"1":{"Display":"Click to write Choice 1"},"2":{"Display":"Click to write Choice 2"},"3":{"Display":"Click to write Choice 3"},"11":{"Display":"Click to write Choice 4"},"12":{"Display":"Click to write Choice 5"},"13":{"Display":"Click to write Choice 6"},"14":{"Display":"Click to write Choice 7"},"15":{"Display":"Click to write Choice 8"},"16":{"Display":"Click to write Choice 9"},"17":{"Display":"Click to write Choice 10"},"18":{"Display":"Click to write Choice 11"},"19":{"Display":"Click to write Choice 12"},"20":{"Display":"Click to write Choice 13"},"21":{"Display":"Click to write Choice 14"},"22":{"Display":"Click to write Choice 15"},"23":{"Display":"Click to write Choice 16"},"24":{"Display":"Click to write Choice 17"},"25":{"Display":"Click to write Choice 18"},"26":{"Display":"Click to write Choice 19"},"27":{"Display":"Click to write Choice 20"},"28":{"Display":"Click to write Choice 21"},"29":{"Display":"Click to write Choice 22"},"30":{"Display":"Click to write Choice 23"},"31":{"Display":"Click to write Choice 24"},"32":{"Display":"Click to write Choice 25"},"33":{"Display":"Click to write Choice 26"},"34":{"Display":"Click to write Choice 27"},"35":{"Display":"Click to write Choice 28"},"36":{"Display":"Click to write Choice 29"},"37":{"Display":"Click to write Choice 30"},"38":{"Display":"Click to write Choice 31"},"39":{"Display":"Click to write Choice 32"},"40":{"Display":"Click to write Choice 33"},"41":{"Display":"Click to write Choice 34"},"42":{"Display":"Click to write Choice 35"},"43":{"Display":"Click to write Choice 36"},"44":{"Display":"Click to write Choice 37"},"45":{"Display":"Click to write Choice 38"},"46":{"Display":"Click to write Choice 39"},"47":{"Display":"Click to write Choice 40"},"48":{"Display":"Click to write Choice 41"},"49":{"Display":"Click to write Choice 42"},"50":{"Display":"Click to write Choice 43"},"51":{"Display":"Click to write Choice 44"},"52":{"Display":"Click to write Choice 45"},"53":{"Display":"Click to write Choice 46"},"54":{"Display":"Click to write Choice 47"},"55":{"Display":"Click to write Choice 48"},"56":{"Display":"Click to write Choice 49"},"57":{"Display":"Click to write Choice 50"}},"ChoiceOrder":["1","2","3","11","12","13","14","15","16","17","18","19","20","21","22","23","24","25","26","27","28","29","30","31","32","33","34","35","36","37","38","39","40","41","42","43","44","45","46","47","48","49","50","51","52","53","54","55","56","57"],"Validation":{"Settings":{"ForceResponse":"OFF","ForceResponseType":"ON","Type":"None"}},"GradingData":[],"Language":[],"NextChoiceId":58,"NextAnswerId":1,"QuestionID":"QID28"}},{"SurveyID":"SV_7aiH5OUBqcSooyV","Element":"SQ","PrimaryAttribute":"QID29","SecondaryAttribute":"What state do you live in?","TertiaryAttribute":null,"Payload":{"QuestionText":"What state do you live in?","DefaultChoices":false,"DataExportTag":"State","QuestionType":"TE","Selector":"SL","Configuration":{"QuestionDescriptionOption":"UseText"},"QuestionDescription":"What state do you live in?","Validation":{"Settings":{"ForceResponse":"RequestResponse","ForceResponseType":"RequestResponse","Type":"None"}},"GradingData":[],"Language":[],"NextChoiceId":4,"NextAnswerId":1,"SearchSource":{"AllowFreeResponse":"false"},"QuestionID":"QID29"}},{"SurveyID":"SV_7aiH5OUBqcSooyV","Element":"SQ","PrimaryAttribute":"QID26","SecondaryAttribute":"When you had COVID-19, how unwell did you feel during the worst phase of the illness?","TertiaryAttribute":null,"Payload":{"QuestionText":"When you had COVID-19, how unwell did you feel during the worst phase of the illness?","DataExportTag":"severity","QuestionType":"MC","Selector":"SAVR","SubSelector":"TX","Configuration":{"QuestionDescriptionOption":"UseText"},"QuestionDescription":"When you had COVID-19, how unwell did you feel during the worst phase of the illness?","Choices":{"1":{"Display":"No symptoms\/didn't know I had it until tested"},"2":{"Display":"Mild symptoms"},"3":{"Display":"Moderate symptoms"},"4":{"Display":"Extremely ill"},"5":{"Display":"I was in critical condition"}},"DisplayLogic":{"0":{"0":{"LogicType":"Question","QuestionID":"QID25","QuestionIsInLoop":"no","ChoiceLocator":"q:\/\/QID25\/SelectableChoice\/1","Operator":"Selected","QuestionIDFromLocator":"QID25","LeftOperand":"q:\/\/QID25\/SelectableChoice\/1","Type":"Expression","Description":"<span class=\"ConjDesc\">If<\/span> <span class=\"QuestionDesc\">Have you contracted COVID-19 at any point during the pandemic?<\/span> <span class=\"LeftOpDesc\">Yes<\/span> <span class=\"OpDesc\">Is Selected<\/span> "},"Type":"If"},"Type":"BooleanExpression","inPage":false},"ChoiceOrder":["1","2","3","4","5"],"Validation":{"Settings":{"ForceResponse":"RequestResponse","ForceResponseType":"RequestResponse","Type":"None"}},"Language":[],"NextChoiceId":6,"NextAnswerId":1,"QuestionID":"QID26"}}]}