{"SurveyEntry":{"SurveyID":"SV_eyqhIOuSyG5tzQW","SurveyName":"Overreaction - Exp 5","SurveyDescription":null,"SurveyOwnerID":"UR_0NEA50PNgPCnUWx","SurveyBrandID":"rutgers","DivisionID":"DV_6o1ZZaGGJccqalD","SurveyLanguage":"EN","SurveyActiveResponseSet":"RS_3PeaH4qMmgKiMyW","SurveyStatus":"Active","SurveyStartDate":"0000-00-00 00:00:00","SurveyExpirationDate":"0000-00-00 00:00:00","SurveyCreationDate":"2021-06-03 11:41:54","CreatorID":"UR_0NEA50PNgPCnUWx","LastModified":"2021-06-04 13:16:15","LastAccessed":"0000-00-00 00:00:00","LastActivated":"2021-06-03 12:10:38","Deleted":null},"SurveyElements":[{"SurveyID":"SV_eyqhIOuSyG5tzQW","Element":"BL","PrimaryAttribute":"Survey Blocks","SecondaryAttribute":null,"TertiaryAttribute":null,"Payload":{"0":{"Type":"Default","Description":"Consent","ID":"BL_06cbpRDL4pLvLIV","BlockElements":[{"Type":"Question","QuestionID":"QID1"}]},"1":{"Type":"Trash","Description":"Trash \/ Unused Questions","ID":"BL_bKM8B50pbCrFSlv","BlockElements":[{"Type":"Question","QuestionID":"QID20"},{"Type":"Question","QuestionID":"QID21"},{"Type":"Question","QuestionID":"QID22"},{"Type":"Question","QuestionID":"QID23"},{"Type":"Question","QuestionID":"QID19"},{"Type":"Question","QuestionID":"QID6"},{"Type":"Question","QuestionID":"QID7"},{"Type":"Question","QuestionID":"QID8"},{"Type":"Question","QuestionID":"QID9"},{"Type":"Question","QuestionID":"QID11"},{"Type":"Question","QuestionID":"QID10"},{"Type":"Question","QuestionID":"QID12"},{"Type":"Question","QuestionID":"QID14"},{"Type":"Question","QuestionID":"QID15"},{"Type":"Question","QuestionID":"QID25"},{"Type":"Question","QuestionID":"QID26"},{"Type":"Question","QuestionID":"QID32"}]},"2":{"Type":"Standard","SubType":"","Description":"Instructions","ID":"BL_7TL6t4FHr6a9prL","BlockElements":[{"Type":"Question","QuestionID":"QID2"}]},"3":{"Type":"Standard","SubType":"","Description":"Dam part 1","ID":"BL_3mTHwp4GP88Bfrn","BlockElements":[{"Type":"Question","QuestionID":"QID3"},{"Type":"Question","QuestionID":"QID4"},{"Type":"Question","QuestionID":"QID5"}]},"5":{"Type":"Standard","SubType":"","Description":"DamCompCheck","ID":"BL_e4KhmRsiy4F2DMV","BlockElements":[{"Type":"Question","QuestionID":"QID13"}]},"6":{"Type":"Standard","SubType":"","Description":"FirePre","ID":"BL_3ypzoFEqlx0JkZD","BlockElements":[{"Type":"Question","QuestionID":"QID16"},{"Type":"Question","QuestionID":"QID17"},{"Type":"Question","QuestionID":"QID18"}]},"8":{"Type":"Standard","SubType":"","Description":"FireCheck","ID":"BL_8BN08FjfdIHSJ49","BlockElements":[{"Type":"Question","QuestionID":"QID24"}]},"9":{"Type":"Standard","SubType":"","Description":"Demographics","ID":"BL_6MB0q59NWgN64ct","BlockElements":[{"Type":"Question","QuestionID":"QID29"},{"Type":"Question","QuestionID":"QID28"},{"Type":"Question","QuestionID":"QID30"},{"Type":"Question","QuestionID":"QID27"}]},"10":{"Type":"Standard","SubType":"","Description":"DamIntervention","ID":"BL_6yy5SqI32igVOlM","BlockElements":[{"Type":"Question","QuestionID":"QID31"}]},"11":{"Type":"Standard","SubType":"","Description":"FireIntervention","ID":"BL_031pl2B4ERLPegS","BlockElements":[{"Type":"Question","QuestionID":"QID33"}]},"12":{"Type":"Standard","SubType":"","Description":"Block 9","ID":"BL_eo0dpRy5Nl2hdpc","BlockElements":[{"Type":"Question","QuestionID":"QID34"}]}}},{"SurveyID":"SV_eyqhIOuSyG5tzQW","Element":"FL","PrimaryAttribute":"Survey Flow","SecondaryAttribute":null,"TertiaryAttribute":null,"Payload":{"Type":"Root","FlowID":"FL_1","Flow":[{"Type":"Block","ID":"BL_06cbpRDL4pLvLIV","FlowID":"FL_2","Autofill":[]},{"Type":"Branch","FlowID":"FL_26","Description":"New Branch","BranchLogic":{"0":{"0":{"LogicType":"Question","QuestionID":"QID1","QuestionIsInLoop":"no","ChoiceLocator":"q:\/\/QID1\/SelectableChoice\/1","Operator":"NotSelected","QuestionIDFromLocator":"QID1","LeftOperand":"q:\/\/QID1\/SelectableChoice\/1","Type":"Expression","Description":"<span class=\"ConjDesc\">If<\/span> <span class=\"QuestionDesc\">TITLE OF STUDY: Learning, Perception, and Belief Revision in Infants, Children, and AdultsPrincip...<\/span> <span class=\"LeftOpDesc\">&lt;strong&gt;I consent to participate in this study&lt;\/strong&gt;<\/span> <span class=\"OpDesc\">Is Not Selected<\/span> "},"Type":"If"},"Type":"BooleanExpression"},"Flow":[{"Type":"EndSurvey","FlowID":"FL_27","EndingType":"Advanced","Options":{"Advanced":"true","CountQuotas":"No"}}]},{"Type":"Standard","ID":"BL_7TL6t4FHr6a9prL","FlowID":"FL_3","Autofill":[]},{"Type":"EmbeddedData","FlowID":"FL_25","EmbeddedData":[{"Description":"PROLIFIC_PID","Type":"Recipient","Field":"PROLIFIC_PID","VariableType":"String","DataVisibility":[],"AnalyzeText":false},{"Description":"SESSION_ID","Type":"Recipient","Field":"SESSION_ID","VariableType":"String","DataVisibility":[],"AnalyzeText":false}]},{"Type":"BlockRandomizer","FlowID":"FL_7","SubSet":"1","EvenPresentation":true,"Flow":[{"Type":"EmbeddedData","FlowID":"FL_11","EmbeddedData":[{"Description":"Cond","Type":"Custom","Field":"Cond","VariableType":"String","DataVisibility":[],"AnalyzeText":false,"Value":"LRBNC"}]}]},{"Type":"BlockRandomizer","FlowID":"FL_16","SubSet":2,"Flow":[{"Type":"Group","FlowID":"FL_17","Description":"Dam","Flow":[{"Type":"Standard","ID":"BL_3mTHwp4GP88Bfrn","FlowID":"FL_4","Autofill":[]},{"ID":"BL_6yy5SqI32igVOlM","Type":"Standard","FlowID":"FL_28"},{"Type":"Standard","ID":"BL_e4KhmRsiy4F2DMV","FlowID":"FL_18","Autofill":[]}]},{"Type":"Group","FlowID":"FL_23","Description":"Fire","Flow":[{"Type":"Standard","ID":"BL_3ypzoFEqlx0JkZD","FlowID":"FL_19","Autofill":[]},{"ID":"BL_031pl2B4ERLPegS","Type":"Standard","FlowID":"FL_29"},{"Type":"Standard","ID":"BL_8BN08FjfdIHSJ49","FlowID":"FL_21","Autofill":[]},{"ID":"BL_eo0dpRy5Nl2hdpc","Type":"Standard","FlowID":"FL_30"}]}]},{"Type":"Standard","ID":"BL_6MB0q59NWgN64ct","FlowID":"FL_22","Autofill":[]}],"Properties":{"Count":30,"RemovedFieldsets":[]}}},{"SurveyID":"SV_eyqhIOuSyG5tzQW","Element":"RS","PrimaryAttribute":"RS_3PeaH4qMmgKiMyW","SecondaryAttribute":null,"TertiaryAttribute":null,"Payload":null},{"SurveyID":"SV_eyqhIOuSyG5tzQW","Element":"SO","PrimaryAttribute":"Survey Options","SecondaryAttribute":null,"TertiaryAttribute":null,"Payload":{"BackButton":"false","SaveAndContinue":"false","SurveyProtection":"PublicSurvey","BallotBoxStuffingPrevention":"false","NoIndex":"Yes","SecureResponseFiles":"true","SurveyExpiration":null,"SurveyTermination":"DisplayMessage","Header":"","Footer":"","ProgressBarDisplay":"None","PartialData":"+1 week","ValidationMessage":null,"PreviousButton":" \u2190 ","NextButton":" \u2192 ","SurveyTitle":"Online Survey Software | Qualtrics Survey Solutions","SkinLibrary":"rutgers","SkinType":"MQ","Skin":"rutgers4","NewScoring":1,"ProtectSelectionIds":true,"EOSMessage":"MS_4YFcXN5mEscKxzn","ShowExportTags":"false","CollectGeoLocation":"false","SurveyMetaDescription":"The most powerful, simple and trusted way to gather experience data. Start your journey to experience management and try a free account today.","PasswordProtection":"No","AnonymizeResponse":"No","Password":"","RefererCheck":"No","RefererURL":"http:\/\/","BallotBoxStuffingPreventionBehavior":null,"BallotBoxStuffingPreventionMessage":null,"BallotBoxStuffingPreventionMessageLibrary":null,"BallotBoxStuffingPreventionURL":null,"RecaptchaV3":"false","ConfirmStart":false,"AutoConfirmStart":false,"UseCustomSurveyLinkCompletedMessage":null,"SurveyLinkCompletedMessage":"","SurveyLinkCompletedMessageLibrary":"","ResponseSummary":"No","EOSMessageLibrary":"UR_0NEA50PNgPCnUWx","EOSRedirectURL":"https:\/\/app.prolific.co\/submissions\/complete?cc=302C852B","EmailThankYou":"false","ThankYouEmailMessageLibrary":null,"ThankYouEmailMessage":null,"ValidateMessage":"true","ValidationMessageLibrary":null,"InactiveSurvey":"DefaultMessage","PartialDataCloseAfter":"LastActivity","ActiveResponseSet":null,"InactiveMessageLibrary":"","InactiveMessage":"","AvailableLanguages":{"EN":[]},"PartialDeletion":null}},{"SurveyID":"SV_eyqhIOuSyG5tzQW","Element":"SCO","PrimaryAttribute":"Scoring","SecondaryAttribute":null,"TertiaryAttribute":null,"Payload":{"ScoringCategories":[],"ScoringCategoryGroups":[],"ScoringSummaryCategory":null,"ScoringSummaryAfterQuestions":0,"ScoringSummaryAfterSurvey":0,"DefaultScoringCategory":null,"AutoScoringCategory":null}},{"SurveyID":"SV_eyqhIOuSyG5tzQW","Element":"PROJ","PrimaryAttribute":"CORE","SecondaryAttribute":null,"TertiaryAttribute":"1.1.0","Payload":{"ProjectCategory":"CORE","SchemaVersion":"1.1.0"}},{"SurveyID":"SV_eyqhIOuSyG5tzQW","Element":"STAT","PrimaryAttribute":"Survey Statistics","SecondaryAttribute":null,"TertiaryAttribute":null,"Payload":{"MobileCompatible":false,"ID":"Survey Statistics"}},{"SurveyID":"SV_eyqhIOuSyG5tzQW","Element":"QC","PrimaryAttribute":"Survey Question Count","SecondaryAttribute":"34","TertiaryAttribute":null,"Payload":null},{"SurveyID":"SV_eyqhIOuSyG5tzQW","Element":"SQ","PrimaryAttribute":"QID28","SecondaryAttribute":"Age","TertiaryAttribute":null,"Payload":{"QuestionText":"Age","DefaultChoices":false,"DataExportTag":"age","QuestionType":"TE","Selector":"SL","Configuration":{"QuestionDescriptionOption":"UseText"},"QuestionDescription":"Age","Validation":{"Settings":{"ForceResponse":"OFF","ForceResponseType":"ON","Type":"None"}},"GradingData":[],"Language":[],"NextChoiceId":4,"NextAnswerId":1,"SearchSource":{"AllowFreeResponse":"false"},"QuestionID":"QID28"}},{"SurveyID":"SV_eyqhIOuSyG5tzQW","Element":"SQ","PrimaryAttribute":"QID10","SecondaryAttribute":"Click to write the question text","TertiaryAttribute":null,"Payload":{"QuestionText":"Click to write the question text","DataExportTag":"Q10","QuestionType":"MC","Selector":"SAVR","SubSelector":"TX","Configuration":{"QuestionDescriptionOption":"UseText"},"QuestionDescription":"Click to write the question text","Choices":{"1":{"Display":"Click to write Choice 1"},"2":{"Display":"Click to write Choice 2"},"3":{"Display":"Click to write Choice 3"}},"ChoiceOrder":["1","2","3"],"Validation":{"Settings":{"ForceResponse":"OFF","ForceResponseType":"ON","Type":"None"}},"Language":[],"NextChoiceId":4,"NextAnswerId":1,"QuestionID":"QID10"}},{"SurveyID":"SV_eyqhIOuSyG5tzQW","Element":"SQ","PrimaryAttribute":"QID32","SecondaryAttribute":"Click to write the question text","TertiaryAttribute":null,"Payload":{"QuestionText":"Click to write the question text","DefaultChoices":false,"DataExportTag":"Q32","QuestionType":"MC","Selector":"SAVR","SubSelector":"TX","Configuration":{"QuestionDescriptionOption":"UseText"},"QuestionDescription":"Click to write the question text","Choices":{"1":{"Display":"Click to write Choice 1"},"2":{"Display":"Click to write Choice 2"},"3":{"Display":"Click to write Choice 3"}},"ChoiceOrder":["1","2","3"],"Validation":{"Settings":{"ForceResponse":"OFF","Type":"None"}},"GradingData":[],"Language":[],"NextChoiceId":4,"NextAnswerId":1,"QuestionID":"QID32"}},{"SurveyID":"SV_eyqhIOuSyG5tzQW","Element":"SQ","PrimaryAttribute":"QID14","SecondaryAttribute":"Did the dam fail?","TertiaryAttribute":null,"Payload":{"QuestionText":"Did the dam fail?","DataExportTag":"DOutcomeCheck","QuestionType":"MC","Selector":"SAVR","SubSelector":"TX","Configuration":{"QuestionDescriptionOption":"UseText"},"QuestionDescription":"Did the dam fail?","Choices":{"1":{"Display":"Yes"},"2":{"Display":"No"}},"ChoiceOrder":[1,2],"Validation":{"Settings":{"ForceResponse":"OFF","ForceResponseType":"ON","Type":"None"}},"Language":[],"NextChoiceId":3,"NextAnswerId":1,"QuestionID":"QID14"}},{"SurveyID":"SV_eyqhIOuSyG5tzQW","Element":"SQ","PrimaryAttribute":"QID26","SecondaryAttribute":"Do you think the decision to have rolling blackouts has anything to do with the outcome? (Note: w...","TertiaryAttribute":null,"Payload":{"QuestionText":"Do you think the decision to have rolling blackouts has anything to do with the outcome? (Note: we're interested in your opinion.)","DataExportTag":"FireCauseExp","QuestionType":"MC","Selector":"SAVR","SubSelector":"TX","Configuration":{"QuestionDescriptionOption":"UseText"},"QuestionDescription":"Do you think the decision to have rolling blackouts has anything to do with the outcome? (Note: w...","Choices":{"1":{"Display":"Yes"},"2":{"Display":"Not sure"},"3":{"Display":"No"}},"ChoiceOrder":[1,2,3],"Validation":{"Settings":{"ForceResponse":"OFF","ForceResponseType":"ON","Type":"None"}},"Language":[],"NextChoiceId":4,"NextAnswerId":1,"QuestionID":"QID26","DataVisibility":{"Private":false,"Hidden":false}}},{"SurveyID":"SV_eyqhIOuSyG5tzQW","Element":"SQ","PrimaryAttribute":"QID15","SecondaryAttribute":"Do you think the decision to renovate the dam has anything to do with the outcome? (Note: we're i...","TertiaryAttribute":null,"Payload":{"QuestionText":"Do you think the decision to renovate the dam has anything to do with the outcome? (Note: we're interested in your opinion.)","DataExportTag":"DCauseExploratory","QuestionType":"MC","Selector":"SAVR","SubSelector":"TX","Configuration":{"QuestionDescriptionOption":"UseText"},"QuestionDescription":"Do you think the decision to renovate the dam has anything to do with the outcome? (Note: we're i...","Choices":{"1":{"Display":"Yes"},"2":{"Display":"Not sure"},"3":{"Display":"No"}},"ChoiceOrder":["1","2","3"],"Validation":{"Settings":{"ForceResponse":"OFF","ForceResponseType":"ON","Type":"None"}},"Language":[],"NextChoiceId":4,"NextAnswerId":1,"QuestionID":"QID15","DataVisibility":{"Private":false,"Hidden":false}}},{"SurveyID":"SV_eyqhIOuSyG5tzQW","Element":"SQ","PrimaryAttribute":"QID30","SecondaryAttribute":"Gender identity","TertiaryAttribute":null,"Payload":{"QuestionText":"Gender identity","DataExportTag":"gender","QuestionType":"MC","Selector":"SAVR","SubSelector":"TX","Configuration":{"QuestionDescriptionOption":"UseText","Autoscale":{"YScale":{"Name":"maleFemale","Type":"likert","Reverse":false}}},"QuestionDescription":"Gender identity","Choices":{"1":{"Display":"Male"},"2":{"Display":"Female"},"3":{"Display":"Nonbinary"},"4":{"Display":"Self-identified\/other"}},"ChoiceOrder":[1,2,3,4],"Validation":{"Settings":{"ForceResponse":"OFF","ForceResponseType":"ON","Type":"None"}},"Language":[],"NextChoiceId":5,"NextAnswerId":1,"QuestionID":"QID30"}},{"SurveyID":"SV_eyqhIOuSyG5tzQW","Element":"SQ","PrimaryAttribute":"QID34","SecondaryAttribute":"How much were you engaged with this survey?","TertiaryAttribute":null,"Payload":{"QuestionText":"How much were you engaged with this survey?","DefaultChoices":false,"DataExportTag":"FocusCheck","QuestionType":"Slider","Selector":"HSLIDER","Configuration":{"QuestionDescriptionOption":"UseText","CSSliderMin":0,"CSSliderMax":100,"GridLines":10,"SnapToGrid":false,"NumDecimals":"0","ShowValue":false,"CustomStart":false,"NotApplicable":false,"MobileFirst":true},"QuestionDescription":"How much were you engaged with this survey?","Choices":{"1":{"Display":"How engaged?"}},"ChoiceOrder":["1"],"Validation":{"Settings":{"ForceResponse":"RequestResponse","ForceResponseType":"RequestResponse","Type":"None"}},"GradingData":[],"Language":[],"NextChoiceId":4,"NextAnswerId":4,"Labels":{"1":{"Display":"Not paying attention at all"},"2":{"Display":"Fully engaged"}},"QuestionID":"QID34"}},{"SurveyID":"SV_eyqhIOuSyG5tzQW","Element":"SQ","PrimaryAttribute":"QID27","SecondaryAttribute":"I would identify my race\/ ethnicity as (check all that apply):","TertiaryAttribute":null,"Payload":{"QuestionText":"I would identify my race\/ ethnicity as (check all that apply):","DataExportTag":"race\/eth","QuestionType":"MC","Selector":"MAVR","SubSelector":"TX","DataVisibility":{"Private":false,"Hidden":false},"Configuration":{"QuestionDescriptionOption":"UseText"},"QuestionDescription":"I would identify my race\/ ethnicity as (check all that apply):","Choices":{"1":{"Display":"American Indian\/ Alaska Native"},"2":{"Display":"Asian\/ Pacific Islander"},"3":{"Display":"Black\/ African American"},"4":{"Display":"South Asian\/ Indian"},"5":{"Display":"White, not of Hispanic origin"},"6":{"Display":"Hispanic"},"7":{"Display":"Other (please specify)","TextEntry":"true"}},"ChoiceOrder":[1,2,3,4,5,6,7],"Validation":{"Settings":{"ForceResponse":"OFF","ForceResponseType":"ON","Type":"None"}},"Language":[],"NextChoiceId":8,"NextAnswerId":1,"QuestionID":"QID27"}},{"SurveyID":"SV_eyqhIOuSyG5tzQW","Element":"SQ","PrimaryAttribute":"QID33","SecondaryAttribute":"In order to minimize wildfire risk, last summer the company decided to cut power to certain areas...","TertiaryAttribute":null,"Payload":{"QuestionText":"<div>In order to minimize wildfire risk, last summer the company decided to cut power to certain areas during the hottest weeks of the summer, so that the power-lines wouldn\u2019t spark a fire. This would be a problem for many of the people who lived in the area, who would lose power and couldn\u2019t get air conditioning or keep their food refrigerated. The company acknowledged the economic cost of their decision, but said that it was less costly and dangerous than a wildfire, and went ahead with their plan.<br><br><\/div><div>Can you think of less costly solution(s) to the problem? If so, please describe them.<\/div>","DefaultChoices":false,"DataExportTag":"FireIntervention","QuestionType":"MC","Selector":"SAVR","SubSelector":"TX","DataVisibility":{"Private":false,"Hidden":false},"Configuration":{"QuestionDescriptionOption":"UseText"},"QuestionDescription":"In order to minimize wildfire risk, last summer the company decided to cut power to certain areas...","Choices":{"1":{"Display":"Yes","TextEntry":"true"},"2":{"Display":"No"}},"ChoiceOrder":["1","2"],"Validation":{"Settings":{"ForceResponse":"OFF","Type":"None"}},"GradingData":[],"Language":[],"NextChoiceId":4,"NextAnswerId":1,"QuestionID":"QID33"}},{"SurveyID":"SV_eyqhIOuSyG5tzQW","Element":"SQ","PrimaryAttribute":"QID7","SecondaryAttribute":"Near the end of the renovation there was a major draught, and the reservoir level dropped by seve...","TertiaryAttribute":null,"Payload":{"QuestionText":"Near the end of the renovation there was a major draught, and the reservoir level dropped by several feet. With so little water to hold back, the dam was fine.","DefaultChoices":false,"DataExportTag":"DGNC","QuestionType":"DB","Selector":"TB","Configuration":{"QuestionDescriptionOption":"UseText"},"QuestionDescription":"Near the end of the renovation there was a major draught, and the reservoir level dropped by seve...","ChoiceOrder":[],"Validation":{"Settings":{"Type":"None"}},"GradingData":[],"Language":[],"NextChoiceId":4,"NextAnswerId":1,"QuestionID":"QID7","DataVisibility":{"Private":false,"Hidden":false},"DisplayLogic":{"0":{"0":{"LogicType":"EmbeddedField","LeftOperand":"Cond","Operator":"MatchesRegex","RightOperand":"..GNC","Type":"Expression","Description":"<span class=\"ConjDesc\">If<\/span>  <span class=\"LeftOpDesc\">Cond<\/span> <span class=\"OpDesc\">Matches Regex<\/span> <span class=\"RightOpDesc\"> ..GNC <\/span>"},"Type":"If"},"Type":"BooleanExpression","inPage":false}}},{"SurveyID":"SV_eyqhIOuSyG5tzQW","Element":"SQ","PrimaryAttribute":"QID6","SecondaryAttribute":"Near the end of the renovation, there was a historic rainstorm, which filled the reservoir to its...","TertiaryAttribute":null,"Payload":{"QuestionText":"Near the end of the renovation, there was a historic rainstorm, which filled the reservoir to its absolute brim, and more than the dam was originally designed to handle. But, because of the renovations, the dam was fine.","DefaultChoices":false,"DataExportTag":"DGC","QuestionType":"DB","Selector":"TB","Configuration":{"QuestionDescriptionOption":"UseText"},"QuestionDescription":"Near the end of the renovation, there was a historic rainstorm, which filled the reservoir to its...","ChoiceOrder":[],"Validation":{"Settings":{"Type":"None"}},"GradingData":[],"Language":[],"NextChoiceId":4,"NextAnswerId":1,"QuestionID":"QID6","DataVisibility":{"Private":false,"Hidden":false},"DisplayLogic":{"0":{"0":{"LogicType":"EmbeddedField","LeftOperand":"Cond","Operator":"MatchesRegex","RightOperand":"..GC","Type":"Expression","Description":"<span class=\"ConjDesc\">If<\/span>  <span class=\"LeftOpDesc\">Cond<\/span> <span class=\"OpDesc\">Matches Regex<\/span> <span class=\"RightOpDesc\"> ..GC <\/span>"},"Type":"If"},"Type":"BooleanExpression","inPage":false}}},{"SurveyID":"SV_eyqhIOuSyG5tzQW","Element":"SQ","PrimaryAttribute":"QID20","SecondaryAttribute":"That summer, an Acme company wire fell down in a windstorm, but it was during one of the rolling...","TertiaryAttribute":null,"Payload":{"QuestionText":"<p>That summer, an Acme company wire fell down in a windstorm, but it was during one of the rolling blackouts and the wire was dead. Even though the ground was very dry, it did not spark a fire.<o:p><\/o:p><\/p>","DefaultChoices":false,"DataExportTag":"FGC","QuestionType":"DB","Selector":"TB","Configuration":{"QuestionDescriptionOption":"UseText"},"QuestionDescription":"That summer, an Acme company wire fell down in a windstorm, but it was during one of the rolling...","ChoiceOrder":[],"Validation":{"Settings":{"Type":"None"}},"GradingData":[],"Language":[],"NextChoiceId":4,"NextAnswerId":1,"QuestionID":"QID20","DisplayLogic":{"0":{"0":{"LogicType":"EmbeddedField","LeftOperand":"Cond","Operator":"MatchesRegex","RightOperand":"..GC","Type":"Expression","Description":"<span class=\"ConjDesc\">If<\/span>  <span class=\"LeftOpDesc\">Cond<\/span> <span class=\"OpDesc\">Matches Regex<\/span> <span class=\"RightOpDesc\"> ..GC <\/span>"},"Type":"If"},"Type":"BooleanExpression","inPage":false}}},{"SurveyID":"SV_eyqhIOuSyG5tzQW","Element":"SQ","PrimaryAttribute":"QID22","SecondaryAttribute":"That summer, an Acme company wire fell down in a windstorm, but it was in between the rolling bla...","TertiaryAttribute":null,"Payload":{"QuestionText":"That summer, an Acme company wire fell down in a windstorm, but it was in between the rolling blackouts, so the wire was still live. Because the ground was so dry, it started a huge wildfire that damaged many towns.","DefaultChoices":false,"DataExportTag":"FBC","QuestionType":"DB","Selector":"TB","Configuration":{"QuestionDescriptionOption":"UseText"},"QuestionDescription":"That summer, an Acme company wire fell down in a windstorm, but it was in between the rolling bla...","ChoiceOrder":[],"Validation":{"Settings":{"Type":"None"}},"GradingData":[],"Language":[],"NextChoiceId":4,"NextAnswerId":1,"QuestionID":"QID22","DisplayLogic":{"0":{"0":{"LogicType":"EmbeddedField","LeftOperand":"Cond","Operator":"MatchesRegex","RightOperand":"..BC","Type":"Expression","Description":"<span class=\"ConjDesc\">If<\/span>  <span class=\"LeftOpDesc\">Cond<\/span> <span class=\"OpDesc\">Matches Regex<\/span> <span class=\"RightOpDesc\"> ..BC <\/span>"},"Type":"If"},"Type":"BooleanExpression","inPage":false}}},{"SurveyID":"SV_eyqhIOuSyG5tzQW","Element":"SQ","PrimaryAttribute":"QID23","SecondaryAttribute":"That summer, during a storm, a random lightning strike hit a particularly dry area far away from...","TertiaryAttribute":null,"Payload":{"QuestionText":"That summer, during a storm, a random lightning strike hit a particularly dry area far away from any Acme power lines and started a huge wildfire that damaged many towns.","DefaultChoices":false,"DataExportTag":"FBNC","QuestionType":"DB","Selector":"TB","DataVisibility":{"Private":false,"Hidden":false},"Configuration":{"QuestionDescriptionOption":"UseText"},"QuestionDescription":"That summer, during a storm, a random lightning strike hit a particularly dry area far away from...","ChoiceOrder":[],"Validation":{"Settings":{"Type":"None"}},"GradingData":[],"Language":[],"NextChoiceId":4,"NextAnswerId":1,"QuestionID":"QID23","DisplayLogic":{"0":{"0":{"LogicType":"EmbeddedField","LeftOperand":"Cond","Operator":"MatchesRegex","RightOperand":"..BNC","Type":"Expression","Description":"<span class=\"ConjDesc\">If<\/span>  <span class=\"LeftOpDesc\">Cond<\/span> <span class=\"OpDesc\">Matches Regex<\/span> <span class=\"RightOpDesc\"> ..BNC <\/span>"},"Type":"If"},"Type":"BooleanExpression","inPage":false}}},{"SurveyID":"SV_eyqhIOuSyG5tzQW","Element":"SQ","PrimaryAttribute":"QID21","SecondaryAttribute":"That summer, it was exceptionally rainy, and so the ground and vegetation were very damp. An Acme...","TertiaryAttribute":null,"Payload":{"QuestionText":"That summer, it was exceptionally rainy, and so the ground and vegetation were very damp. An Acme company wire fell down while it was live, but because the moisture it didn&rsquo;t start a fire.","DefaultChoices":false,"DataExportTag":"FGNC","QuestionType":"DB","Selector":"TB","Configuration":{"QuestionDescriptionOption":"UseText"},"QuestionDescription":"That summer, it was exceptionally rainy, and so the ground and vegetation were very damp. An Acme...","ChoiceOrder":[],"Validation":{"Settings":{"Type":"None"}},"GradingData":[],"Language":[],"NextChoiceId":4,"NextAnswerId":1,"QuestionID":"QID21","DisplayLogic":{"0":{"0":{"LogicType":"EmbeddedField","LeftOperand":"Cond","Operator":"MatchesRegex","RightOperand":"..GNC","Type":"Expression","Description":"<span class=\"ConjDesc\">If<\/span>  <span class=\"LeftOpDesc\">Cond<\/span> <span class=\"OpDesc\">Matches Regex<\/span> <span class=\"RightOpDesc\"> ..GNC <\/span>"},"Type":"If"},"Type":"BooleanExpression","inPage":false}}},{"SurveyID":"SV_eyqhIOuSyG5tzQW","Element":"SQ","PrimaryAttribute":"QID17","SecondaryAttribute":"The Acme power company serves an area that has many huge, destructive wildfires almost every summ...","TertiaryAttribute":null,"Payload":{"QuestionText":"The Acme power company serves an area that has many huge, destructive wildfires almost every summer for the past three decades.","DefaultChoices":false,"DataExportTag":"FHR","QuestionType":"DB","Selector":"TB","DataVisibility":{"Private":false,"Hidden":false},"Configuration":{"QuestionDescriptionOption":"UseText"},"QuestionDescription":"The Acme power company serves an area that has many huge, destructive wildfires almost every summ...","ChoiceOrder":[],"Validation":{"Settings":{"Type":"None"}},"GradingData":[],"Language":[],"NextChoiceId":4,"NextAnswerId":1,"QuestionID":"QID17","DisplayLogic":{"0":{"0":{"Description":"<span class=\"ConjDesc\">If<\/span>  <span class=\"LeftOpDesc\">Cond<\/span> <span class=\"OpDesc\">Matches Regex<\/span> <span class=\"RightOpDesc\"> HR* <\/span>","LeftOperand":"Cond","LogicType":"EmbeddedField","Operator":"MatchesRegex","RightOperand":"HR*","Type":"Expression"},"Type":"If"},"Type":"BooleanExpression","inPage":false}}},{"SurveyID":"SV_eyqhIOuSyG5tzQW","Element":"SQ","PrimaryAttribute":"QID16","SecondaryAttribute":"The Acme power company serves an area that very rarely has major wildfires because of the local c...","TertiaryAttribute":null,"Payload":{"QuestionText":"The Acme power company serves an area that very rarely has major wildfires because of the local climate and terrain. There hasn't been a major destructive wildfire in the area in three decades.","DefaultChoices":false,"DataExportTag":"FLR","QuestionID":"QID16","QuestionType":"DB","Selector":"TB","Configuration":{"QuestionDescriptionOption":"UseText"},"QuestionDescription":"The Acme power company serves an area that very rarely has major wildfires because of the local c...","ChoiceOrder":[],"Validation":{"Settings":{"Type":"None"}},"GradingData":[],"Language":[],"NextChoiceId":4,"NextAnswerId":1,"DisplayLogic":{"0":{"0":{"Description":"<span class=\"ConjDesc\">If<\/span>  <span class=\"LeftOpDesc\">Cond<\/span> <span class=\"OpDesc\">Matches Regex<\/span> <span class=\"RightOpDesc\"> LR* <\/span>","LeftOperand":"Cond","LogicType":"EmbeddedField","Operator":"MatchesRegex","RightOperand":"LR*","Type":"Expression"},"Type":"If"},"Type":"BooleanExpression","inPage":false},"DataVisibility":{"Private":false,"Hidden":false}}},{"SurveyID":"SV_eyqhIOuSyG5tzQW","Element":"SQ","PrimaryAttribute":"QID29","SecondaryAttribute":"The following questions are optional, but we appreciate it if you're willing to fill them out.","TertiaryAttribute":null,"Payload":{"QuestionText":"The following questions are optional, but we appreciate it if you're willing to fill them out.","DefaultChoices":false,"DataExportTag":"Q30","QuestionType":"DB","Selector":"TB","Configuration":{"QuestionDescriptionOption":"UseText"},"QuestionDescription":"The following questions are optional, but we appreciate it if you're willing to fill them out.","ChoiceOrder":[],"Validation":{"Settings":{"Type":"None"}},"GradingData":[],"Language":[],"NextChoiceId":4,"NextAnswerId":1,"QuestionID":"QID29"}},{"SurveyID":"SV_eyqhIOuSyG5tzQW","Element":"SQ","PrimaryAttribute":"QID31","SecondaryAttribute":"The state decided to do a major renovation to reinforce the dam. The renovation would be so large...","TertiaryAttribute":null,"Payload":{"QuestionText":"The state decided to do a major renovation to reinforce the dam. The renovation would be so large that they would have to displace half of the town for a year to make room for all of the equipment and workers it would take, and eat a lot of the state budget . The townspeople were very unhappy about this, but ultimately were forced to move away for two years so they could renovate the dam.<div><br><\/div><div>Can you think of less costly solution(s) to the problem? If so, please list them.<\/div>","DefaultChoices":false,"DataExportTag":"DamIntervention","QuestionType":"MC","Selector":"SAVR","SubSelector":"TX","Configuration":{"QuestionDescriptionOption":"UseText"},"QuestionDescription":"The state decided to do a major renovation to reinforce the dam. The renovation would be so large...","Choices":{"1":{"Display":"Yes","TextEntry":"true"},"2":{"Display":"No"}},"ChoiceOrder":["1","2"],"Validation":{"Settings":{"ForceResponse":"OFF","Type":"None"}},"GradingData":[],"Language":[],"NextChoiceId":4,"NextAnswerId":1,"QuestionID":"QID31","DataVisibility":{"Private":false,"Hidden":false}}},{"SurveyID":"SV_eyqhIOuSyG5tzQW","Element":"SQ","PrimaryAttribute":"QID3","SecondaryAttribute":"There was a town below a large dam. The dam held back a big reservoir, and if it ever failed, it...","TertiaryAttribute":null,"Payload":{"QuestionText":"There was a town below a large dam. The dam held back a big reservoir, and if it ever failed, it would flood the whole town. Engineers inspected the dam regularly.<br>\n<br>\nLast year, the engineers found that the dam was in good shape, and unlikely to fail anytime soon.&nbsp;","DefaultChoices":false,"DataExportTag":"DLR","QuestionType":"DB","Selector":"TB","Configuration":{"QuestionDescriptionOption":"UseText"},"QuestionDescription":"There was a town below a large dam. The dam held back a big reservoir, and if it ever failed, it...","ChoiceOrder":[],"Validation":{"Settings":{"Type":"None"}},"GradingData":[],"Language":[],"NextChoiceId":11,"NextAnswerId":1,"QuestionID":"QID3","DataVisibility":{"Private":false,"Hidden":false},"DisplayLogic":{"0":{"0":{"Description":"<span class=\"ConjDesc\">If<\/span>  <span class=\"LeftOpDesc\">Cond<\/span> <span class=\"OpDesc\">Matches Regex<\/span> <span class=\"RightOpDesc\"> LR* <\/span>","LeftOperand":"Cond","LogicType":"EmbeddedField","Operator":"MatchesRegex","RightOperand":"LR*","Type":"Expression"},"Type":"If"},"Type":"BooleanExpression","inPage":false}}},{"SurveyID":"SV_eyqhIOuSyG5tzQW","Element":"SQ","PrimaryAttribute":"QID4","SecondaryAttribute":"There was a town below a large dam. The dam held back a big reservoir, and if it ever failed, it...","TertiaryAttribute":null,"Payload":{"QuestionText":"There was a town below a large dam. The dam held back a big reservoir, and if it ever failed, it would flood the whole town. Engineers inspected the dam regularly.<br>\n<br>\nLast year, the engineers found that the dam had developed tiny cracks, and was at high risk of catastrophic failure in the near future.","DefaultChoices":false,"DataExportTag":"DHR","QuestionType":"DB","Selector":"TB","Configuration":{"QuestionDescriptionOption":"UseText"},"QuestionDescription":"There was a town below a large dam. The dam held back a big reservoir, and if it ever failed, it...","ChoiceOrder":[],"Validation":{"Settings":{"Type":"None"}},"GradingData":[],"Language":[],"NextChoiceId":4,"NextAnswerId":1,"QuestionID":"QID4","DataVisibility":{"Private":false,"Hidden":false},"DisplayLogic":{"0":{"0":{"Description":"<span class=\"ConjDesc\">If<\/span>  <span class=\"LeftOpDesc\">Cond<\/span> <span class=\"OpDesc\">Matches Regex<\/span> <span class=\"RightOpDesc\"> HR* <\/span>","LeftOperand":"Cond","LogicType":"EmbeddedField","Operator":"MatchesRegex","RightOperand":"HR*","Type":"Expression"},"Type":"If"},"Type":"BooleanExpression","inPage":false}}},{"SurveyID":"SV_eyqhIOuSyG5tzQW","Element":"SQ","PrimaryAttribute":"QID1","SecondaryAttribute":"TITLE OF STUDY: Learning, Perception, and Belief Revision in Infants, Children, and AdultsPrincip...","TertiaryAttribute":null,"Payload":{"QuestionText":"<span style=\"font-size:12pt\"><span style=\"tab-stops:147.0pt\"><span style=\"font-family:&quot;Times New Roman&quot;,serif\"><b><span style=\"font-size:10.0pt\"><span style=\"font-family:&quot;Arial&quot;,sans-serif\">TITLE OF STUDY:<\/span><\/span><\/b><span style=\"font-size:10.0pt\"><span style=\"font-family:&quot;Arial&quot;,sans-serif\"> Learning, Perception, and Belief Revision in Infants, Children, and Adults<\/span><\/span><\/span><\/span><\/span><br>\n<span style=\"font-size:12pt\"><span style=\"tab-stops:147.0pt\"><span style=\"font-family:&quot;Times New Roman&quot;,serif\"><b><span style=\"font-size:10.0pt\"><span style=\"font-family:&quot;Arial&quot;,sans-serif\">Principal Investigators: <\/span><\/span><\/b><span style=\"font-size:10.0pt\"><span style=\"font-family:&quot;Arial&quot;,sans-serif\">Elizabeth Bonawitz, Ph.D, and Vanessa LoBue, Ph.D<\/span><\/span><\/span><\/span><\/span><br>\n<br>\n<span style=\"font-size:12pt\"><span style=\"tab-stops:147.0pt\"><span style=\"font-family:&quot;Times New Roman&quot;,serif\"><span style=\"font-size:10.0pt\"><span style=\"font-family:&quot;Arial&quot;,sans-serif\">This online consent form is part of an informed consent process for a research study and it will provide information that will help you decide whether you want to take part in the study.&nbsp; It is your choice to take part or not. Ask questions if there is anything in the form that is not clear to you. If you decide to take part, instructions at the end of document will tell you what to do next. Your alternative to taking part in the research is not to take part in it.<\/span><\/span><\/span><\/span><\/span><br>\n<br>\n<span style=\"font-size:12pt\"><span style=\"tab-stops:147.0pt\"><span style=\"font-family:&quot;Times New Roman&quot;,serif\"><b><span style=\"font-size:10.0pt\"><span style=\"font-family:&quot;Arial&quot;,sans-serif\">Who is conducting this research study and what is it about?<\/span><\/span><\/b><\/span><\/span><\/span><br>\n<span style=\"font-size:12pt\"><span style=\"font-family:&quot;Times New Roman&quot;,serif\"><span style=\"font-size:10.0pt\"><span style=\"font-family:&quot;Arial&quot;,sans-serif\">You are being asked to take part in research conducted by<span style=\"color:black\"> the research laboratories of Dr. Elizabeth Bonawitz and Dr. Vanessa LoBue, who are faculty members in the department of Psychology<\/span>. The Principal Investigators have the overall responsibility for the conduct of the research. However, there are often other individuals who are part of the research team. The purpose of this research <span style=\"color:black\">is to understand how people are able to learn so much about the different objects they encounter in the world around them. We are currently studying individuals\u2019 learning and development in multiple domains, including emotional, cognitive, and conceptual.<\/span><\/span><\/span><\/span><\/span><br>\n<br>\n<span style=\"font-size:12pt\"><span style=\"tab-stops:147.0pt\"><span style=\"font-family:&quot;Times New Roman&quot;,serif\"><b><span style=\"font-size:10.0pt\"><span style=\"font-family:&quot;Arial&quot;,sans-serif\">What will I be asked to do if I take part?<\/span><\/span><\/b><\/span><\/span><\/span><br>\n<span style=\"font-size:12pt\"><span style=\"tab-stops:147.0pt\"><span style=\"font-family:&quot;Times New Roman&quot;,serif\"><span style=\"font-size:10.0pt\"><span style=\"font-family:&quot;Arial&quot;,sans-serif\"><span style=\"color:black\">This session will last approximately 10 to 60 minutes. In most cases, we will only ask to see you for one, but possibly several brief sessions. During the session, you will be presented with objects or images, you may watch a video clip, perform a computer task, read brief paragraphs, look at pictures, and\/or answer a series of questionnaires. You may be asked to make judgements, answer questions (such as making predictions and providing explanations), learn from and teach others, observe events as well as perform actions such as moving or reaching toward certain objects, grouping objects, or activating toys. There are no \u201cright or wrong\u201d responses to any of these questions or tasks\u2014we simply want to find out how people approach objects and situations. Please note that you are NOT being evaluated academically or psychologically, we are simply conducting basic research.<\/span><\/span><\/span><\/span><\/span><\/span><br>\n<br>\n<span style=\"font-size:12pt\"><span style=\"tab-stops:147.0pt\"><span style=\"font-family:&quot;Times New Roman&quot;,serif\"><b><span style=\"font-size:10.0pt\"><span style=\"font-family:&quot;Arial&quot;,sans-serif\">What are the risks of harm or discomforts I might experience if I take part in this study?<\/span><\/span><\/b><\/span><\/span><\/span><br>\n<span style=\"font-size:12pt\"><span style=\"tab-stops:147.0pt\"><span style=\"font-family:&quot;Times New Roman&quot;,serif\"><span style=\"font-size:10.0pt\"><span style=\"font-family:&quot;Arial&quot;,sans-serif\"><span style=\"color:black\">There are no foreseeable risks to participate in this study. <\/span><\/span><\/span><span style=\"font-size:10.0pt\"><span style=\"font-family:&quot;Arial&quot;,sans-serif\">Breach of confidentiality is a risk of harm but a data security plan is in place to minimize such a risk. Also, some questions may make you feel uncomfortable. If that happens, you can skip those questions or withdraw from the study altogether.<\/span><\/span><\/span><\/span><\/span><br>\n<br>\n<span style=\"font-size:12pt\"><span style=\"tab-stops:147.0pt\"><span style=\"font-family:&quot;Times New Roman&quot;,serif\"><b><span style=\"font-size:10.0pt\"><span style=\"font-family:&quot;Arial&quot;,sans-serif\"><span style=\"color:black\">Are there any benefits to me if I choose to take part in this study?<\/span><\/span><\/span><\/b><\/span><\/span><\/span><br>\n<span style=\"font-size:12pt\"><span style=\"tab-stops:147.0pt\"><span style=\"font-family:&quot;Times New Roman&quot;,serif\"><span style=\"font-size:10.0pt\"><span style=\"font-family:&quot;Arial&quot;,sans-serif\"><span style=\"color:black\">While participation in this research provides no direct benefit to you, the results will help us learn about cognitive, emotional, and conceptual development.<\/span><\/span><\/span><\/span><\/span><\/span><br>\n<br>\n<span style=\"font-size:12pt\"><span style=\"tab-stops:147.0pt\"><span style=\"font-family:&quot;Times New Roman&quot;,serif\"><b><span style=\"font-size:10.0pt\"><span style=\"font-family:&quot;Arial&quot;,sans-serif\">Will I be paid to take part in this study?<\/span><\/span><\/b><\/span><\/span><\/span><br>\n<span style=\"font-size:12pt\"><span style=\"tab-stops:147.0pt\"><span style=\"font-family:&quot;Times New Roman&quot;,serif\"><span style=\"font-size:10.0pt\"><span style=\"font-family:&quot;Arial&quot;,sans-serif\">Some participants may be paid for taking part in the research, depending on the study and the platform on which the study is hosted. Student participants receive RU points as compensation, while participants through Amazon Mechanical Turk are compensated via the MTurk platform. Other participants, such as adult online participants and non-student participants in the lab, may be compensated in the form of a small gift card or cash. <\/span><\/span><\/span><\/span><\/span><br>\n<br>\n<span style=\"font-size:12pt\"><span style=\"font-family:&quot;Times New Roman&quot;,serif\"><b><span style=\"font-size:10.0pt\"><span style=\"font-family:&quot;Arial&quot;,sans-serif\"><span style=\"color:black\">Audio\/ video recording:<\/span><\/span><\/span><\/b><\/span><\/span><br>\n<span style=\"font-size:12pt\"><span style=\"font-family:&quot;Times New Roman&quot;,serif\"><span style=\"font-size:10.0pt\"><span style=\"font-family:&quot;Arial&quot;,sans-serif\"><span style=\"color:black\">We will video and\/or audio record the session, except in cases where recording would be impossible, such as for studies conducted on Amazon Mechanical Turk. Recordings are used for research purposes. Digital copies are kept in the lab. Name anonymized videos are viewed for purposes of data analysis and training. Only authorized research personnel may view these recordings. Recordings will not be shown, either publicly or as part of the presentation of data, unless you give your permission on the form below. The results of our studies are reported as group response patterns. The responses of your child do not make them identifiable. The data we collect are confidential, and we do not disclose results from any individual participant to parents, subjects, or the university.<\/span><\/span><\/span><\/span><\/span><br>\n<br>\n<span style=\"font-size:12pt\"><span style=\"tab-stops:1.5in 147.0pt\"><span style=\"font-family:&quot;Times New Roman&quot;,serif\"><b><span style=\"font-size:10.0pt\"><span style=\"font-family:&quot;Arial&quot;,sans-serif\">How will information about me be kept private or confidential?<\/span><\/span><\/b><\/span><\/span><\/span><br>\n<span style=\"font-size:12pt\"><span style=\"font-family:&quot;Times New Roman&quot;,serif\"><span style=\"font-size:10.0pt\"><span style=\"font-family:&quot;Arial&quot;,sans-serif\">All efforts will be made to keep your responses confidential, but total confidentiality cannot be guaranteed. The results of our studies are always reported in the form of group averages and individuals are not identifiable. The data we collect are confidential, and we do not disclose results from any individual participant to parents, subjects, or the university. We will know your IP address when you respond to the research through services such as Qualtrics or MTurk. We may ask you to include your age, gender, phone number, and\/or address when you complete the study, and this information will be stored in such a manner that some linkage between your identity and your responses in the research exists. Please note that we will keep this information confidential by limiting individuals\u2019 access to the research data and keeping it in a secure location. The research team and the Institutional Review Board at Rutgers University are the only parties that will be allowed to see the data, except as may be required by law. If a report of this study is published, or the results are presented at a professional conference, only group results will be reported. All study data will be kept for at least three years.<\/span><\/span><\/span><\/span><br>\n<br>\n<span style=\"font-size:12pt\"><span style=\"font-family:&quot;Times New Roman&quot;,serif\"><b><span style=\"font-size:10.0pt\"><span style=\"font-family:&quot;Arial&quot;,sans-serif\"><span style=\"color:black\">What will happen to the information I provide in the research after the study is over?<\/span><\/span><\/span><\/b><\/span><\/span><br>\n<span style=\"font-size:12pt\"><span style=\"font-family:&quot;Times New Roman&quot;,serif\"><span style=\"font-size:10.0pt\"><span style=\"font-family:&quot;Arial&quot;,sans-serif\"><span style=\"color:black\">After information that could identify you has been removed, de-identified responses may be used or distributed to investigators for other research without obtaining additional informed consent from you.<\/span><\/span><\/span><\/span><\/span><br>\n<br>\n<span style=\"font-size:12pt\"><span style=\"tab-stops:1.5in 147.0pt\"><span style=\"font-family:&quot;Times New Roman&quot;,serif\"><b><span style=\"font-size:10.0pt\"><span style=\"font-family:&quot;Arial&quot;,sans-serif\">What will happen if I do not want to take part or decide later not to stay in the study?<\/span><\/span><\/b><\/span><\/span><\/span><br>\n<span style=\"font-size:12pt\"><span style=\"tab-stops:1.5in 147.0pt\"><span style=\"font-family:&quot;Times New Roman&quot;,serif\"><span style=\"font-size:10.0pt\"><span style=\"font-family:&quot;Arial&quot;,sans-serif\">Taking part is voluntary. It is your choice whether to take part in the research. You may choose to take part or not to take part, and you may change your mind and withdraw from the study at any time. If you wish to stop at any time, you can exit out of your browser and the experiment will be discontinued immediately. You may also refrain from answering any questions that make you uncomfortable. <\/span><\/span><span style=\"font-size:10.0pt\"><span style=\"font-family:&quot;Arial&quot;,sans-serif\">You may also be able to withdraw your consent for use of data you submit, but you must do this in writing to the PIs Vanessa LoBue or Elizabeth Bonawitz. If you do not want to enter the study or decide to stop taking part, your relationship with the study staff will not change, and if you are affiliated with Rutgers University, declining to participate will not affect your standing or enrollment.<\/span><\/span><\/span><\/span><\/span><br>\n<br>\n<span style=\"font-size:12pt\"><span style=\"tab-stops:1.5in 147.0pt\"><span style=\"font-family:&quot;Times New Roman&quot;,serif\"><b><span style=\"font-size:10.0pt\"><span style=\"font-family:&quot;Arial&quot;,sans-serif\">Who can I contact if I have questions?<\/span><\/span><\/b><\/span><\/span><\/span><br>\n<span style=\"font-size:12pt\"><span style=\"font-family:&quot;Times New Roman&quot;,serif\"><span style=\"font-size:10.0pt\"><span style=\"font-family:&quot;Arial&quot;,sans-serif\"><span style=\"color:black\">If you have any questions about taking part in this study, please ask them now. If you have questions later, you may contact either of the Principal Investigators: Dr. Elizabeth Bonawitz<\/span><\/span><\/span><span style=\"font-size:10.0pt\"><span style=\"font-family:&quot;Arial&quot;,sans-serif\"> [<\/span><\/span><a href=\"mailto:elizabeth.bonawitz@rutgers.edu\" style=\"color:blue; text-decoration:underline\"><span style=\"font-size:10.0pt\"><span style=\"font-family:&quot;Arial&quot;,sans-serif\">elizabeth.bonawitz@rutgers.edu<\/span><\/span><\/a><span style=\"font-size:10.0pt\"><span style=\"font-family:&quot;Arial&quot;,sans-serif\"><span style=\"color:black\">; (973) 353-3944] or Dr. Vanessa LoBue [<\/span><\/span><\/span><a href=\"mailto:vlobue@psychology.rutgers.edu\" style=\"color:blue; text-decoration:underline\"><span style=\"font-size:10.0pt\"><span style=\"font-family:&quot;Arial&quot;,sans-serif\">vlobue@psychology.rutgers.edu<\/span><\/span><\/a><span style=\"font-size:10.0pt\"><span style=\"font-family:&quot;Arial&quot;,sans-serif\">; (973) 353-3950]. You may also contact their Lab Manager, Elise Mahaffey, at <\/span><\/span><a href=\"mailto:elise.mahaffey@rutgers.edu\" style=\"color:blue; text-decoration:underline\"><span style=\"font-size:10.0pt\"><span style=\"font-family:&quot;Arial&quot;,sans-serif\">elise.mahaffey@rutgers.edu<\/span><\/span><\/a><span style=\"font-size:10.0pt\"><span style=\"font-family:&quot;Arial&quot;,sans-serif\"> or (973) 353-3938 with any questions.<\/span><\/span><\/span><\/span><br>\n<br>\n<span style=\"font-size:12pt\"><span style=\"font-family:&quot;Times New Roman&quot;,serif\"><span style=\"font-size:10.0pt\"><span style=\"font-family:&quot;Arial&quot;,sans-serif\">If you have questions about your rights as a research subject, you may contact the Rutgers IRB Director at<span style=\"color:black\">: Arts and Sciences IRB, 335 George St., Liberty Plaza Ste. 3200, New Brunswick, NJ 08901 (732) 235-2866 <\/span>or the Rutgers Human Subjects Protection Program at (973) 972-1149,<span style=\"color:black\"> email us at <\/span><\/span><\/span><a href=\"mailto:humansubjects@ored.rutgers.edu\" style=\"color:blue; text-decoration:underline\"><span style=\"font-size:10.0pt\"><span style=\"font-family:&quot;Arial&quot;,sans-serif\">humansubjects@ored.rutgers.edu<\/span><\/span><\/a><span style=\"font-size:10.0pt\"><span style=\"font-family:&quot;Arial&quot;,sans-serif\"> or write us at 65 Bergen St., Suite 507, Newark, NJ 07107.<\/span><\/span><\/span><\/span><br>\n<br>\n<span style=\"font-size:12pt\"><span style=\"tab-stops:147.0pt\"><span style=\"font-family:&quot;Times New Roman&quot;,serif\"><span style=\"font-size:10.0pt\"><span style=\"font-family:&quot;Arial&quot;,sans-serif\">Please print out this consent form, or request a copy from the researcher, if you would like a copy of it in your files.<\/span><\/span><\/span><\/span><\/span><br>\n<br>\n<span style=\"font-size:12pt\"><span style=\"tab-stops:147.0pt\"><span style=\"font-family:&quot;Times New Roman&quot;,serif\"><span style=\"font-size:10.0pt\"><span style=\"font-family:&quot;Arial&quot;,sans-serif\">If you do not wish to take part in the research, close this website address. If you wish to take part in the research, follow the directions below:<\/span><\/span><\/span><\/span><\/span><br>\n<br>\n<span style=\"font-size:12pt\"><span style=\"tab-stops:147.0pt\"><span style=\"font-family:&quot;Times New Roman&quot;,serif\"><span style=\"font-size:10.0pt\"><span style=\"font-family:&quot;Arial&quot;,sans-serif\">By selecting the \u201cconsent\u201d button below, I acknowledge that I am 18 or older, have read this consent form, and I agree to take part in the Learning, Perception, and Belief Revision in Infants, Children, and Adults project conducted by the research laboratories of Dr. Elizabeth Bonawitz and Dr. Vanessa LoBue.<\/span><\/span><span style=\"font-size:10.0pt\"><span style=\"font-family:&quot;Arial&quot;,sans-serif\"> I agree to take part in the research, with the knowledge that I am free to withdraw my participation in the research without penalty.<\/span><\/span><\/span><\/span><\/span>","DataExportTag":"Consent","QuestionType":"MC","Selector":"SAVR","SubSelector":"TX","Configuration":{"QuestionDescriptionOption":"UseText"},"QuestionDescription":"TITLE OF STUDY: Learning, Perception, and Belief Revision in Infants, Children, and AdultsPrincip...","Choices":{"1":{"Display":"<strong>I consent to participate in this study<\/strong>"},"2":{"Display":"I decline to participate in this study"}},"ChoiceOrder":[1,2],"Validation":{"Settings":{"ForceResponse":"ON","ForceResponseType":"ON","Type":"None"}},"Language":[],"NextChoiceId":3,"NextAnswerId":1,"QuestionID":"QID1","DefaultChoices":false,"GradingData":[],"DataVisibility":{"Private":false,"Hidden":false}}},{"SurveyID":"SV_eyqhIOuSyG5tzQW","Element":"SQ","PrimaryAttribute":"QID25","SecondaryAttribute":"Was there a major wildfire in the area served by Acme power company this summer?","TertiaryAttribute":null,"Payload":{"QuestionText":"Was there a major wildfire in the area served by Acme power company this summer?","DataExportTag":"FireOutcomeCheck","QuestionType":"MC","Selector":"SAVR","SubSelector":"TX","Configuration":{"QuestionDescriptionOption":"UseText","Autoscale":{"YScale":{"Name":"yesNo","Type":"likert","Reverse":false}}},"QuestionDescription":"Was there a major wildfire in the area served by Acme power company this summer?","Choices":{"1":{"Display":"Yes"},"2":{"Display":"No"}},"ChoiceOrder":[1,2],"Validation":{"Settings":{"ForceResponse":"OFF","ForceResponseType":"ON","Type":"None"}},"Language":[],"NextChoiceId":3,"NextAnswerId":1,"QuestionID":"QID25"}},{"SurveyID":"SV_eyqhIOuSyG5tzQW","Element":"SQ","PrimaryAttribute":"QID18","SecondaryAttribute":"What % chance do you think there is for a major wildfire in the area in the next year?","TertiaryAttribute":null,"Payload":{"QuestionText":"What % chance do you think there is for a major wildfire in the area in the next year?","DefaultChoices":false,"DataExportTag":"FirePre","QuestionType":"Slider","Selector":"HSLIDER","DataVisibility":{"Private":false,"Hidden":false},"Configuration":{"QuestionDescriptionOption":"UseText","CSSliderMin":0,"CSSliderMax":100,"GridLines":10,"SnapToGrid":false,"NumDecimals":"0","ShowValue":false,"CustomStart":false,"NotApplicable":false,"MobileFirst":true,"CenterLabels":true},"QuestionDescription":"What % chance do you think there is for a major wildfire in the area in the next year?","Choices":{"1":{"Display":"What % chance do you think there is for a major wildfire in the area in the next year?"}},"ChoiceOrder":[1],"Validation":{"Settings":{"ForceResponse":"RequestResponse","ForceResponseType":"RequestResponse","Type":"None"}},"GradingData":[],"Language":[],"NextChoiceId":2,"NextAnswerId":4,"Labels":{"1":{"Display":"% chance of wildfire"}},"QuestionID":"QID18"}},{"SurveyID":"SV_eyqhIOuSyG5tzQW","Element":"SQ","PrimaryAttribute":"QID5","SecondaryAttribute":"What % chance do you think there is for the dam to fail in the next year?","TertiaryAttribute":null,"Payload":{"QuestionText":"What % chance do you think there is for the dam to fail in the next year?","DefaultChoices":false,"DataExportTag":"DamPre","QuestionType":"Slider","Selector":"HSLIDER","Configuration":{"QuestionDescriptionOption":"UseText","CSSliderMin":0,"CSSliderMax":100,"GridLines":10,"SnapToGrid":false,"NumDecimals":"0","ShowValue":false,"CustomStart":false,"NotApplicable":false,"MobileFirst":true},"QuestionDescription":"What % chance do you think there is for the dam to fail in the next year?","Choices":{"2":{"Display":"What % chance do you think there is for the dam to fail in the next year?"}},"ChoiceOrder":["2"],"Validation":{"Settings":{"ForceResponse":"RequestResponse","ForceResponseType":"RequestResponse","Type":"None"}},"GradingData":[],"Language":[],"NextChoiceId":3,"NextAnswerId":4,"Labels":{"1":{"Display":"% chance of dam failing"}},"QuestionID":"QID5","DataVisibility":{"Private":false,"Hidden":false}}},{"SurveyID":"SV_eyqhIOuSyG5tzQW","Element":"SQ","PrimaryAttribute":"QID13","SecondaryAttribute":"What did the engineers find when they evaluated the dam?","TertiaryAttribute":null,"Payload":{"QuestionText":"What did the engineers find when they evaluated the dam?","DataExportTag":"DRiskCheck","QuestionType":"MC","Selector":"SAVR","SubSelector":"TX","Configuration":{"QuestionDescriptionOption":"UseText"},"QuestionDescription":"What did the engineers find when they evaluated the dam?","Choices":{"1":{"Display":"It was at high risk of failure in the near future."},"2":{"Display":"It was at low risk of failure."}},"ChoiceOrder":[1,2],"Validation":{"Settings":{"ForceResponse":"OFF","ForceResponseType":"ON","Type":"None"}},"Language":[],"NextChoiceId":3,"NextAnswerId":1,"QuestionID":"QID13"}},{"SurveyID":"SV_eyqhIOuSyG5tzQW","Element":"SQ","PrimaryAttribute":"QID11","SecondaryAttribute":"What do you think about the following action in this story?","TertiaryAttribute":null,"Payload":{"QuestionText":"What do you think about the following action in this story?","DefaultChoices":false,"DataExportTag":"DamPost","QuestionType":"Slider","Selector":"HSLIDER","DataVisibility":{"Private":false,"Hidden":false},"Configuration":{"QuestionDescriptionOption":"UseText","CSSliderMin":0,"CSSliderMax":100,"GridLines":10,"SnapToGrid":false,"NumDecimals":"0","ShowValue":false,"CustomStart":false,"NotApplicable":false,"MobileFirst":true,"CenterLabels":true},"QuestionDescription":"What do you think about the following action in this story?","Choices":{"1":{"Display":"The state's decision to displace half the town and renovate the dam"}},"ChoiceOrder":[1],"Validation":{"Settings":{"ForceResponse":"RequestResponse","ForceResponseType":"RequestResponse","Type":"None"}},"GradingData":[],"Language":[],"NextChoiceId":2,"NextAnswerId":4,"Labels":{"1":{"Display":"Did not do enough"},"2":{"Display":"Appropriate response"},"3":{"Display":"Overreaction"}},"QuestionID":"QID11"}},{"SurveyID":"SV_eyqhIOuSyG5tzQW","Element":"SQ","PrimaryAttribute":"QID19","SecondaryAttribute":"What do you think about the following action in this story?","TertiaryAttribute":null,"Payload":{"QuestionText":"What do you think about the following action in this story?","DefaultChoices":false,"DataExportTag":"FirePost","QuestionType":"Slider","Selector":"HSLIDER","DataVisibility":{"Private":false,"Hidden":false},"Configuration":{"QuestionDescriptionOption":"UseText","CSSliderMin":0,"CSSliderMax":100,"GridLines":10,"SnapToGrid":false,"NumDecimals":"0","ShowValue":false,"CustomStart":false,"NotApplicable":false,"MobileFirst":true},"QuestionDescription":"What do you think about the following action in this story?","Choices":{"1":{"Display":"Acme power company's decision to cut power during the hottest weeks of the summer"}},"ChoiceOrder":[1],"Validation":{"Settings":{"ForceResponse":"OFF","ForceResponseType":"ON","Type":"None"}},"GradingData":[],"Language":[],"NextChoiceId":2,"NextAnswerId":4,"Labels":{"1":{"Display":"Did not do enough"},"2":{"Display":"Appropriate response"},"3":{"Display":"Overreaction"}},"QuestionID":"QID19"}},{"SurveyID":"SV_eyqhIOuSyG5tzQW","Element":"SQ","PrimaryAttribute":"QID24","SecondaryAttribute":"What is true of the area served by Acme power company?","TertiaryAttribute":null,"Payload":{"QuestionText":"What is true of the area served by Acme power company?","DataExportTag":"FireRiskCheck","QuestionType":"MC","Selector":"SAVR","SubSelector":"TX","Configuration":{"QuestionDescriptionOption":"UseText"},"QuestionDescription":"What is true of the area served by Acme power company?","Choices":{"1":{"Display":"It is at high risk for major wildfires and has them frequently"},"2":{"Display":"It is at low risk for major wildfires and rarely has them"}},"ChoiceOrder":[1,2],"Validation":{"Settings":{"ForceResponse":"OFF","ForceResponseType":"ON","Type":"None"}},"Language":[],"NextChoiceId":3,"NextAnswerId":1,"QuestionID":"QID24"}},{"SurveyID":"SV_eyqhIOuSyG5tzQW","Element":"SQ","PrimaryAttribute":"QID8","SecondaryAttribute":"While the dam was being renovated, the foundation rapidly eroded past the point of no return, and...","TertiaryAttribute":null,"Payload":{"QuestionText":"While the dam was being renovated, the foundation rapidly eroded past the point of no return, and the dam failed despite the engineers&rsquo; best efforts. The flood killed dozens and wiped out most of the town.","DefaultChoices":false,"DataExportTag":"DBC","QuestionType":"DB","Selector":"TB","Configuration":{"QuestionDescriptionOption":"UseText"},"QuestionDescription":"While the dam was being renovated, the foundation rapidly eroded past the point of no return, and...","ChoiceOrder":[],"Validation":{"Settings":{"Type":"None"}},"GradingData":[],"Language":[],"NextChoiceId":4,"NextAnswerId":1,"QuestionID":"QID8","DataVisibility":{"Private":false,"Hidden":false},"DisplayLogic":{"0":{"0":{"LogicType":"EmbeddedField","LeftOperand":"Cond","Operator":"MatchesRegex","RightOperand":"..BC","Type":"Expression","Description":"<span class=\"ConjDesc\">If<\/span>  <span class=\"LeftOpDesc\">Cond<\/span> <span class=\"OpDesc\">Matches Regex<\/span> <span class=\"RightOpDesc\"> ..BC <\/span>"},"Type":"If"},"Type":"BooleanExpression","inPage":false}}},{"SurveyID":"SV_eyqhIOuSyG5tzQW","Element":"SQ","PrimaryAttribute":"QID12","SecondaryAttribute":"While the dam was being renovated, the foundation rapidly eroded past the point of no return, and...","TertiaryAttribute":null,"Payload":{"QuestionText":"While the dam was being renovated, the foundation rapidly eroded past the point of no return, and the dam failed despite the engineers&rsquo; best efforts. The flood killed dozens and wiped out most of the town.","DefaultChoices":false,"DataExportTag":"Q12","QuestionType":"DB","Selector":"TB","DataVisibility":{"Private":false,"Hidden":false},"Configuration":{"QuestionDescriptionOption":"UseText"},"QuestionDescription":"While the dam was being renovated, the foundation rapidly eroded past the point of no return, and...","ChoiceOrder":[],"Validation":{"Settings":{"Type":"None"}},"GradingData":[],"Language":[],"NextChoiceId":4,"NextAnswerId":1,"QuestionID":"QID12"}},{"SurveyID":"SV_eyqhIOuSyG5tzQW","Element":"SQ","PrimaryAttribute":"QID9","SecondaryAttribute":"While the dam was being renovated, there was a sudden earthquake that cracked the dam and caused...","TertiaryAttribute":null,"Payload":{"QuestionText":"While the dam was being renovated, there was a sudden earthquake that cracked the dam and caused it to fail. The flood killed dozens and wiped out most of the town.","DefaultChoices":false,"DataExportTag":"DBNC","QuestionType":"DB","Selector":"TB","Configuration":{"QuestionDescriptionOption":"UseText"},"QuestionDescription":"While the dam was being renovated, there was a sudden earthquake that cracked the dam and caused...","ChoiceOrder":[],"Validation":{"Settings":{"Type":"None"}},"GradingData":[],"Language":[],"NextChoiceId":4,"NextAnswerId":1,"QuestionID":"QID9","DataVisibility":{"Private":false,"Hidden":false},"DisplayLogic":{"0":{"0":{"LogicType":"EmbeddedField","LeftOperand":"Cond","Operator":"MatchesRegex","RightOperand":"..BNC","Type":"Expression","Description":"<span class=\"ConjDesc\">If<\/span>  <span class=\"LeftOpDesc\">Cond<\/span> <span class=\"OpDesc\">Matches Regex<\/span> <span class=\"RightOpDesc\"> ..BNC <\/span>"},"Type":"If"},"Type":"BooleanExpression","inPage":false}}},{"SurveyID":"SV_eyqhIOuSyG5tzQW","Element":"SQ","PrimaryAttribute":"QID2","SecondaryAttribute":"You are going to read two very short stories. In each story you will be asked how likely you thin...","TertiaryAttribute":null,"Payload":{"QuestionText":"You are going to read two very short stories. In each story you will be asked how likely you think something is to happen, and whether you can come up with a better solution than the one in the story. After that there will also be a couple of simple reading comprehension questions. After you finish the second story, there is a brief (optional) demographics questionnaire.","DefaultChoices":false,"DataExportTag":"Instr","QuestionType":"DB","Selector":"TB","Configuration":{"QuestionDescriptionOption":"UseText"},"QuestionDescription":"You are going to read two very short stories. In each story you will be asked how likely you thin...","ChoiceOrder":[],"Validation":{"Settings":{"Type":"None"}},"GradingData":[],"Language":[],"NextChoiceId":7,"NextAnswerId":1,"QuestionID":"QID2","DataVisibility":{"Private":false,"Hidden":false}}}]}